// !$*UTF8*$!
{
	archiveVersion = 1;
	classes = {
	};
	objectVersion = 55;
	objects = {

/* Begin PBXBuildFile section */
		12309CA5281A022500423625 /* Hitbox.cpp in Sources */ = {isa = PBXBuildFile; fileRef = 12309C9C281A022500423625 /* Hitbox.cpp */; };
		12309CA6281A022500423625 /* HitController.cpp in Sources */ = {isa = PBXBuildFile; fileRef = 12309C9D281A022500423625 /* HitController.cpp */; };
		12EA9AF1280FE68900541504 /* CharNode.cpp in Sources */ = {isa = PBXBuildFile; fileRef = 12EA9AEF280FE68900541504 /* CharNode.cpp */; };
		3D2D26272831AA1300159082 /* offline-main.cpp in Sources */ = {isa = PBXBuildFile; fileRef = 3D2D26262831AA1300159082 /* offline-main.cpp */; };
		3D2D26CA2831D53E00159082 /* ImportMapHelper.cpp in Sources */ = {isa = PBXBuildFile; fileRef = 3D2D26C82831D53E00159082 /* ImportMapHelper.cpp */; };
		3D2D2702283231CD00159082 /* SpriteShader.cpp in Sources */ = {isa = PBXBuildFile; fileRef = 3D2D26CE283231CD00159082 /* SpriteShader.cpp */; };
		3D2D2703283231CD00159082 /* Image.cpp in Sources */ = {isa = PBXBuildFile; fileRef = 3D2D26CF283231CD00159082 /* Image.cpp */; };
		3D2D2704283231CD00159082 /* Texture.cpp in Sources */ = {isa = PBXBuildFile; fileRef = 3D2D26D0283231CD00159082 /* Texture.cpp */; };
		3D2D2705283231CD00159082 /* Shader.cpp in Sources */ = {isa = PBXBuildFile; fileRef = 3D2D26D1283231CD00159082 /* Shader.cpp */; };
		3D2D2706283231CD00159082 /* PBRShader.cpp in Sources */ = {isa = PBXBuildFile; fileRef = 3D2D26D2283231CD00159082 /* PBRShader.cpp */; };
		3D2D2707283231CD00159082 /* Particle3DShader.cpp in Sources */ = {isa = PBXBuildFile; fileRef = 3D2D26D3283231CD00159082 /* Particle3DShader.cpp */; };
		3D2D2708283231CD00159082 /* ParticleShader.cpp in Sources */ = {isa = PBXBuildFile; fileRef = 3D2D26D4283231CD00159082 /* ParticleShader.cpp */; };
		3D2D2709283231CD00159082 /* Input.cpp in Sources */ = {isa = PBXBuildFile; fileRef = 3D2D26D9283231CD00159082 /* Input.cpp */; };
		3D2D270A283231CD00159082 /* FontLibrary.cpp in Sources */ = {isa = PBXBuildFile; fileRef = 3D2D26DA283231CD00159082 /* FontLibrary.cpp */; };
		3D2D270B283231CD00159082 /* Font.cpp in Sources */ = {isa = PBXBuildFile; fileRef = 3D2D26DC283231CD00159082 /* Font.cpp */; };
		3D2D270C283231CD00159082 /* Animation.cpp in Sources */ = {isa = PBXBuildFile; fileRef = 3D2D26DE283231CD00159082 /* Animation.cpp */; };
		3D2D270D283231CD00159082 /* AudioBuffer.cpp in Sources */ = {isa = PBXBuildFile; fileRef = 3D2D26E0283231CD00159082 /* AudioBuffer.cpp */; };
		3D2D270E283231CD00159082 /* Bone.cpp in Sources */ = {isa = PBXBuildFile; fileRef = 3D2D26E4283231CD00159082 /* Bone.cpp */; };
		3D2D270F283231CD00159082 /* Animator.cpp in Sources */ = {isa = PBXBuildFile; fileRef = 3D2D26E6283231CD00159082 /* Animator.cpp */; };
		3D2D2710283231CD00159082 /* Engine.cpp in Sources */ = {isa = PBXBuildFile; fileRef = 3D2D26E8283231CD00159082 /* Engine.cpp */; };
		3D2D2711283231CD00159082 /* Geometry.cpp in Sources */ = {isa = PBXBuildFile; fileRef = 3D2D26EA283231CD00159082 /* Geometry.cpp */; };
		3D2D2712283231CD00159082 /* Sprite.cpp in Sources */ = {isa = PBXBuildFile; fileRef = 3D2D26EB283231CD00159082 /* Sprite.cpp */; };
		3D2D2713283231CD00159082 /* Particle3DRenderer.cpp in Sources */ = {isa = PBXBuildFile; fileRef = 3D2D26EC283231CD00159082 /* Particle3DRenderer.cpp */; };
		3D2D2714283231CD00159082 /* UnitCube.cpp in Sources */ = {isa = PBXBuildFile; fileRef = 3D2D26ED283231CD00159082 /* UnitCube.cpp */; };
		3D2D2715283231CD00159082 /* Skybox.cpp in Sources */ = {isa = PBXBuildFile; fileRef = 3D2D26EE283231CD00159082 /* Skybox.cpp */; };
		3D2D2716283231CD00159082 /* TextRenderer.cpp in Sources */ = {isa = PBXBuildFile; fileRef = 3D2D26EF283231CD00159082 /* TextRenderer.cpp */; };
		3D2D2717283231CD00159082 /* ParticleRenderer.cpp in Sources */ = {isa = PBXBuildFile; fileRef = 3D2D26F1283231CD00159082 /* ParticleRenderer.cpp */; };
		3D2D2718283231CD00159082 /* UINode.cpp in Sources */ = {isa = PBXBuildFile; fileRef = 3D2D26F3283231CD00159082 /* UINode.cpp */; };
		3D2D2719283231CD00159082 /* Particle3DNode.cpp in Sources */ = {isa = PBXBuildFile; fileRef = 3D2D26F4283231CD00159082 /* Particle3DNode.cpp */; };
		3D2D271A283231CD00159082 /* Node.cpp in Sources */ = {isa = PBXBuildFile; fileRef = 3D2D26F5283231CD00159082 /* Node.cpp */; };
		3D2D271B283231CD00159082 /* TextNode.cpp in Sources */ = {isa = PBXBuildFile; fileRef = 3D2D26F6283231CD00159082 /* TextNode.cpp */; };
		3D2D271C283231CD00159082 /* SpriteNode.cpp in Sources */ = {isa = PBXBuildFile; fileRef = 3D2D26F8283231CD00159082 /* SpriteNode.cpp */; };
		3D2D271D283231CD00159082 /* CameraNode.cpp in Sources */ = {isa = PBXBuildFile; fileRef = 3D2D26F9283231CD00159082 /* CameraNode.cpp */; };
		3D2D271E283231CD00159082 /* ParticleNode.cpp in Sources */ = {isa = PBXBuildFile; fileRef = 3D2D26FA283231CD00159082 /* ParticleNode.cpp */; };
		3D2D271F283231CD00159082 /* LightNode.cpp in Sources */ = {isa = PBXBuildFile; fileRef = 3D2D26FB283231CD00159082 /* LightNode.cpp */; };
		3D2D27232832363A00159082 /* AlphaShader.cpp in Sources */ = {isa = PBXBuildFile; fileRef = 3D2D27212832363A00159082 /* AlphaShader.cpp */; };
		3D2D274E2832448A00159082 /* ImportCharHelper.cpp in Sources */ = {isa = PBXBuildFile; fileRef = 3D2D274C2832448A00159082 /* ImportCharHelper.cpp */; };
		3D2D27532833C86F00159082 /* OfflineCore.cpp in Sources */ = {isa = PBXBuildFile; fileRef = 3D2D27512833C86F00159082 /* OfflineCore.cpp */; };
		3D2D27702834220100159082 /* FireBall.cpp in Sources */ = {isa = PBXBuildFile; fileRef = 3D2D275B2834220100159082 /* FireBall.cpp */; };
		3D2D27712834220100159082 /* ThunderShock.cpp in Sources */ = {isa = PBXBuildFile; fileRef = 3D2D275C2834220100159082 /* ThunderShock.cpp */; };
		3D2D27722834220100159082 /* LightningSpear.cpp in Sources */ = {isa = PBXBuildFile; fileRef = 3D2D275D2834220100159082 /* LightningSpear.cpp */; };
		3D2D27742834220100159082 /* ThousandBlade.cpp in Sources */ = {isa = PBXBuildFile; fileRef = 3D2D27602834220100159082 /* ThousandBlade.cpp */; };
		3D2D27752834220100159082 /* Flame.cpp in Sources */ = {isa = PBXBuildFile; fileRef = 3D2D27612834220100159082 /* Flame.cpp */; };
		3D2D27762834220100159082 /* Projectile.cpp in Sources */ = {isa = PBXBuildFile; fileRef = 3D2D27632834220100159082 /* Projectile.cpp */; };
		3D2D27772834220100159082 /* BaseMagic.cpp in Sources */ = {isa = PBXBuildFile; fileRef = 3D2D27662834220100159082 /* BaseMagic.cpp */; };
		3D2D27782834220100159082 /* GroundSmash.cpp in Sources */ = {isa = PBXBuildFile; fileRef = 3D2D27682834220100159082 /* GroundSmash.cpp */; };
		3D2D27792834220100159082 /* StoneBlast.cpp in Sources */ = {isa = PBXBuildFile; fileRef = 3D2D27692834220100159082 /* StoneBlast.cpp */; };
		3D2D277A2834220100159082 /* Thunder.cpp in Sources */ = {isa = PBXBuildFile; fileRef = 3D2D276E2834220100159082 /* Thunder.cpp */; };
		3D2D277B2834220100159082 /* AllMagic.inc in Sources */ = {isa = PBXBuildFile; fileRef = 3D2D276F2834220100159082 /* AllMagic.inc */; };
		3D47059E282BD8230068156B /* HittableObject.cpp in Sources */ = {isa = PBXBuildFile; fileRef = 3D47059C282BD8230068156B /* HittableObject.cpp */; };
		3DD5A5B7282FFA510010B1A5 /* libprotobuf.dylib in Frameworks */ = {isa = PBXBuildFile; fileRef = 3DD5A5B6282FFA510010B1A5 /* libprotobuf.dylib */; };
		C294F8F527FCFB19002B6550 /* OpenGL.framework in Frameworks */ = {isa = PBXBuildFile; fileRef = C294F8F427FCFB19002B6550 /* OpenGL.framework */; };
		C294F8F727FCFB22002B6550 /* libglfw.3.3.dylib in Frameworks */ = {isa = PBXBuildFile; fileRef = C294F8F627FCFB22002B6550 /* libglfw.3.3.dylib */; };
		C294F8F927FCFB27002B6550 /* libGLEW.2.2.0.dylib in Frameworks */ = {isa = PBXBuildFile; fileRef = C294F8F827FCFB27002B6550 /* libGLEW.2.2.0.dylib */; };
		C294F8FB27FCFB2E002B6550 /* libassimp.5.2.0.dylib in Frameworks */ = {isa = PBXBuildFile; fileRef = C294F8FA27FCFB2E002B6550 /* libassimp.5.2.0.dylib */; };
		C2F7796028078726001A214D /* libfreetype.6.dylib in Frameworks */ = {isa = PBXBuildFile; fileRef = C2F7795F28078726001A214D /* libfreetype.6.dylib */; };
		E21F17D3281DCB260099A81C /* libsfml-audio.2.5.1.dylib in Frameworks */ = {isa = PBXBuildFile; fileRef = E21F17D1281DCB260099A81C /* libsfml-audio.2.5.1.dylib */; };
		E21F17D5281DCB260099A81C /* libsfml-system.2.5.1.dylib in Frameworks */ = {isa = PBXBuildFile; fileRef = E21F17D2281DCB260099A81C /* libsfml-system.2.5.1.dylib */; };
		E265F1922834446E008B4AD0 /* DragonMagic.cpp in Sources */ = {isa = PBXBuildFile; fileRef = E265F1902834446E008B4AD0 /* DragonMagic.cpp */; };
		E265F2632835661D008B4AD0 /* LightningPhalanx.cpp in Sources */ = {isa = PBXBuildFile; fileRef = E265F2612835661D008B4AD0 /* LightningPhalanx.cpp */; };
		E2802086281315AF00A810E7 /* MapBoxObject.cpp in Sources */ = {isa = PBXBuildFile; fileRef = E2802084281315AF00A810E7 /* MapBoxObject.cpp */; };
		E2802089281315C000A810E7 /* MapSystemManager.cpp in Sources */ = {isa = PBXBuildFile; fileRef = E2802087281315C000A810E7 /* MapSystemManager.cpp */; };
/* End PBXBuildFile section */

/* Begin PBXCopyFilesBuildPhase section */
		C294F8BF27FCF903002B6550 /* CopyFiles */ = {
			isa = PBXCopyFilesBuildPhase;
			buildActionMask = 2147483647;
			dstPath = /usr/share/man/man1/;
			dstSubfolderSpec = 0;
			files = (
			);
			runOnlyForDeploymentPostprocessing = 1;
		};
/* End PBXCopyFilesBuildPhase section */

/* Begin PBXFileReference section */
		12309C9A281A022500423625 /* Hitbox.hpp */ = {isa = PBXFileReference; fileEncoding = 4; lastKnownFileType = sourcecode.cpp.h; path = Hitbox.hpp; sourceTree = "<group>"; };
		12309C9B281A022500423625 /* HitController.hpp */ = {isa = PBXFileReference; fileEncoding = 4; lastKnownFileType = sourcecode.cpp.h; path = HitController.hpp; sourceTree = "<group>"; };
		12309C9C281A022500423625 /* Hitbox.cpp */ = {isa = PBXFileReference; fileEncoding = 4; lastKnownFileType = sourcecode.cpp.cpp; path = Hitbox.cpp; sourceTree = "<group>"; };
		12309C9D281A022500423625 /* HitController.cpp */ = {isa = PBXFileReference; fileEncoding = 4; lastKnownFileType = sourcecode.cpp.cpp; path = HitController.cpp; sourceTree = "<group>"; };
		12EA9AEF280FE68900541504 /* CharNode.cpp */ = {isa = PBXFileReference; lastKnownFileType = sourcecode.cpp.cpp; path = CharNode.cpp; sourceTree = "<group>"; };
		12EA9AF0280FE68900541504 /* CharNode.hpp */ = {isa = PBXFileReference; lastKnownFileType = sourcecode.cpp.h; path = CharNode.hpp; sourceTree = "<group>"; };
		3D2D26262831AA1300159082 /* offline-main.cpp */ = {isa = PBXFileReference; lastKnownFileType = sourcecode.cpp.cpp; path = "offline-main.cpp"; sourceTree = "<group>"; };
		3D2D26992831BA3D00159082 /* clientSocket.cpp */ = {isa = PBXFileReference; lastKnownFileType = sourcecode.cpp.cpp; path = clientSocket.cpp; sourceTree = "<group>"; };
		3D2D269A2831BA3D00159082 /* common.hpp */ = {isa = PBXFileReference; lastKnownFileType = sourcecode.cpp.h; path = common.hpp; sourceTree = "<group>"; };
		3D2D269B2831BA3D00159082 /* clientSocket.hpp */ = {isa = PBXFileReference; lastKnownFileType = sourcecode.cpp.h; path = clientSocket.hpp; sourceTree = "<group>"; };
		3D2D269D2831BA3D00159082 /* eventPb.cpp */ = {isa = PBXFileReference; lastKnownFileType = sourcecode.cpp.cpp; path = eventPb.cpp; sourceTree = "<group>"; };
		3D2D269E2831BA3D00159082 /* gameData.pb.h */ = {isa = PBXFileReference; lastKnownFileType = sourcecode.c.h; path = gameData.pb.h; sourceTree = "<group>"; };
		3D2D269F2831BA3D00159082 /* gameData.pb.cc */ = {isa = PBXFileReference; lastKnownFileType = sourcecode.cpp.cpp; path = gameData.pb.cc; sourceTree = "<group>"; };
		3D2D26A02831BA3D00159082 /* statePb.cpp */ = {isa = PBXFileReference; lastKnownFileType = sourcecode.cpp.cpp; path = statePb.cpp; sourceTree = "<group>"; };
		3D2D26A12831BA3D00159082 /* pbData.hpp */ = {isa = PBXFileReference; lastKnownFileType = sourcecode.cpp.h; path = pbData.hpp; sourceTree = "<group>"; };
		3D2D26A22831BA3D00159082 /* gameData.proto */ = {isa = PBXFileReference; lastKnownFileType = sourcecode.protobuf; path = gameData.proto; sourceTree = "<group>"; };
		3D2D26A32831BA3D00159082 /* statePb.hpp */ = {isa = PBXFileReference; lastKnownFileType = sourcecode.cpp.h; path = statePb.hpp; sourceTree = "<group>"; };
		3D2D26A42831BA3D00159082 /* pbData.cpp */ = {isa = PBXFileReference; lastKnownFileType = sourcecode.cpp.cpp; path = pbData.cpp; sourceTree = "<group>"; };
		3D2D26A52831BA3D00159082 /* eventPb.hpp */ = {isa = PBXFileReference; lastKnownFileType = sourcecode.cpp.h; path = eventPb.hpp; sourceTree = "<group>"; };
		3D2D26C82831D53E00159082 /* ImportMapHelper.cpp */ = {isa = PBXFileReference; lastKnownFileType = sourcecode.cpp.cpp; path = ImportMapHelper.cpp; sourceTree = "<group>"; };
		3D2D26C92831D53E00159082 /* ImportMapHelper.hpp */ = {isa = PBXFileReference; lastKnownFileType = sourcecode.cpp.h; path = ImportMapHelper.hpp; sourceTree = "<group>"; };
		3D2D26CC283231CD00159082 /* Engine.hpp */ = {isa = PBXFileReference; fileEncoding = 4; lastKnownFileType = sourcecode.cpp.h; path = Engine.hpp; sourceTree = "<group>"; };
		3D2D26CE283231CD00159082 /* SpriteShader.cpp */ = {isa = PBXFileReference; fileEncoding = 4; lastKnownFileType = sourcecode.cpp.cpp; path = SpriteShader.cpp; sourceTree = "<group>"; };
		3D2D26CF283231CD00159082 /* Image.cpp */ = {isa = PBXFileReference; fileEncoding = 4; lastKnownFileType = sourcecode.cpp.cpp; path = Image.cpp; sourceTree = "<group>"; };
		3D2D26D0283231CD00159082 /* Texture.cpp */ = {isa = PBXFileReference; fileEncoding = 4; lastKnownFileType = sourcecode.cpp.cpp; path = Texture.cpp; sourceTree = "<group>"; };
		3D2D26D1283231CD00159082 /* Shader.cpp */ = {isa = PBXFileReference; fileEncoding = 4; lastKnownFileType = sourcecode.cpp.cpp; path = Shader.cpp; sourceTree = "<group>"; };
		3D2D26D2283231CD00159082 /* PBRShader.cpp */ = {isa = PBXFileReference; fileEncoding = 4; lastKnownFileType = sourcecode.cpp.cpp; path = PBRShader.cpp; sourceTree = "<group>"; };
		3D2D26D3283231CD00159082 /* Particle3DShader.cpp */ = {isa = PBXFileReference; fileEncoding = 4; lastKnownFileType = sourcecode.cpp.cpp; path = Particle3DShader.cpp; sourceTree = "<group>"; };
		3D2D26D4283231CD00159082 /* ParticleShader.cpp */ = {isa = PBXFileReference; fileEncoding = 4; lastKnownFileType = sourcecode.cpp.cpp; path = ParticleShader.cpp; sourceTree = "<group>"; };
		3D2D26D5283231CD00159082 /* Texture.hpp */ = {isa = PBXFileReference; fileEncoding = 4; lastKnownFileType = sourcecode.cpp.h; path = Texture.hpp; sourceTree = "<group>"; };
		3D2D26D6283231CD00159082 /* Shader.hpp */ = {isa = PBXFileReference; fileEncoding = 4; lastKnownFileType = sourcecode.cpp.h; path = Shader.hpp; sourceTree = "<group>"; };
		3D2D26D7283231CD00159082 /* Image.hpp */ = {isa = PBXFileReference; fileEncoding = 4; lastKnownFileType = sourcecode.cpp.h; path = Image.hpp; sourceTree = "<group>"; };
		3D2D26D9283231CD00159082 /* Input.cpp */ = {isa = PBXFileReference; fileEncoding = 4; lastKnownFileType = sourcecode.cpp.cpp; path = Input.cpp; sourceTree = "<group>"; };
		3D2D26DA283231CD00159082 /* FontLibrary.cpp */ = {isa = PBXFileReference; fileEncoding = 4; lastKnownFileType = sourcecode.cpp.cpp; path = FontLibrary.cpp; sourceTree = "<group>"; };
		3D2D26DB283231CD00159082 /* Animation.hpp */ = {isa = PBXFileReference; fileEncoding = 4; lastKnownFileType = sourcecode.cpp.h; path = Animation.hpp; sourceTree = "<group>"; };
		3D2D26DC283231CD00159082 /* Font.cpp */ = {isa = PBXFileReference; fileEncoding = 4; lastKnownFileType = sourcecode.cpp.cpp; path = Font.cpp; sourceTree = "<group>"; };
		3D2D26DD283231CD00159082 /* AudioBuffer.hpp */ = {isa = PBXFileReference; fileEncoding = 4; lastKnownFileType = sourcecode.cpp.h; path = AudioBuffer.hpp; sourceTree = "<group>"; };
		3D2D26DE283231CD00159082 /* Animation.cpp */ = {isa = PBXFileReference; fileEncoding = 4; lastKnownFileType = sourcecode.cpp.cpp; path = Animation.cpp; sourceTree = "<group>"; };
		3D2D26DF283231CD00159082 /* Font.hpp */ = {isa = PBXFileReference; fileEncoding = 4; lastKnownFileType = sourcecode.cpp.h; path = Font.hpp; sourceTree = "<group>"; };
		3D2D26E0283231CD00159082 /* AudioBuffer.cpp */ = {isa = PBXFileReference; fileEncoding = 4; lastKnownFileType = sourcecode.cpp.cpp; path = AudioBuffer.cpp; sourceTree = "<group>"; };
		3D2D26E1283231CD00159082 /* Input.hpp */ = {isa = PBXFileReference; fileEncoding = 4; lastKnownFileType = sourcecode.cpp.h; path = Input.hpp; sourceTree = "<group>"; };
		3D2D26E2283231CD00159082 /* FontLibrary.hpp */ = {isa = PBXFileReference; fileEncoding = 4; lastKnownFileType = sourcecode.cpp.h; path = FontLibrary.hpp; sourceTree = "<group>"; };
		3D2D26E4283231CD00159082 /* Bone.cpp */ = {isa = PBXFileReference; fileEncoding = 4; lastKnownFileType = sourcecode.cpp.cpp; path = Bone.cpp; sourceTree = "<group>"; };
		3D2D26E5283231CD00159082 /* Animator.hpp */ = {isa = PBXFileReference; fileEncoding = 4; lastKnownFileType = sourcecode.cpp.h; path = Animator.hpp; sourceTree = "<group>"; };
		3D2D26E6283231CD00159082 /* Animator.cpp */ = {isa = PBXFileReference; fileEncoding = 4; lastKnownFileType = sourcecode.cpp.cpp; path = Animator.cpp; sourceTree = "<group>"; };
		3D2D26E7283231CD00159082 /* Bone.hpp */ = {isa = PBXFileReference; fileEncoding = 4; lastKnownFileType = sourcecode.cpp.h; path = Bone.hpp; sourceTree = "<group>"; };
		3D2D26E8283231CD00159082 /* Engine.cpp */ = {isa = PBXFileReference; fileEncoding = 4; lastKnownFileType = sourcecode.cpp.cpp; path = Engine.cpp; sourceTree = "<group>"; };
		3D2D26EA283231CD00159082 /* Geometry.cpp */ = {isa = PBXFileReference; fileEncoding = 4; lastKnownFileType = sourcecode.cpp.cpp; path = Geometry.cpp; sourceTree = "<group>"; };
		3D2D26EB283231CD00159082 /* Sprite.cpp */ = {isa = PBXFileReference; fileEncoding = 4; lastKnownFileType = sourcecode.cpp.cpp; path = Sprite.cpp; sourceTree = "<group>"; };
		3D2D26EC283231CD00159082 /* Particle3DRenderer.cpp */ = {isa = PBXFileReference; fileEncoding = 4; lastKnownFileType = sourcecode.cpp.cpp; path = Particle3DRenderer.cpp; sourceTree = "<group>"; };
		3D2D26ED283231CD00159082 /* UnitCube.cpp */ = {isa = PBXFileReference; fileEncoding = 4; lastKnownFileType = sourcecode.cpp.cpp; path = UnitCube.cpp; sourceTree = "<group>"; };
		3D2D26EE283231CD00159082 /* Skybox.cpp */ = {isa = PBXFileReference; fileEncoding = 4; lastKnownFileType = sourcecode.cpp.cpp; path = Skybox.cpp; sourceTree = "<group>"; };
		3D2D26EF283231CD00159082 /* TextRenderer.cpp */ = {isa = PBXFileReference; fileEncoding = 4; lastKnownFileType = sourcecode.cpp.cpp; path = TextRenderer.cpp; sourceTree = "<group>"; };
		3D2D26F0283231CD00159082 /* Geometry.hpp */ = {isa = PBXFileReference; fileEncoding = 4; lastKnownFileType = sourcecode.cpp.h; path = Geometry.hpp; sourceTree = "<group>"; };
		3D2D26F1283231CD00159082 /* ParticleRenderer.cpp */ = {isa = PBXFileReference; fileEncoding = 4; lastKnownFileType = sourcecode.cpp.cpp; path = ParticleRenderer.cpp; sourceTree = "<group>"; };
		3D2D26F3283231CD00159082 /* UINode.cpp */ = {isa = PBXFileReference; fileEncoding = 4; lastKnownFileType = sourcecode.cpp.cpp; path = UINode.cpp; sourceTree = "<group>"; };
		3D2D26F4283231CD00159082 /* Particle3DNode.cpp */ = {isa = PBXFileReference; fileEncoding = 4; lastKnownFileType = sourcecode.cpp.cpp; path = Particle3DNode.cpp; sourceTree = "<group>"; };
		3D2D26F5283231CD00159082 /* Node.cpp */ = {isa = PBXFileReference; fileEncoding = 4; lastKnownFileType = sourcecode.cpp.cpp; path = Node.cpp; sourceTree = "<group>"; };
		3D2D26F6283231CD00159082 /* TextNode.cpp */ = {isa = PBXFileReference; fileEncoding = 4; lastKnownFileType = sourcecode.cpp.cpp; path = TextNode.cpp; sourceTree = "<group>"; };
		3D2D26F7283231CD00159082 /* Node.hpp */ = {isa = PBXFileReference; fileEncoding = 4; lastKnownFileType = sourcecode.cpp.h; path = Node.hpp; sourceTree = "<group>"; };
		3D2D26F8283231CD00159082 /* SpriteNode.cpp */ = {isa = PBXFileReference; fileEncoding = 4; lastKnownFileType = sourcecode.cpp.cpp; path = SpriteNode.cpp; sourceTree = "<group>"; };
		3D2D26F9283231CD00159082 /* CameraNode.cpp */ = {isa = PBXFileReference; fileEncoding = 4; lastKnownFileType = sourcecode.cpp.cpp; path = CameraNode.cpp; sourceTree = "<group>"; };
		3D2D26FA283231CD00159082 /* ParticleNode.cpp */ = {isa = PBXFileReference; fileEncoding = 4; lastKnownFileType = sourcecode.cpp.cpp; path = ParticleNode.cpp; sourceTree = "<group>"; };
		3D2D26FB283231CD00159082 /* LightNode.cpp */ = {isa = PBXFileReference; fileEncoding = 4; lastKnownFileType = sourcecode.cpp.cpp; path = LightNode.cpp; sourceTree = "<group>"; };
		3D2D26FD283231CD00159082 /* keys.h */ = {isa = PBXFileReference; fileEncoding = 4; lastKnownFileType = sourcecode.c.h; path = keys.h; sourceTree = "<group>"; };
		3D2D26FE283231CD00159082 /* libraries.h */ = {isa = PBXFileReference; fileEncoding = 4; lastKnownFileType = sourcecode.c.h; path = libraries.h; sourceTree = "<group>"; };
		3D2D26FF283231CD00159082 /* stb_image.h */ = {isa = PBXFileReference; fileEncoding = 4; lastKnownFileType = sourcecode.c.h; path = stb_image.h; sourceTree = "<group>"; };
		3D2D2700283231CD00159082 /* assimp_helper.h */ = {isa = PBXFileReference; fileEncoding = 4; lastKnownFileType = sourcecode.c.h; path = assimp_helper.h; sourceTree = "<group>"; };
		3D2D2701283231CD00159082 /* glm_helper.h */ = {isa = PBXFileReference; fileEncoding = 4; lastKnownFileType = sourcecode.c.h; path = glm_helper.h; sourceTree = "<group>"; };
		3D2D27212832363A00159082 /* AlphaShader.cpp */ = {isa = PBXFileReference; fileEncoding = 4; lastKnownFileType = sourcecode.cpp.cpp; path = AlphaShader.cpp; sourceTree = "<group>"; };
		3D2D274C2832448A00159082 /* ImportCharHelper.cpp */ = {isa = PBXFileReference; lastKnownFileType = sourcecode.cpp.cpp; path = ImportCharHelper.cpp; sourceTree = "<group>"; };
		3D2D274D2832448A00159082 /* ImportCharHelper.hpp */ = {isa = PBXFileReference; lastKnownFileType = sourcecode.cpp.h; path = ImportCharHelper.hpp; sourceTree = "<group>"; };
		3D2D27512833C86F00159082 /* OfflineCore.cpp */ = {isa = PBXFileReference; fileEncoding = 4; lastKnownFileType = sourcecode.cpp.cpp; path = OfflineCore.cpp; sourceTree = "<group>"; };
		3D2D27522833C86F00159082 /* OfflineCore.hpp */ = {isa = PBXFileReference; fileEncoding = 4; lastKnownFileType = sourcecode.cpp.h; path = OfflineCore.hpp; sourceTree = "<group>"; };
		3D2D27552833CA1200159082 /* ClientCore.cpp */ = {isa = PBXFileReference; fileEncoding = 4; lastKnownFileType = sourcecode.cpp.cpp; path = ClientCore.cpp; sourceTree = "<group>"; };
		3D2D27562833CA1200159082 /* ClientCore.hpp */ = {isa = PBXFileReference; fileEncoding = 4; lastKnownFileType = sourcecode.cpp.h; path = ClientCore.hpp; sourceTree = "<group>"; };
		3D2D27592834220100159082 /* GroundSmash.hpp */ = {isa = PBXFileReference; fileEncoding = 4; lastKnownFileType = sourcecode.cpp.h; path = GroundSmash.hpp; sourceTree = "<group>"; };
		3D2D275A2834220100159082 /* StoneBlast.hpp */ = {isa = PBXFileReference; fileEncoding = 4; lastKnownFileType = sourcecode.cpp.h; path = StoneBlast.hpp; sourceTree = "<group>"; };
		3D2D275B2834220100159082 /* FireBall.cpp */ = {isa = PBXFileReference; fileEncoding = 4; lastKnownFileType = sourcecode.cpp.cpp; path = FireBall.cpp; sourceTree = "<group>"; };
		3D2D275C2834220100159082 /* ThunderShock.cpp */ = {isa = PBXFileReference; fileEncoding = 4; lastKnownFileType = sourcecode.cpp.cpp; path = ThunderShock.cpp; sourceTree = "<group>"; };
		3D2D275D2834220100159082 /* LightningSpear.cpp */ = {isa = PBXFileReference; fileEncoding = 4; lastKnownFileType = sourcecode.cpp.cpp; path = LightningSpear.cpp; sourceTree = "<group>"; };
		3D2D275F2834220100159082 /* Thunder.hpp */ = {isa = PBXFileReference; fileEncoding = 4; lastKnownFileType = sourcecode.cpp.h; path = Thunder.hpp; sourceTree = "<group>"; };
		3D2D27602834220100159082 /* ThousandBlade.cpp */ = {isa = PBXFileReference; fileEncoding = 4; lastKnownFileType = sourcecode.cpp.cpp; path = ThousandBlade.cpp; sourceTree = "<group>"; };
		3D2D27612834220100159082 /* Flame.cpp */ = {isa = PBXFileReference; fileEncoding = 4; lastKnownFileType = sourcecode.cpp.cpp; path = Flame.cpp; sourceTree = "<group>"; };
		3D2D27622834220100159082 /* BaseMagic.hpp */ = {isa = PBXFileReference; fileEncoding = 4; lastKnownFileType = sourcecode.cpp.h; path = BaseMagic.hpp; sourceTree = "<group>"; };
		3D2D27632834220100159082 /* Projectile.cpp */ = {isa = PBXFileReference; fileEncoding = 4; lastKnownFileType = sourcecode.cpp.cpp; path = Projectile.cpp; sourceTree = "<group>"; };
		3D2D27642834220100159082 /* ThousandBlade.hpp */ = {isa = PBXFileReference; fileEncoding = 4; lastKnownFileType = sourcecode.cpp.h; path = ThousandBlade.hpp; sourceTree = "<group>"; };
		3D2D27652834220100159082 /* Flame.hpp */ = {isa = PBXFileReference; fileEncoding = 4; lastKnownFileType = sourcecode.cpp.h; path = Flame.hpp; sourceTree = "<group>"; };
		3D2D27662834220100159082 /* BaseMagic.cpp */ = {isa = PBXFileReference; fileEncoding = 4; lastKnownFileType = sourcecode.cpp.cpp; path = BaseMagic.cpp; sourceTree = "<group>"; };
		3D2D27672834220100159082 /* Projectile.hpp */ = {isa = PBXFileReference; fileEncoding = 4; lastKnownFileType = sourcecode.cpp.h; path = Projectile.hpp; sourceTree = "<group>"; };
		3D2D27682834220100159082 /* GroundSmash.cpp */ = {isa = PBXFileReference; fileEncoding = 4; lastKnownFileType = sourcecode.cpp.cpp; path = GroundSmash.cpp; sourceTree = "<group>"; };
		3D2D27692834220100159082 /* StoneBlast.cpp */ = {isa = PBXFileReference; fileEncoding = 4; lastKnownFileType = sourcecode.cpp.cpp; path = StoneBlast.cpp; sourceTree = "<group>"; };
		3D2D276A2834220100159082 /* FireBall.hpp */ = {isa = PBXFileReference; fileEncoding = 4; lastKnownFileType = sourcecode.cpp.h; path = FireBall.hpp; sourceTree = "<group>"; };
		3D2D276B2834220100159082 /* ThunderShock.hpp */ = {isa = PBXFileReference; fileEncoding = 4; lastKnownFileType = sourcecode.cpp.h; path = ThunderShock.hpp; sourceTree = "<group>"; };
		3D2D276C2834220100159082 /* LightningSpear.hpp */ = {isa = PBXFileReference; fileEncoding = 4; lastKnownFileType = sourcecode.cpp.h; path = LightningSpear.hpp; sourceTree = "<group>"; };
		3D2D276E2834220100159082 /* Thunder.cpp */ = {isa = PBXFileReference; fileEncoding = 4; lastKnownFileType = sourcecode.cpp.cpp; path = Thunder.cpp; sourceTree = "<group>"; };
		3D2D276F2834220100159082 /* AllMagic.inc */ = {isa = PBXFileReference; fileEncoding = 4; lastKnownFileType = sourcecode.pascal; path = AllMagic.inc; sourceTree = "<group>"; };
		3D47059C282BD8230068156B /* HittableObject.cpp */ = {isa = PBXFileReference; lastKnownFileType = sourcecode.cpp.cpp; path = HittableObject.cpp; sourceTree = "<group>"; };
		3D47059D282BD8230068156B /* HittableObject.hpp */ = {isa = PBXFileReference; lastKnownFileType = sourcecode.cpp.h; path = HittableObject.hpp; sourceTree = "<group>"; };
		3DD5A5B2282FAAE30010B1A5 /* credits.txt */ = {isa = PBXFileReference; fileEncoding = 4; lastKnownFileType = text; path = credits.txt; sourceTree = "<group>"; };
		3DD5A5B3282FBDB80010B1A5 /* README.md */ = {isa = PBXFileReference; lastKnownFileType = net.daringfireball.markdown; path = README.md; sourceTree = "<group>"; };
		3DD5A5B5282FF8A40010B1A5 /* Sample */ = {isa = PBXFileReference; lastKnownFileType = folder; path = Sample; sourceTree = "<group>"; };
		3DD5A5B6282FFA510010B1A5 /* libprotobuf.dylib */ = {isa = PBXFileReference; lastKnownFileType = "compiled.mach-o.dylib"; name = libprotobuf.dylib; path = ../../../../opt/homebrew/Cellar/protobuf/3.19.4/lib/libprotobuf.dylib; sourceTree = "<group>"; };
		3DD5A5D128319AE80010B1A5 /* client-main.cpp */ = {isa = PBXFileReference; fileEncoding = 4; lastKnownFileType = sourcecode.cpp.cpp; path = "client-main.cpp"; sourceTree = "<group>"; };
		C294F8C127FCF903002B6550 /* Eternal_Ritual */ = {isa = PBXFileReference; explicitFileType = "compiled.mach-o.executable"; includeInIndex = 0; path = Eternal_Ritual; sourceTree = BUILT_PRODUCTS_DIR; };
		C294F8F127FCFA37002B6550 /* Resources */ = {isa = PBXFileReference; lastKnownFileType = folder; path = Resources; sourceTree = "<group>"; };
		C294F8F427FCFB19002B6550 /* OpenGL.framework */ = {isa = PBXFileReference; lastKnownFileType = wrapper.framework; name = OpenGL.framework; path = System/Library/Frameworks/OpenGL.framework; sourceTree = SDKROOT; };
		C294F8F627FCFB22002B6550 /* libglfw.3.3.dylib */ = {isa = PBXFileReference; lastKnownFileType = "compiled.mach-o.dylib"; name = libglfw.3.3.dylib; path = ../../../../opt/homebrew/Cellar/glfw/3.3.6/lib/libglfw.3.3.dylib; sourceTree = "<group>"; };
		C294F8F827FCFB27002B6550 /* libGLEW.2.2.0.dylib */ = {isa = PBXFileReference; lastKnownFileType = "compiled.mach-o.dylib"; name = libGLEW.2.2.0.dylib; path = ../../../../opt/homebrew/Cellar/glew/2.2.0_1/lib/libGLEW.2.2.0.dylib; sourceTree = "<group>"; };
		C294F8FA27FCFB2E002B6550 /* libassimp.5.2.0.dylib */ = {isa = PBXFileReference; lastKnownFileType = "compiled.mach-o.dylib"; name = libassimp.5.2.0.dylib; path = ../../../../opt/homebrew/Cellar/assimp/5.2.3/lib/libassimp.5.2.0.dylib; sourceTree = "<group>"; };
		C2F7795F28078726001A214D /* libfreetype.6.dylib */ = {isa = PBXFileReference; lastKnownFileType = "compiled.mach-o.dylib"; name = libfreetype.6.dylib; path = ../../../../opt/homebrew/Cellar/freetype/2.12.0/lib/libfreetype.6.dylib; sourceTree = "<group>"; };
		E21F17D1281DCB260099A81C /* libsfml-audio.2.5.1.dylib */ = {isa = PBXFileReference; lastKnownFileType = "compiled.mach-o.dylib"; name = "libsfml-audio.2.5.1.dylib"; path = "../../../../../../../../../opt/homebrew/Cellar/sfml/2.5.1_1/lib/libsfml-audio.2.5.1.dylib"; sourceTree = "<group>"; };
		E21F17D2281DCB260099A81C /* libsfml-system.2.5.1.dylib */ = {isa = PBXFileReference; lastKnownFileType = "compiled.mach-o.dylib"; name = "libsfml-system.2.5.1.dylib"; path = "../../../../../../../../../opt/homebrew/Cellar/sfml/2.5.1_1/lib/libsfml-system.2.5.1.dylib"; sourceTree = "<group>"; };
		E265F1902834446E008B4AD0 /* DragonMagic.cpp */ = {isa = PBXFileReference; fileEncoding = 4; lastKnownFileType = sourcecode.cpp.cpp; path = DragonMagic.cpp; sourceTree = "<group>"; };
		E265F1912834446E008B4AD0 /* DragonMagic.hpp */ = {isa = PBXFileReference; fileEncoding = 4; lastKnownFileType = sourcecode.cpp.h; path = DragonMagic.hpp; sourceTree = "<group>"; };
		E265F2612835661D008B4AD0 /* LightningPhalanx.cpp */ = {isa = PBXFileReference; lastKnownFileType = sourcecode.cpp.cpp; path = LightningPhalanx.cpp; sourceTree = "<group>"; };
		E265F2622835661D008B4AD0 /* LightningPhalanx.hpp */ = {isa = PBXFileReference; lastKnownFileType = sourcecode.cpp.h; path = LightningPhalanx.hpp; sourceTree = "<group>"; };
		E2802084281315AF00A810E7 /* MapBoxObject.cpp */ = {isa = PBXFileReference; lastKnownFileType = sourcecode.cpp.cpp; path = MapBoxObject.cpp; sourceTree = "<group>"; };
		E2802085281315AF00A810E7 /* MapBoxObject.hpp */ = {isa = PBXFileReference; lastKnownFileType = sourcecode.cpp.h; path = MapBoxObject.hpp; sourceTree = "<group>"; };
		E2802087281315C000A810E7 /* MapSystemManager.cpp */ = {isa = PBXFileReference; lastKnownFileType = sourcecode.cpp.cpp; path = MapSystemManager.cpp; sourceTree = "<group>"; };
		E2802088281315C000A810E7 /* MapSystemManager.hpp */ = {isa = PBXFileReference; lastKnownFileType = sourcecode.cpp.h; path = MapSystemManager.hpp; sourceTree = "<group>"; };
/* End PBXFileReference section */

/* Begin PBXFrameworksBuildPhase section */
		C294F8BE27FCF903002B6550 /* Frameworks */ = {
			isa = PBXFrameworksBuildPhase;
			buildActionMask = 2147483647;
			files = (
				C294F8F527FCFB19002B6550 /* OpenGL.framework in Frameworks */,
				C294F8F727FCFB22002B6550 /* libglfw.3.3.dylib in Frameworks */,
				C294F8F927FCFB27002B6550 /* libGLEW.2.2.0.dylib in Frameworks */,
				E21F17D5281DCB260099A81C /* libsfml-system.2.5.1.dylib in Frameworks */,
				E21F17D3281DCB260099A81C /* libsfml-audio.2.5.1.dylib in Frameworks */,
				C294F8FB27FCFB2E002B6550 /* libassimp.5.2.0.dylib in Frameworks */,
				3DD5A5B7282FFA510010B1A5 /* libprotobuf.dylib in Frameworks */,
				C2F7796028078726001A214D /* libfreetype.6.dylib in Frameworks */,
			);
			runOnlyForDeploymentPostprocessing = 0;
		};
/* End PBXFrameworksBuildPhase section */

/* Begin PBXGroup section */
		12EA9AF2280FE6B100541504 /* Game */ = {
			isa = PBXGroup;
			children = (
				3D2D27582834220100159082 /* Magic */,
				E28020832813159700A810E7 /* Map */,
				12EA9AF3280FE6C600541504 /* Character */,
			);
			path = Game;
			sourceTree = "<group>";
		};
		12EA9AF3280FE6C600541504 /* Character */ = {
			isa = PBXGroup;
			children = (
				12EA9AEF280FE68900541504 /* CharNode.cpp */,
				12EA9AF0280FE68900541504 /* CharNode.hpp */,
				12309C9C281A022500423625 /* Hitbox.cpp */,
				12309C9A281A022500423625 /* Hitbox.hpp */,
				12309C9D281A022500423625 /* HitController.cpp */,
				12309C9B281A022500423625 /* HitController.hpp */,
				3D2D274C2832448A00159082 /* ImportCharHelper.cpp */,
				3D2D274D2832448A00159082 /* ImportCharHelper.hpp */,
			);
			path = Character;
			sourceTree = "<group>";
		};
		3D2D260D2831A4EB00159082 /* Core */ = {
			isa = PBXGroup;
			children = (
				3D2D27542833CA1200159082 /* ClientCore */,
				3D2D27502833C86F00159082 /* OfflineCore */,
			);
			path = Core;
			sourceTree = "<group>";
		};
		3D2D26972831BA3D00159082 /* Network */ = {
			isa = PBXGroup;
			children = (
				3D2D26982831BA3D00159082 /* ClientSide */,
				3D2D269C2831BA3D00159082 /* Packet */,
			);
			path = Network;
			sourceTree = "<group>";
		};
		3D2D26982831BA3D00159082 /* ClientSide */ = {
			isa = PBXGroup;
			children = (
				3D2D26992831BA3D00159082 /* clientSocket.cpp */,
				3D2D269A2831BA3D00159082 /* common.hpp */,
				3D2D269B2831BA3D00159082 /* clientSocket.hpp */,
			);
			path = ClientSide;
			sourceTree = "<group>";
		};
		3D2D269C2831BA3D00159082 /* Packet */ = {
			isa = PBXGroup;
			children = (
				3D2D269D2831BA3D00159082 /* eventPb.cpp */,
				3D2D26A52831BA3D00159082 /* eventPb.hpp */,
				3D2D269F2831BA3D00159082 /* gameData.pb.cc */,
				3D2D269E2831BA3D00159082 /* gameData.pb.h */,
				3D2D26A22831BA3D00159082 /* gameData.proto */,
				3D2D26A42831BA3D00159082 /* pbData.cpp */,
				3D2D26A12831BA3D00159082 /* pbData.hpp */,
				3D2D26A02831BA3D00159082 /* statePb.cpp */,
				3D2D26A32831BA3D00159082 /* statePb.hpp */,
			);
			path = Packet;
			sourceTree = "<group>";
		};
		3D2D26CB283231CD00159082 /* KGLEngine */ = {
			isa = PBXGroup;
			children = (
				3D2D26E8283231CD00159082 /* Engine.cpp */,
				3D2D26CC283231CD00159082 /* Engine.hpp */,
				3D2D26E9283231CD00159082 /* Geometry */,
				3D2D26F2283231CD00159082 /* Node */,
				3D2D26CD283231CD00159082 /* Shading */,
				3D2D26E3283231CD00159082 /* SkeletalAnimation */,
				3D2D26D8283231CD00159082 /* System */,
				3D2D26FC283231CD00159082 /* Toolkit */,
			);
			path = KGLEngine;
			sourceTree = "<group>";
		};
		3D2D26CD283231CD00159082 /* Shading */ = {
			isa = PBXGroup;
			children = (
				3D2D27212832363A00159082 /* AlphaShader.cpp */,
				3D2D26CE283231CD00159082 /* SpriteShader.cpp */,
				3D2D26CF283231CD00159082 /* Image.cpp */,
				3D2D26D0283231CD00159082 /* Texture.cpp */,
				3D2D26D1283231CD00159082 /* Shader.cpp */,
				3D2D26D2283231CD00159082 /* PBRShader.cpp */,
				3D2D26D3283231CD00159082 /* Particle3DShader.cpp */,
				3D2D26D4283231CD00159082 /* ParticleShader.cpp */,
				3D2D26D5283231CD00159082 /* Texture.hpp */,
				3D2D26D6283231CD00159082 /* Shader.hpp */,
				3D2D26D7283231CD00159082 /* Image.hpp */,
			);
			path = Shading;
			sourceTree = "<group>";
		};
		3D2D26D8283231CD00159082 /* System */ = {
			isa = PBXGroup;
			children = (
				3D2D26DE283231CD00159082 /* Animation.cpp */,
				3D2D26DB283231CD00159082 /* Animation.hpp */,
				3D2D26E0283231CD00159082 /* AudioBuffer.cpp */,
				3D2D26DD283231CD00159082 /* AudioBuffer.hpp */,
				3D2D26DC283231CD00159082 /* Font.cpp */,
				3D2D26DF283231CD00159082 /* Font.hpp */,
				3D2D26DA283231CD00159082 /* FontLibrary.cpp */,
				3D2D26E2283231CD00159082 /* FontLibrary.hpp */,
				3D2D26D9283231CD00159082 /* Input.cpp */,
				3D2D26E1283231CD00159082 /* Input.hpp */,
			);
			path = System;
			sourceTree = "<group>";
		};
		3D2D26E3283231CD00159082 /* SkeletalAnimation */ = {
			isa = PBXGroup;
			children = (
				3D2D26E4283231CD00159082 /* Bone.cpp */,
				3D2D26E5283231CD00159082 /* Animator.hpp */,
				3D2D26E6283231CD00159082 /* Animator.cpp */,
				3D2D26E7283231CD00159082 /* Bone.hpp */,
			);
			path = SkeletalAnimation;
			sourceTree = "<group>";
		};
		3D2D26E9283231CD00159082 /* Geometry */ = {
			isa = PBXGroup;
			children = (
				3D2D26EA283231CD00159082 /* Geometry.cpp */,
				3D2D26EB283231CD00159082 /* Sprite.cpp */,
				3D2D26EC283231CD00159082 /* Particle3DRenderer.cpp */,
				3D2D26ED283231CD00159082 /* UnitCube.cpp */,
				3D2D26EE283231CD00159082 /* Skybox.cpp */,
				3D2D26EF283231CD00159082 /* TextRenderer.cpp */,
				3D2D26F0283231CD00159082 /* Geometry.hpp */,
				3D2D26F1283231CD00159082 /* ParticleRenderer.cpp */,
			);
			path = Geometry;
			sourceTree = "<group>";
		};
		3D2D26F2283231CD00159082 /* Node */ = {
			isa = PBXGroup;
			children = (
				3D2D26F3283231CD00159082 /* UINode.cpp */,
				3D2D26F4283231CD00159082 /* Particle3DNode.cpp */,
				3D2D26F5283231CD00159082 /* Node.cpp */,
				3D2D26F6283231CD00159082 /* TextNode.cpp */,
				3D2D26F7283231CD00159082 /* Node.hpp */,
				3D2D26F8283231CD00159082 /* SpriteNode.cpp */,
				3D2D26F9283231CD00159082 /* CameraNode.cpp */,
				3D2D26FA283231CD00159082 /* ParticleNode.cpp */,
				3D2D26FB283231CD00159082 /* LightNode.cpp */,
			);
			path = Node;
			sourceTree = "<group>";
		};
		3D2D26FC283231CD00159082 /* Toolkit */ = {
			isa = PBXGroup;
			children = (
				3D2D26FD283231CD00159082 /* keys.h */,
				3D2D26FE283231CD00159082 /* libraries.h */,
				3D2D26FF283231CD00159082 /* stb_image.h */,
				3D2D2700283231CD00159082 /* assimp_helper.h */,
				3D2D2701283231CD00159082 /* glm_helper.h */,
			);
			path = Toolkit;
			sourceTree = "<group>";
		};
		3D2D27502833C86F00159082 /* OfflineCore */ = {
			isa = PBXGroup;
			children = (
				3D2D27512833C86F00159082 /* OfflineCore.cpp */,
				3D2D27522833C86F00159082 /* OfflineCore.hpp */,
			);
			path = OfflineCore;
			sourceTree = "<group>";
		};
		3D2D27542833CA1200159082 /* ClientCore */ = {
			isa = PBXGroup;
			children = (
				3D2D27552833CA1200159082 /* ClientCore.cpp */,
				3D2D27562833CA1200159082 /* ClientCore.hpp */,
			);
			path = ClientCore;
			sourceTree = "<group>";
		};
		3D2D27582834220100159082 /* Magic */ = {
			isa = PBXGroup;
			children = (
				3D2D276F2834220100159082 /* AllMagic.inc */,
				3D2D27662834220100159082 /* BaseMagic.cpp */,
				3D2D27622834220100159082 /* BaseMagic.hpp */,
				3D2D275B2834220100159082 /* FireBall.cpp */,
				3D2D276A2834220100159082 /* FireBall.hpp */,
				3D2D27612834220100159082 /* Flame.cpp */,
				3D2D27652834220100159082 /* Flame.hpp */,
				E265F1902834446E008B4AD0 /* DragonMagic.cpp */,
				E265F1912834446E008B4AD0 /* DragonMagic.hpp */,
				3D2D27682834220100159082 /* GroundSmash.cpp */,
				3D2D27592834220100159082 /* GroundSmash.hpp */,
				3D2D275D2834220100159082 /* LightningSpear.cpp */,
				3D2D276C2834220100159082 /* LightningSpear.hpp */,
				3D2D27632834220100159082 /* Projectile.cpp */,
				3D2D27672834220100159082 /* Projectile.hpp */,
				3D2D27692834220100159082 /* StoneBlast.cpp */,
				3D2D275A2834220100159082 /* StoneBlast.hpp */,
				3D2D27602834220100159082 /* ThousandBlade.cpp */,
				3D2D27642834220100159082 /* ThousandBlade.hpp */,
				3D2D276E2834220100159082 /* Thunder.cpp */,
				3D2D275F2834220100159082 /* Thunder.hpp */,
				3D2D275C2834220100159082 /* ThunderShock.cpp */,
				3D2D276B2834220100159082 /* ThunderShock.hpp */,
				E265F2612835661D008B4AD0 /* LightningPhalanx.cpp */,
				E265F2622835661D008B4AD0 /* LightningPhalanx.hpp */,
			);
			path = Magic;
			sourceTree = "<group>";
		};
		3DD5A5B1282FAAE30010B1A5 /* Credits */ = {
			isa = PBXGroup;
			children = (
				3DD5A5B2282FAAE30010B1A5 /* credits.txt */,
			);
			path = Credits;
			sourceTree = "<group>";
		};
		C294F8B827FCF903002B6550 = {
			isa = PBXGroup;
			children = (
				3DD5A5B1282FAAE30010B1A5 /* Credits */,
				C294F8C327FCF903002B6550 /* Eternal_Ritual */,
				C294F8F327FCFB19002B6550 /* Frameworks */,
				C294F8C227FCF903002B6550 /* Products */,
				3DD5A5B3282FBDB80010B1A5 /* README.md */,
				C294F8F127FCFA37002B6550 /* Resources */,
				3DD5A5B5282FF8A40010B1A5 /* Sample */,
			);
			sourceTree = "<group>";
		};
		C294F8C227FCF903002B6550 /* Products */ = {
			isa = PBXGroup;
			children = (
				C294F8C127FCF903002B6550 /* Eternal_Ritual */,
			);
			name = Products;
			sourceTree = "<group>";
		};
		C294F8C327FCF903002B6550 /* Eternal_Ritual */ = {
			isa = PBXGroup;
			children = (
				3DD5A5D128319AE80010B1A5 /* client-main.cpp */,
				3D2D26262831AA1300159082 /* offline-main.cpp */,
				3D2D260D2831A4EB00159082 /* Core */,
				12EA9AF2280FE6B100541504 /* Game */,
				3D2D26CB283231CD00159082 /* KGLEngine */,
				3D2D26972831BA3D00159082 /* Network */,
			);
			path = Eternal_Ritual;
			sourceTree = "<group>";
		};
		C294F8F327FCFB19002B6550 /* Frameworks */ = {
			isa = PBXGroup;
			children = (
				3DD5A5B6282FFA510010B1A5 /* libprotobuf.dylib */,
				E21F17D1281DCB260099A81C /* libsfml-audio.2.5.1.dylib */,
				E21F17D2281DCB260099A81C /* libsfml-system.2.5.1.dylib */,
				C2F7795F28078726001A214D /* libfreetype.6.dylib */,
				C294F8FA27FCFB2E002B6550 /* libassimp.5.2.0.dylib */,
				C294F8F827FCFB27002B6550 /* libGLEW.2.2.0.dylib */,
				C294F8F627FCFB22002B6550 /* libglfw.3.3.dylib */,
				C294F8F427FCFB19002B6550 /* OpenGL.framework */,
			);
			name = Frameworks;
			sourceTree = "<group>";
		};
		E28020832813159700A810E7 /* Map */ = {
			isa = PBXGroup;
			children = (
				3D47059C282BD8230068156B /* HittableObject.cpp */,
				3D47059D282BD8230068156B /* HittableObject.hpp */,
				E2802084281315AF00A810E7 /* MapBoxObject.cpp */,
				E2802085281315AF00A810E7 /* MapBoxObject.hpp */,
				E2802087281315C000A810E7 /* MapSystemManager.cpp */,
				E2802088281315C000A810E7 /* MapSystemManager.hpp */,
				3D2D26C82831D53E00159082 /* ImportMapHelper.cpp */,
				3D2D26C92831D53E00159082 /* ImportMapHelper.hpp */,
			);
			path = Map;
			sourceTree = "<group>";
		};
/* End PBXGroup section */

/* Begin PBXNativeTarget section */
		C294F8C027FCF903002B6550 /* Eternal_Ritual */ = {
			isa = PBXNativeTarget;
			buildConfigurationList = C294F8C827FCF903002B6550 /* Build configuration list for PBXNativeTarget "Eternal_Ritual" */;
			buildPhases = (
				C294F8F227FCFAFC002B6550 /* ShellScript */,
				C294F8BD27FCF903002B6550 /* Sources */,
				C294F8BE27FCF903002B6550 /* Frameworks */,
				C294F8BF27FCF903002B6550 /* CopyFiles */,
			);
			buildRules = (
			);
			dependencies = (
			);
			name = Eternal_Ritual;
			productName = KGLEngine;
			productReference = C294F8C127FCF903002B6550 /* Eternal_Ritual */;
			productType = "com.apple.product-type.tool";
		};
/* End PBXNativeTarget section */

/* Begin PBXProject section */
		C294F8B927FCF903002B6550 /* Project object */ = {
			isa = PBXProject;
			attributes = {
				BuildIndependentTargetsInParallel = 1;
				LastUpgradeCheck = 1300;
				TargetAttributes = {
					C294F8C027FCF903002B6550 = {
						CreatedOnToolsVersion = 13.0;
					};
				};
			};
			buildConfigurationList = C294F8BC27FCF903002B6550 /* Build configuration list for PBXProject "Eternal_Ritual" */;
			compatibilityVersion = "Xcode 13.0";
			developmentRegion = en;
			hasScannedForEncodings = 0;
			knownRegions = (
				en,
				Base,
			);
			mainGroup = C294F8B827FCF903002B6550;
			productRefGroup = C294F8C227FCF903002B6550 /* Products */;
			projectDirPath = "";
			projectRoot = "";
			targets = (
				C294F8C027FCF903002B6550 /* Eternal_Ritual */,
			);
		};
/* End PBXProject section */

/* Begin PBXShellScriptBuildPhase section */
		C294F8F227FCFAFC002B6550 /* ShellScript */ = {
			isa = PBXShellScriptBuildPhase;
			buildActionMask = 2147483647;
			files = (
			);
			inputFileListPaths = (
			);
			inputPaths = (
			);
			outputFileListPaths = (
			);
			outputPaths = (
			);
			runOnlyForDeploymentPostprocessing = 0;
			shellPath = /bin/sh;
			shellScript = "cp -R ${PROJECT_DIR}/Resources ${BUILT_PRODUCTS_DIR}\n";
		};
/* End PBXShellScriptBuildPhase section */

/* Begin PBXSourcesBuildPhase section */
		C294F8BD27FCF903002B6550 /* Sources */ = {
			isa = PBXSourcesBuildPhase;
			buildActionMask = 2147483647;
			files = (
				3D2D274E2832448A00159082 /* ImportCharHelper.cpp in Sources */,
				3D47059E282BD8230068156B /* HittableObject.cpp in Sources */,
				3D2D2706283231CD00159082 /* PBRShader.cpp in Sources */,
				3D2D271F283231CD00159082 /* LightNode.cpp in Sources */,
				3D2D2704283231CD00159082 /* Texture.cpp in Sources */,
				12309CA5281A022500423625 /* Hitbox.cpp in Sources */,
				3D2D2707283231CD00159082 /* Particle3DShader.cpp in Sources */,
				12EA9AF1280FE68900541504 /* CharNode.cpp in Sources */,
				3D2D27712834220100159082 /* ThunderShock.cpp in Sources */,
				3D2D277A2834220100159082 /* Thunder.cpp in Sources */,
				3D2D27702834220100159082 /* FireBall.cpp in Sources */,
				3D2D27532833C86F00159082 /* OfflineCore.cpp in Sources */,
				3D2D270B283231CD00159082 /* Font.cpp in Sources */,
				3D2D27782834220100159082 /* GroundSmash.cpp in Sources */,
				12309CA6281A022500423625 /* HitController.cpp in Sources */,
				E265F2632835661D008B4AD0 /* LightningPhalanx.cpp in Sources */,
				E2802089281315C000A810E7 /* MapSystemManager.cpp in Sources */,
				3D2D27752834220100159082 /* Flame.cpp in Sources */,
				E2802086281315AF00A810E7 /* MapBoxObject.cpp in Sources */,
				3D2D2708283231CD00159082 /* ParticleShader.cpp in Sources */,
				3D2D270D283231CD00159082 /* AudioBuffer.cpp in Sources */,
				3D2D27232832363A00159082 /* AlphaShader.cpp in Sources */,
				3D2D2712283231CD00159082 /* Sprite.cpp in Sources */,
				3D2D26CA2831D53E00159082 /* ImportMapHelper.cpp in Sources */,
				3D2D2713283231CD00159082 /* Particle3DRenderer.cpp in Sources */,
				3D2D2710283231CD00159082 /* Engine.cpp in Sources */,
				3D2D27722834220100159082 /* LightningSpear.cpp in Sources */,
				3D2D27742834220100159082 /* ThousandBlade.cpp in Sources */,
				3D2D277B2834220100159082 /* AllMagic.inc in Sources */,
				3D2D2703283231CD00159082 /* Image.cpp in Sources */,
				3D2D2715283231CD00159082 /* Skybox.cpp in Sources */,
				3D2D2716283231CD00159082 /* TextRenderer.cpp in Sources */,
				3D2D271B283231CD00159082 /* TextNode.cpp in Sources */,
				3D2D26272831AA1300159082 /* offline-main.cpp in Sources */,
				3D2D270A283231CD00159082 /* FontLibrary.cpp in Sources */,
				3D2D27762834220100159082 /* Projectile.cpp in Sources */,
				3D2D270F283231CD00159082 /* Animator.cpp in Sources */,
				3D2D270C283231CD00159082 /* Animation.cpp in Sources */,
				3D2D2711283231CD00159082 /* Geometry.cpp in Sources */,
				3D2D2719283231CD00159082 /* Particle3DNode.cpp in Sources */,
				E265F1922834446E008B4AD0 /* DragonMagic.cpp in Sources */,
				3D2D2705283231CD00159082 /* Shader.cpp in Sources */,
				3D2D27792834220100159082 /* StoneBlast.cpp in Sources */,
				3D2D2714283231CD00159082 /* UnitCube.cpp in Sources */,
				3D2D271D283231CD00159082 /* CameraNode.cpp in Sources */,
				3D2D270E283231CD00159082 /* Bone.cpp in Sources */,
				3D2D2709283231CD00159082 /* Input.cpp in Sources */,
				3D2D2702283231CD00159082 /* SpriteShader.cpp in Sources */,
				3D2D2717283231CD00159082 /* ParticleRenderer.cpp in Sources */,
				3D2D27772834220100159082 /* BaseMagic.cpp in Sources */,
				3D2D2718283231CD00159082 /* UINode.cpp in Sources */,
				3D2D271C283231CD00159082 /* SpriteNode.cpp in Sources */,
				3D2D271A283231CD00159082 /* Node.cpp in Sources */,
				3D2D271E283231CD00159082 /* ParticleNode.cpp in Sources */,
			);
			runOnlyForDeploymentPostprocessing = 0;
		};
/* End PBXSourcesBuildPhase section */

/* Begin XCBuildConfiguration section */
		C294F8C627FCF903002B6550 /* Debug */ = {
			isa = XCBuildConfiguration;
			buildSettings = {
				ALWAYS_SEARCH_USER_PATHS = NO;
				CLANG_ANALYZER_NONNULL = YES;
				CLANG_ANALYZER_NUMBER_OBJECT_CONVERSION = YES_AGGRESSIVE;
				CLANG_CXX_LANGUAGE_STANDARD = "gnu++17";
				CLANG_CXX_LIBRARY = "libc++";
				CLANG_ENABLE_MODULES = YES;
				CLANG_ENABLE_OBJC_ARC = YES;
				CLANG_ENABLE_OBJC_WEAK = YES;
				CLANG_WARN_BLOCK_CAPTURE_AUTORELEASING = YES;
				CLANG_WARN_BOOL_CONVERSION = YES;
				CLANG_WARN_COMMA = YES;
				CLANG_WARN_CONSTANT_CONVERSION = YES;
				CLANG_WARN_DEPRECATED_OBJC_IMPLEMENTATIONS = YES;
				CLANG_WARN_DIRECT_OBJC_ISA_USAGE = YES_ERROR;
				CLANG_WARN_DOCUMENTATION_COMMENTS = YES;
				CLANG_WARN_EMPTY_BODY = YES;
				CLANG_WARN_ENUM_CONVERSION = YES;
				CLANG_WARN_INFINITE_RECURSION = YES;
				CLANG_WARN_INT_CONVERSION = YES;
				CLANG_WARN_NON_LITERAL_NULL_CONVERSION = YES;
				CLANG_WARN_OBJC_IMPLICIT_RETAIN_SELF = YES;
				CLANG_WARN_OBJC_LITERAL_CONVERSION = YES;
				CLANG_WARN_OBJC_ROOT_CLASS = YES_ERROR;
				CLANG_WARN_QUOTED_INCLUDE_IN_FRAMEWORK_HEADER = YES;
				CLANG_WARN_RANGE_LOOP_ANALYSIS = YES;
				CLANG_WARN_STRICT_PROTOTYPES = YES;
				CLANG_WARN_SUSPICIOUS_MOVE = YES;
				CLANG_WARN_UNGUARDED_AVAILABILITY = YES_AGGRESSIVE;
				CLANG_WARN_UNREACHABLE_CODE = YES;
				CLANG_WARN__DUPLICATE_METHOD_MATCH = YES;
				COPY_PHASE_STRIP = NO;
				DEBUG_INFORMATION_FORMAT = dwarf;
				ENABLE_STRICT_OBJC_MSGSEND = YES;
				ENABLE_TESTABILITY = YES;
				GCC_C_LANGUAGE_STANDARD = gnu11;
				GCC_DYNAMIC_NO_PIC = NO;
				GCC_NO_COMMON_BLOCKS = YES;
				GCC_OPTIMIZATION_LEVEL = 0;
				GCC_PREPROCESSOR_DEFINITIONS = (
					"DEBUG=1",
					"$(inherited)",
				);
				GCC_WARN_64_TO_32_BIT_CONVERSION = YES;
				GCC_WARN_ABOUT_RETURN_TYPE = YES_ERROR;
				GCC_WARN_UNDECLARED_SELECTOR = YES;
				GCC_WARN_UNINITIALIZED_AUTOS = YES_AGGRESSIVE;
				GCC_WARN_UNUSED_FUNCTION = YES;
				GCC_WARN_UNUSED_VARIABLE = YES;
				MACOSX_DEPLOYMENT_TARGET = 11.3;
				MTL_ENABLE_DEBUG_INFO = INCLUDE_SOURCE;
				MTL_FAST_MATH = YES;
				ONLY_ACTIVE_ARCH = YES;
				SDKROOT = macosx;
			};
			name = Debug;
		};
		C294F8C727FCF903002B6550 /* Release */ = {
			isa = XCBuildConfiguration;
			buildSettings = {
				ALWAYS_SEARCH_USER_PATHS = NO;
				CLANG_ANALYZER_NONNULL = YES;
				CLANG_ANALYZER_NUMBER_OBJECT_CONVERSION = YES_AGGRESSIVE;
				CLANG_CXX_LANGUAGE_STANDARD = "gnu++17";
				CLANG_CXX_LIBRARY = "libc++";
				CLANG_ENABLE_MODULES = YES;
				CLANG_ENABLE_OBJC_ARC = YES;
				CLANG_ENABLE_OBJC_WEAK = YES;
				CLANG_WARN_BLOCK_CAPTURE_AUTORELEASING = YES;
				CLANG_WARN_BOOL_CONVERSION = YES;
				CLANG_WARN_COMMA = YES;
				CLANG_WARN_CONSTANT_CONVERSION = YES;
				CLANG_WARN_DEPRECATED_OBJC_IMPLEMENTATIONS = YES;
				CLANG_WARN_DIRECT_OBJC_ISA_USAGE = YES_ERROR;
				CLANG_WARN_DOCUMENTATION_COMMENTS = YES;
				CLANG_WARN_EMPTY_BODY = YES;
				CLANG_WARN_ENUM_CONVERSION = YES;
				CLANG_WARN_INFINITE_RECURSION = YES;
				CLANG_WARN_INT_CONVERSION = YES;
				CLANG_WARN_NON_LITERAL_NULL_CONVERSION = YES;
				CLANG_WARN_OBJC_IMPLICIT_RETAIN_SELF = YES;
				CLANG_WARN_OBJC_LITERAL_CONVERSION = YES;
				CLANG_WARN_OBJC_ROOT_CLASS = YES_ERROR;
				CLANG_WARN_QUOTED_INCLUDE_IN_FRAMEWORK_HEADER = YES;
				CLANG_WARN_RANGE_LOOP_ANALYSIS = YES;
				CLANG_WARN_STRICT_PROTOTYPES = YES;
				CLANG_WARN_SUSPICIOUS_MOVE = YES;
				CLANG_WARN_UNGUARDED_AVAILABILITY = YES_AGGRESSIVE;
				CLANG_WARN_UNREACHABLE_CODE = YES;
				CLANG_WARN__DUPLICATE_METHOD_MATCH = YES;
				COPY_PHASE_STRIP = NO;
				DEBUG_INFORMATION_FORMAT = "dwarf-with-dsym";
				ENABLE_NS_ASSERTIONS = NO;
				ENABLE_STRICT_OBJC_MSGSEND = YES;
				GCC_C_LANGUAGE_STANDARD = gnu11;
				GCC_NO_COMMON_BLOCKS = YES;
				GCC_WARN_64_TO_32_BIT_CONVERSION = YES;
				GCC_WARN_ABOUT_RETURN_TYPE = YES_ERROR;
				GCC_WARN_UNDECLARED_SELECTOR = YES;
				GCC_WARN_UNINITIALIZED_AUTOS = YES_AGGRESSIVE;
				GCC_WARN_UNUSED_FUNCTION = YES;
				GCC_WARN_UNUSED_VARIABLE = YES;
				MACOSX_DEPLOYMENT_TARGET = 11.3;
				MTL_ENABLE_DEBUG_INFO = NO;
				MTL_FAST_MATH = YES;
				SDKROOT = macosx;
			};
			name = Release;
		};
		C294F8C927FCF903002B6550 /* Debug */ = {
			isa = XCBuildConfiguration;
			buildSettings = {
				CLANG_WARN_DOCUMENTATION_COMMENTS = NO;
				CODE_SIGN_STYLE = Automatic;
				DEVELOPMENT_ASSET_PATHS = "";
				HEADER_SEARCH_PATHS = (
					/opt/homebrew/include/,
					/opt/homebrew/Cellar/freetype/2.12.0/include/freetype2,
				);
				LIBRARY_SEARCH_PATHS = (
					/opt/homebrew/Cellar/glfw/3.3.7/lib,
					/opt/homebrew/Cellar/glew/2.2.0_1/lib,
					/opt/homebrew/Cellar/glm/0.9.9.8/lib,
					/opt/homebrew/Cellar/assimp/5.2.3/lib,
					/opt/homebrew/Cellar/freetype/2.12.0/lib,
					/opt/homebrew/Cellar/sfml/2.5.1_1/lib,
					/opt/homebrew/Cellar/protobuf/3.19.4/lib,
				);
				MACOSX_DEPLOYMENT_TARGET = 12.0;
				PRODUCT_NAME = "$(TARGET_NAME)";
				USER_HEADER_SEARCH_PATHS = "\"$(SRCROOT)/Eternal_Ritual\"";
				VALIDATE_WORKSPACE_SKIPPED_SDK_FRAMEWORKS = OpenGL;
			};
			name = Debug;
		};
		C294F8CA27FCF903002B6550 /* Release */ = {
			isa = XCBuildConfiguration;
			buildSettings = {
				CLANG_WARN_DOCUMENTATION_COMMENTS = NO;
				CODE_SIGN_STYLE = Automatic;
				DEVELOPMENT_ASSET_PATHS = "";
				HEADER_SEARCH_PATHS = (
					/opt/homebrew/include/,
					/opt/homebrew/Cellar/freetype/2.12.0/include/freetype2,
				);
				LIBRARY_SEARCH_PATHS = (
					/opt/homebrew/Cellar/glfw/3.3.7/lib,
					/opt/homebrew/Cellar/glew/2.2.0_1/lib,
					/opt/homebrew/Cellar/glm/0.9.9.8/lib,
					/opt/homebrew/Cellar/assimp/5.2.3/lib,
					/opt/homebrew/Cellar/freetype/2.12.0/lib,
					/opt/homebrew/Cellar/sfml/2.5.1_1/lib,
					/opt/homebrew/Cellar/protobuf/3.19.4/lib,
				);
				MACOSX_DEPLOYMENT_TARGET = 12.0;
				PRODUCT_NAME = "$(TARGET_NAME)";
				USER_HEADER_SEARCH_PATHS = "\"$(SRCROOT)/Eternal_Ritual\"";
				VALIDATE_WORKSPACE_SKIPPED_SDK_FRAMEWORKS = OpenGL;
			};
			name = Release;
		};
/* End XCBuildConfiguration section */

/* Begin XCConfigurationList section */
		C294F8BC27FCF903002B6550 /* Build configuration list for PBXProject "Eternal_Ritual" */ = {
			isa = XCConfigurationList;
			buildConfigurations = (
				C294F8C627FCF903002B6550 /* Debug */,
				C294F8C727FCF903002B6550 /* Release */,
			);
			defaultConfigurationIsVisible = 0;
			defaultConfigurationName = Release;
		};
		C294F8C827FCF903002B6550 /* Build configuration list for PBXNativeTarget "Eternal_Ritual" */ = {
			isa = XCConfigurationList;
			buildConfigurations = (
				C294F8C927FCF903002B6550 /* Debug */,
				C294F8CA27FCF903002B6550 /* Release */,
			);
			defaultConfigurationIsVisible = 0;
			defaultConfigurationName = Release;
		};
/* End XCConfigurationList section */
	};
	rootObject = C294F8B927FCF903002B6550 /* Project object */;
}
