
Microsoft Visual Studio Solution File, Format Version 12.00
# Visual Studio Version 16
Project("{2150E333-8FDC-42A3-9474-1A3956D46DE8}") = "CMakeTargets", "CMakeTargets", "{C5BD712D-B4C2-3B07-8795-E33740B5D252}"
EndProject
Project("{2150E333-8FDC-42A3-9474-1A3956D46DE8}") = "Component", "Component", "{4FFAE314-057D-38AE-AAAC-570BB066FBEB}"
EndProject
Project("{2150E333-8FDC-42A3-9474-1A3956D46DE8}") = "Core", "Core", "{DDC4B4F3-A94C-3FC3-A3E9-6D1A8F658C1E}"
EndProject
Project("{8BC9CEB8-8B4A-11D0-8D11-00A0C91BC942}") = "ALL_BUILD", "ALL_BUILD.vcxproj", "{8E84D71D-15AE-34C3-AC07-59304BCA1CB1}"
	ProjectSection(ProjectDependencies) = postProject
		{3F50A476-8B3A-3FF9-904D-E9A19A2A2160} = {3F50A476-8B3A-3FF9-904D-E9A19A2A2160}
		{535E4E8D-D425-3A9F-BF3E-C0583EC74CF3} = {535E4E8D-D425-3A9F-BF3E-C0583EC74CF3}
	EndProjectSection
EndProject
Project("{8BC9CEB8-8B4A-11D0-8D11-00A0C91BC942}") = "ClientCore", "ClientCore.vcxproj", "{3F50A476-8B3A-3FF9-904D-E9A19A2A2160}"
	ProjectSection(ProjectDependencies) = postProject
		{4D47FE8C-BC41-38FA-84D0-E4ACB262111F} = {4D47FE8C-BC41-38FA-84D0-E4ACB262111F}
		{0B70DC8B-5FA5-356F-A0A6-25EB601A9FC4} = {0B70DC8B-5FA5-356F-A0A6-25EB601A9FC4}
		{98A2BA90-8FD8-3B66-BBA3-78754D83E2D6} = {98A2BA90-8FD8-3B66-BBA3-78754D83E2D6}
		{535E4E8D-D425-3A9F-BF3E-C0583EC74CF3} = {535E4E8D-D425-3A9F-BF3E-C0583EC74CF3}
	EndProjectSection
EndProject
Project("{8BC9CEB8-8B4A-11D0-8D11-00A0C91BC942}") = "Game", "..\..\Game\Game.vcxproj", "{4D47FE8C-BC41-38FA-84D0-E4ACB262111F}"
	ProjectSection(ProjectDependencies) = postProject
		{0B70DC8B-5FA5-356F-A0A6-25EB601A9FC4} = {0B70DC8B-5FA5-356F-A0A6-25EB601A9FC4}
		{535E4E8D-D425-3A9F-BF3E-C0583EC74CF3} = {535E4E8D-D425-3A9F-BF3E-C0583EC74CF3}
	EndProjectSection
EndProject
Project("{8BC9CEB8-8B4A-11D0-8D11-00A0C91BC942}") = "KGLEngine", "..\..\KGLEngine\KGLEngine.vcxproj", "{0B70DC8B-5FA5-356F-A0A6-25EB601A9FC4}"
	ProjectSection(ProjectDependencies) = postProject
		{535E4E8D-D425-3A9F-BF3E-C0583EC74CF3} = {535E4E8D-D425-3A9F-BF3E-C0583EC74CF3}
	EndProjectSection
EndProject
Project("{8BC9CEB8-8B4A-11D0-8D11-00A0C91BC942}") = "Network", "..\..\Network\Network.vcxproj", "{98A2BA90-8FD8-3B66-BBA3-78754D83E2D6}"
	ProjectSection(ProjectDependencies) = postProject
		{535E4E8D-D425-3A9F-BF3E-C0583EC74CF3} = {535E4E8D-D425-3A9F-BF3E-C0583EC74CF3}
	EndProjectSection
EndProject
Project("{8BC9CEB8-8B4A-11D0-8D11-00A0C91BC942}") = "ZERO_CHECK", "..\..\..\\ZERO_CHECK.vcxproj", "{535E4E8D-D425-3A9F-BF3E-C0583EC74CF3}"
	ProjectSection(ProjectDependencies) = postProject
	EndProjectSection
EndProject
Global
	GlobalSection(SolutionConfigurationPlatforms) = preSolution
		Debug|x64 = Debug|x64
		Release|x64 = Release|x64
		MinSizeRel|x64 = MinSizeRel|x64
		RelWithDebInfo|x64 = RelWithDebInfo|x64
	EndGlobalSection
	GlobalSection(ProjectConfigurationPlatforms) = postSolution
		{8E84D71D-15AE-34C3-AC07-59304BCA1CB1}.Debug|x64.ActiveCfg = Debug|x64
		{8E84D71D-15AE-34C3-AC07-59304BCA1CB1}.Release|x64.ActiveCfg = Release|x64
		{8E84D71D-15AE-34C3-AC07-59304BCA1CB1}.MinSizeRel|x64.ActiveCfg = MinSizeRel|x64
		{8E84D71D-15AE-34C3-AC07-59304BCA1CB1}.RelWithDebInfo|x64.ActiveCfg = RelWithDebInfo|x64
		{3F50A476-8B3A-3FF9-904D-E9A19A2A2160}.Debug|x64.ActiveCfg = Debug|x64
		{3F50A476-8B3A-3FF9-904D-E9A19A2A2160}.Debug|x64.Build.0 = Debug|x64
		{3F50A476-8B3A-3FF9-904D-E9A19A2A2160}.Release|x64.ActiveCfg = Release|x64
		{3F50A476-8B3A-3FF9-904D-E9A19A2A2160}.Release|x64.Build.0 = Release|x64
		{3F50A476-8B3A-3FF9-904D-E9A19A2A2160}.MinSizeRel|x64.ActiveCfg = MinSizeRel|x64
		{3F50A476-8B3A-3FF9-904D-E9A19A2A2160}.MinSizeRel|x64.Build.0 = MinSizeRel|x64
		{3F50A476-8B3A-3FF9-904D-E9A19A2A2160}.RelWithDebInfo|x64.ActiveCfg = RelWithDebInfo|x64
		{3F50A476-8B3A-3FF9-904D-E9A19A2A2160}.RelWithDebInfo|x64.Build.0 = RelWithDebInfo|x64
		{4D47FE8C-BC41-38FA-84D0-E4ACB262111F}.Debug|x64.ActiveCfg = Debug|x64
		{4D47FE8C-BC41-38FA-84D0-E4ACB262111F}.Debug|x64.Build.0 = Debug|x64
		{4D47FE8C-BC41-38FA-84D0-E4ACB262111F}.Release|x64.ActiveCfg = Release|x64
		{4D47FE8C-BC41-38FA-84D0-E4ACB262111F}.Release|x64.Build.0 = Release|x64
		{4D47FE8C-BC41-38FA-84D0-E4ACB262111F}.MinSizeRel|x64.ActiveCfg = MinSizeRel|x64
		{4D47FE8C-BC41-38FA-84D0-E4ACB262111F}.MinSizeRel|x64.Build.0 = MinSizeRel|x64
		{4D47FE8C-BC41-38FA-84D0-E4ACB262111F}.RelWithDebInfo|x64.ActiveCfg = RelWithDebInfo|x64
		{4D47FE8C-BC41-38FA-84D0-E4ACB262111F}.RelWithDebInfo|x64.Build.0 = RelWithDebInfo|x64
		{0B70DC8B-5FA5-356F-A0A6-25EB601A9FC4}.Debug|x64.ActiveCfg = Debug|x64
		{0B70DC8B-5FA5-356F-A0A6-25EB601A9FC4}.Debug|x64.Build.0 = Debug|x64
		{0B70DC8B-5FA5-356F-A0A6-25EB601A9FC4}.Release|x64.ActiveCfg = Release|x64
		{0B70DC8B-5FA5-356F-A0A6-25EB601A9FC4}.Release|x64.Build.0 = Release|x64
		{0B70DC8B-5FA5-356F-A0A6-25EB601A9FC4}.MinSizeRel|x64.ActiveCfg = MinSizeRel|x64
		{0B70DC8B-5FA5-356F-A0A6-25EB601A9FC4}.MinSizeRel|x64.Build.0 = MinSizeRel|x64
		{0B70DC8B-5FA5-356F-A0A6-25EB601A9FC4}.RelWithDebInfo|x64.ActiveCfg = RelWithDebInfo|x64
		{0B70DC8B-5FA5-356F-A0A6-25EB601A9FC4}.RelWithDebInfo|x64.Build.0 = RelWithDebInfo|x64
		{98A2BA90-8FD8-3B66-BBA3-78754D83E2D6}.Debug|x64.ActiveCfg = Debug|x64
		{98A2BA90-8FD8-3B66-BBA3-78754D83E2D6}.Debug|x64.Build.0 = Debug|x64
		{98A2BA90-8FD8-3B66-BBA3-78754D83E2D6}.Release|x64.ActiveCfg = Release|x64
		{98A2BA90-8FD8-3B66-BBA3-78754D83E2D6}.Release|x64.Build.0 = Release|x64
		{98A2BA90-8FD8-3B66-BBA3-78754D83E2D6}.MinSizeRel|x64.ActiveCfg = MinSizeRel|x64
		{98A2BA90-8FD8-3B66-BBA3-78754D83E2D6}.MinSizeRel|x64.Build.0 = MinSizeRel|x64
		{98A2BA90-8FD8-3B66-BBA3-78754D83E2D6}.RelWithDebInfo|x64.ActiveCfg = RelWithDebInfo|x64
		{98A2BA90-8FD8-3B66-BBA3-78754D83E2D6}.RelWithDebInfo|x64.Build.0 = RelWithDebInfo|x64
		{535E4E8D-D425-3A9F-BF3E-C0583EC74CF3}.Debug|x64.ActiveCfg = Debug|x64
		{535E4E8D-D425-3A9F-BF3E-C0583EC74CF3}.Debug|x64.Build.0 = Debug|x64
		{535E4E8D-D425-3A9F-BF3E-C0583EC74CF3}.Release|x64.ActiveCfg = Release|x64
		{535E4E8D-D425-3A9F-BF3E-C0583EC74CF3}.Release|x64.Build.0 = Release|x64
		{535E4E8D-D425-3A9F-BF3E-C0583EC74CF3}.MinSizeRel|x64.ActiveCfg = MinSizeRel|x64
		{535E4E8D-D425-3A9F-BF3E-C0583EC74CF3}.MinSizeRel|x64.Build.0 = MinSizeRel|x64
		{535E4E8D-D425-3A9F-BF3E-C0583EC74CF3}.RelWithDebInfo|x64.ActiveCfg = RelWithDebInfo|x64
		{535E4E8D-D425-3A9F-BF3E-C0583EC74CF3}.RelWithDebInfo|x64.Build.0 = RelWithDebInfo|x64
	EndGlobalSection
	GlobalSection(NestedProjects) = preSolution
		{8E84D71D-15AE-34C3-AC07-59304BCA1CB1} = {C5BD712D-B4C2-3B07-8795-E33740B5D252}
		{535E4E8D-D425-3A9F-BF3E-C0583EC74CF3} = {C5BD712D-B4C2-3B07-8795-E33740B5D252}
		{4D47FE8C-BC41-38FA-84D0-E4ACB262111F} = {4FFAE314-057D-38AE-AAAC-570BB066FBEB}
		{0B70DC8B-5FA5-356F-A0A6-25EB601A9FC4} = {4FFAE314-057D-38AE-AAAC-570BB066FBEB}
		{98A2BA90-8FD8-3B66-BBA3-78754D83E2D6} = {4FFAE314-057D-38AE-AAAC-570BB066FBEB}
		{3F50A476-8B3A-3FF9-904D-E9A19A2A2160} = {DDC4B4F3-A94C-3FC3-A3E9-6D1A8F658C1E}
	EndGlobalSection
	GlobalSection(ExtensibilityGlobals) = postSolution
		SolutionGuid = {A904F534-A304-37B8-B11A-9A95F689DA4E}
	EndGlobalSection
	GlobalSection(ExtensibilityAddIns) = postSolution
	EndGlobalSection
EndGlobal
