<?xml version="1.0" encoding="utf-8"?>
<Project ToolsVersion="16.0" xmlns="http://schemas.microsoft.com/developer/msbuild/2003">
  <ItemGroup>
    <ClCompile Include="C:\Users\ziz012\DESKTOP\cse125-sp22-group5-main\Eternal_Ritual\ServerGame\server-main.cpp" />
  </ItemGroup>
  <ItemGroup>
    <CustomBuild Include="C:\Users\ziz012\DESKTOP\cse125-sp22-group5-main\Eternal_Ritual\ServerGame\CMakeLists.txt" />
  </ItemGroup>
  <ItemGroup>
  </ItemGroup>
</Project>
