// !$*UTF8*$!
{
	archiveVersion = 1;
	classes = {
	};
	objectVersion = 55;
	objects = {

/* Begin PBXBuildFile section */
		C2EE65FE27F9FCB5004010C2 /* main.cpp in Sources */ = {isa = PBXBuildFile; fileRef = C2EE65FD27F9FCB5004010C2 /* main.cpp */; };
		C2EE660A27F9FF39004010C2 /* OpenGL.framework in Frameworks */ = {isa = PBXBuildFile; fileRef = C2EE660927F9FF39004010C2 /* OpenGL.framework */; };
		C2EE660C27F9FF40004010C2 /* libglfw.3.3.dylib in Frameworks */ = {isa = PBXBuildFile; fileRef = C2EE660B27F9FF40004010C2 /* libglfw.3.3.dylib */; };
		C2EE660E27F9FF48004010C2 /* libGLEW.2.2.0.dylib in Frameworks */ = {isa = PBXBuildFile; fileRef = C2EE660D27F9FF48004010C2 /* libGLEW.2.2.0.dylib */; };
		C2EE661027F9FF4F004010C2 /* libassimp.5.2.0.dylib in Frameworks */ = {isa = PBXBuildFile; fileRef = C2EE660F27F9FF4F004010C2 /* libassimp.5.2.0.dylib */; };
		C2EE662227FA0048004010C2 /* node.cpp in Sources */ = {isa = PBXBuildFile; fileRef = C2EE661527FA0048004010C2 /* node.cpp */; };
		C2EE662327FA0048004010C2 /* engine.cpp in Sources */ = {isa = PBXBuildFile; fileRef = C2EE661627FA0048004010C2 /* engine.cpp */; };
		C2EE662427FA0048004010C2 /* input.cpp in Sources */ = {isa = PBXBuildFile; fileRef = C2EE661927FA0048004010C2 /* input.cpp */; };
		C2EE662527FA0048004010C2 /* shader.cpp in Sources */ = {isa = PBXBuildFile; fileRef = C2EE661C27FA0048004010C2 /* shader.cpp */; };
		C2EE662627FA0048004010C2 /* texture.cpp in Sources */ = {isa = PBXBuildFile; fileRef = C2EE661E27FA0048004010C2 /* texture.cpp */; };
		C2EE662727FA0048004010C2 /* image.cpp in Sources */ = {isa = PBXBuildFile; fileRef = C2EE662027FA0048004010C2 /* image.cpp */; };
		C2EE662827FA0048004010C2 /* geometry.cpp in Sources */ = {isa = PBXBuildFile; fileRef = C2EE662127FA0048004010C2 /* geometry.cpp */; };
/* End PBXBuildFile section */

/* Begin PBXCopyFilesBuildPhase section */
		C2EE65F827F9FCB5004010C2 /* CopyFiles */ = {
			isa = PBXCopyFilesBuildPhase;
			buildActionMask = 2147483647;
			dstPath = /usr/share/man/man1/;
			dstSubfolderSpec = 0;
			files = (
			);
			runOnlyForDeploymentPostprocessing = 1;
		};
/* End PBXCopyFilesBuildPhase section */

/* Begin PBXFileReference section */
		C2EE65FA27F9FCB5004010C2 /* Overcross */ = {isa = PBXFileReference; explicitFileType = "compiled.mach-o.executable"; includeInIndex = 0; path = Overcross; sourceTree = BUILT_PRODUCTS_DIR; };
		C2EE65FD27F9FCB5004010C2 /* main.cpp */ = {isa = PBXFileReference; lastKnownFileType = sourcecode.cpp.cpp; path = main.cpp; sourceTree = "<group>"; };
		C2EE660427F9FCE6004010C2 /* Resources */ = {isa = PBXFileReference; lastKnownFileType = folder; path = Resources; sourceTree = "<group>"; };
		C2EE660927F9FF39004010C2 /* OpenGL.framework */ = {isa = PBXFileReference; lastKnownFileType = wrapper.framework; name = OpenGL.framework; path = System/Library/Frameworks/OpenGL.framework; sourceTree = SDKROOT; };
		C2EE660B27F9FF40004010C2 /* libglfw.3.3.dylib */ = {isa = PBXFileReference; lastKnownFileType = "compiled.mach-o.dylib"; name = libglfw.3.3.dylib; path = ../../../../opt/homebrew/Cellar/glfw/3.3.6/lib/libglfw.3.3.dylib; sourceTree = "<group>"; };
		C2EE660D27F9FF48004010C2 /* libGLEW.2.2.0.dylib */ = {isa = PBXFileReference; lastKnownFileType = "compiled.mach-o.dylib"; name = libGLEW.2.2.0.dylib; path = ../../../../opt/homebrew/Cellar/glew/2.2.0_1/lib/libGLEW.2.2.0.dylib; sourceTree = "<group>"; };
		C2EE660F27F9FF4F004010C2 /* libassimp.5.2.0.dylib */ = {isa = PBXFileReference; lastKnownFileType = "compiled.mach-o.dylib"; name = libassimp.5.2.0.dylib; path = ../../../../opt/homebrew/Cellar/assimp/5.2.3/lib/libassimp.5.2.0.dylib; sourceTree = "<group>"; };
		C2EE661127FA0029004010C2 /* stb_image.h */ = {isa = PBXFileReference; fileEncoding = 4; lastKnownFileType = sourcecode.c.h; path = stb_image.h; sourceTree = "<group>"; };
		C2EE661227FA0029004010C2 /* common.h */ = {isa = PBXFileReference; fileEncoding = 4; lastKnownFileType = sourcecode.c.h; path = common.h; sourceTree = "<group>"; };
		C2EE661327FA0029004010C2 /* keys.h */ = {isa = PBXFileReference; fileEncoding = 4; lastKnownFileType = sourcecode.c.h; path = keys.h; sourceTree = "<group>"; };
		C2EE661427FA0048004010C2 /* texture.hpp */ = {isa = PBXFileReference; fileEncoding = 4; lastKnownFileType = sourcecode.cpp.h; path = texture.hpp; sourceTree = "<group>"; };
		C2EE661527FA0048004010C2 /* node.cpp */ = {isa = PBXFileReference; fileEncoding = 4; lastKnownFileType = sourcecode.cpp.cpp; path = node.cpp; sourceTree = "<group>"; };
		C2EE661627FA0048004010C2 /* engine.cpp */ = {isa = PBXFileReference; fileEncoding = 4; lastKnownFileType = sourcecode.cpp.cpp; path = engine.cpp; sourceTree = "<group>"; };
		C2EE661727FA0048004010C2 /* node.hpp */ = {isa = PBXFileReference; fileEncoding = 4; lastKnownFileType = sourcecode.cpp.h; path = node.hpp; sourceTree = "<group>"; };
		C2EE661827FA0048004010C2 /* input.hpp */ = {isa = PBXFileReference; fileEncoding = 4; lastKnownFileType = sourcecode.cpp.h; path = input.hpp; sourceTree = "<group>"; };
		C2EE661927FA0048004010C2 /* input.cpp */ = {isa = PBXFileReference; fileEncoding = 4; lastKnownFileType = sourcecode.cpp.cpp; path = input.cpp; sourceTree = "<group>"; };
		C2EE661A27FA0048004010C2 /* image.hpp */ = {isa = PBXFileReference; fileEncoding = 4; lastKnownFileType = sourcecode.cpp.h; path = image.hpp; sourceTree = "<group>"; };
		C2EE661B27FA0048004010C2 /* engine.hpp */ = {isa = PBXFileReference; fileEncoding = 4; lastKnownFileType = sourcecode.cpp.h; path = engine.hpp; sourceTree = "<group>"; };
		C2EE661C27FA0048004010C2 /* shader.cpp */ = {isa = PBXFileReference; fileEncoding = 4; lastKnownFileType = sourcecode.cpp.cpp; path = shader.cpp; sourceTree = "<group>"; };
		C2EE661D27FA0048004010C2 /* geometry.hpp */ = {isa = PBXFileReference; fileEncoding = 4; lastKnownFileType = sourcecode.cpp.h; path = geometry.hpp; sourceTree = "<group>"; };
		C2EE661E27FA0048004010C2 /* texture.cpp */ = {isa = PBXFileReference; fileEncoding = 4; lastKnownFileType = sourcecode.cpp.cpp; path = texture.cpp; sourceTree = "<group>"; };
		C2EE661F27FA0048004010C2 /* shader.hpp */ = {isa = PBXFileReference; fileEncoding = 4; lastKnownFileType = sourcecode.cpp.h; path = shader.hpp; sourceTree = "<group>"; };
		C2EE662027FA0048004010C2 /* image.cpp */ = {isa = PBXFileReference; fileEncoding = 4; lastKnownFileType = sourcecode.cpp.cpp; path = image.cpp; sourceTree = "<group>"; };
		C2EE662127FA0048004010C2 /* geometry.cpp */ = {isa = PBXFileReference; fileEncoding = 4; lastKnownFileType = sourcecode.cpp.cpp; path = geometry.cpp; sourceTree = "<group>"; };
/* End PBXFileReference section */

/* Begin PBXFrameworksBuildPhase section */
		C2EE65F727F9FCB5004010C2 /* Frameworks */ = {
			isa = PBXFrameworksBuildPhase;
			buildActionMask = 2147483647;
			files = (
				C2EE660A27F9FF39004010C2 /* OpenGL.framework in Frameworks */,
				C2EE660C27F9FF40004010C2 /* libglfw.3.3.dylib in Frameworks */,
				C2EE660E27F9FF48004010C2 /* libGLEW.2.2.0.dylib in Frameworks */,
				C2EE661027F9FF4F004010C2 /* libassimp.5.2.0.dylib in Frameworks */,
			);
			runOnlyForDeploymentPostprocessing = 0;
		};
/* End PBXFrameworksBuildPhase section */

/* Begin PBXGroup section */
		C2EE65F127F9FCB5004010C2 = {
			isa = PBXGroup;
			children = (
				C2EE65FC27F9FCB5004010C2 /* Overcross */,
				C2EE65FB27F9FCB5004010C2 /* Products */,
				C2EE660827F9FF39004010C2 /* Frameworks */,
			);
			sourceTree = "<group>";
		};
		C2EE65FB27F9FCB5004010C2 /* Products */ = {
			isa = PBXGroup;
			children = (
				C2EE65FA27F9FCB5004010C2 /* Overcross */,
			);
			name = Products;
			sourceTree = "<group>";
		};
		C2EE65FC27F9FCB5004010C2 /* Overcross */ = {
			isa = PBXGroup;
			children = (
				C2EE660427F9FCE6004010C2 /* Resources */,
				C2EE660527F9FEAA004010C2 /* Engine */,
				C2EE65FD27F9FCB5004010C2 /* main.cpp */,
			);
			path = Overcross;
			sourceTree = "<group>";
		};
		C2EE660527F9FEAA004010C2 /* Engine */ = {
			isa = PBXGroup;
			children = (
				C2EE660627F9FEBB004010C2 /* Toolkit */,
				C2EE661B27FA0048004010C2 /* engine.hpp */,
				C2EE661627FA0048004010C2 /* engine.cpp */,
				C2EE661827FA0048004010C2 /* input.hpp */,
				C2EE661927FA0048004010C2 /* input.cpp */,
				C2EE661A27FA0048004010C2 /* image.hpp */,
				C2EE662027FA0048004010C2 /* image.cpp */,
				C2EE661427FA0048004010C2 /* texture.hpp */,
				C2EE661E27FA0048004010C2 /* texture.cpp */,
				C2EE661F27FA0048004010C2 /* shader.hpp */,
				C2EE661C27FA0048004010C2 /* shader.cpp */,
				C2EE661D27FA0048004010C2 /* geometry.hpp */,
				C2EE662127FA0048004010C2 /* geometry.cpp */,
				C2EE661727FA0048004010C2 /* node.hpp */,
				C2EE661527FA0048004010C2 /* node.cpp */,
			);
			path = Engine;
			sourceTree = "<group>";
		};
		C2EE660627F9FEBB004010C2 /* Toolkit */ = {
			isa = PBXGroup;
			children = (
				C2EE661227FA0029004010C2 /* common.h */,
				C2EE661327FA0029004010C2 /* keys.h */,
				C2EE661127FA0029004010C2 /* stb_image.h */,
			);
			path = Toolkit;
			sourceTree = "<group>";
		};
		C2EE660827F9FF39004010C2 /* Frameworks */ = {
			isa = PBXGroup;
			children = (
				C2EE660F27F9FF4F004010C2 /* libassimp.5.2.0.dylib */,
				C2EE660D27F9FF48004010C2 /* libGLEW.2.2.0.dylib */,
				C2EE660B27F9FF40004010C2 /* libglfw.3.3.dylib */,
				C2EE660927F9FF39004010C2 /* OpenGL.framework */,
			);
			name = Frameworks;
			sourceTree = "<group>";
		};
/* End PBXGroup section */

/* Begin PBXNativeTarget section */
		C2EE65F927F9FCB5004010C2 /* Overcross */ = {
			isa = PBXNativeTarget;
			buildConfigurationList = C2EE660127F9FCB5004010C2 /* Build configuration list for PBXNativeTarget "Overcross" */;
			buildPhases = (
				C2EE660727F9FF1E004010C2 /* ShellScript */,
				C2EE65F627F9FCB5004010C2 /* Sources */,
				C2EE65F727F9FCB5004010C2 /* Frameworks */,
				C2EE65F827F9FCB5004010C2 /* CopyFiles */,
			);
			buildRules = (
			);
			dependencies = (
			);
			name = Overcross;
			productName = Overcross;
			productReference = C2EE65FA27F9FCB5004010C2 /* Overcross */;
			productType = "com.apple.product-type.tool";
		};
/* End PBXNativeTarget section */

/* Begin PBXProject section */
		C2EE65F227F9FCB5004010C2 /* Project object */ = {
			isa = PBXProject;
			attributes = {
				BuildIndependentTargetsInParallel = 1;
				LastUpgradeCheck = 1300;
				TargetAttributes = {
					C2EE65F927F9FCB5004010C2 = {
						CreatedOnToolsVersion = 13.0;
					};
				};
			};
			buildConfigurationList = C2EE65F527F9FCB5004010C2 /* Build configuration list for PBXProject "Overcross" */;
			compatibilityVersion = "Xcode 13.0";
			developmentRegion = en;
			hasScannedForEncodings = 0;
			knownRegions = (
				en,
				Base,
			);
			mainGroup = C2EE65F127F9FCB5004010C2;
			productRefGroup = C2EE65FB27F9FCB5004010C2 /* Products */;
			projectDirPath = "";
			projectRoot = "";
			targets = (
				C2EE65F927F9FCB5004010C2 /* Overcross */,
			);
		};
/* End PBXProject section */

/* Begin PBXShellScriptBuildPhase section */
		C2EE660727F9FF1E004010C2 /* ShellScript */ = {
			isa = PBXShellScriptBuildPhase;
			buildActionMask = 2147483647;
			files = (
			);
			inputFileListPaths = (
			);
			inputPaths = (
			);
			outputFileListPaths = (
			);
			outputPaths = (
			);
			runOnlyForDeploymentPostprocessing = 0;
			shellPath = /bin/sh;
			shellScript = "cp -R ${PROJECT_DIR}/Overcross/Resources ${BUILT_PRODUCTS_DIR}\n";
		};
/* End PBXShellScriptBuildPhase section */

/* Begin PBXSourcesBuildPhase section */
		C2EE65F627F9FCB5004010C2 /* Sources */ = {
			isa = PBXSourcesBuildPhase;
			buildActionMask = 2147483647;
			files = (
				C2EE662627FA0048004010C2 /* texture.cpp in Sources */,
				C2EE662527FA0048004010C2 /* shader.cpp in Sources */,
				C2EE662827FA0048004010C2 /* geometry.cpp in Sources */,
				C2EE662327FA0048004010C2 /* engine.cpp in Sources */,
				C2EE662727FA0048004010C2 /* image.cpp in Sources */,
				C2EE662227FA0048004010C2 /* node.cpp in Sources */,
				C2EE65FE27F9FCB5004010C2 /* main.cpp in Sources */,
				C2EE662427FA0048004010C2 /* input.cpp in Sources */,
			);
			runOnlyForDeploymentPostprocessing = 0;
		};
/* End PBXSourcesBuildPhase section */

/* Begin XCBuildConfiguration section */
		C2EE65FF27F9FCB5004010C2 /* Debug */ = {
			isa = XCBuildConfiguration;
			buildSettings = {
				ALWAYS_SEARCH_USER_PATHS = NO;
				CLANG_ANALYZER_NONNULL = YES;
				CLANG_ANALYZER_NUMBER_OBJECT_CONVERSION = YES_AGGRESSIVE;
				CLANG_CXX_LANGUAGE_STANDARD = "gnu++17";
				CLANG_CXX_LIBRARY = "libc++";
				CLANG_ENABLE_MODULES = YES;
				CLANG_ENABLE_OBJC_ARC = YES;
				CLANG_ENABLE_OBJC_WEAK = YES;
				CLANG_WARN_BLOCK_CAPTURE_AUTORELEASING = YES;
				CLANG_WARN_BOOL_CONVERSION = YES;
				CLANG_WARN_COMMA = YES;
				CLANG_WARN_CONSTANT_CONVERSION = YES;
				CLANG_WARN_DEPRECATED_OBJC_IMPLEMENTATIONS = YES;
				CLANG_WARN_DIRECT_OBJC_ISA_USAGE = YES_ERROR;
				CLANG_WARN_DOCUMENTATION_COMMENTS = YES;
				CLANG_WARN_EMPTY_BODY = YES;
				CLANG_WARN_ENUM_CONVERSION = YES;
				CLANG_WARN_INFINITE_RECURSION = YES;
				CLANG_WARN_INT_CONVERSION = YES;
				CLANG_WARN_NON_LITERAL_NULL_CONVERSION = YES;
				CLANG_WARN_OBJC_IMPLICIT_RETAIN_SELF = YES;
				CLANG_WARN_OBJC_LITERAL_CONVERSION = YES;
				CLANG_WARN_OBJC_ROOT_CLASS = YES_ERROR;
				CLANG_WARN_QUOTED_INCLUDE_IN_FRAMEWORK_HEADER = YES;
				CLANG_WARN_RANGE_LOOP_ANALYSIS = YES;
				CLANG_WARN_STRICT_PROTOTYPES = YES;
				CLANG_WARN_SUSPICIOUS_MOVE = YES;
				CLANG_WARN_UNGUARDED_AVAILABILITY = YES_AGGRESSIVE;
				CLANG_WARN_UNREACHABLE_CODE = YES;
				CLANG_WARN__DUPLICATE_METHOD_MATCH = YES;
				COPY_PHASE_STRIP = NO;
				DEBUG_INFORMATION_FORMAT = dwarf;
				ENABLE_STRICT_OBJC_MSGSEND = YES;
				ENABLE_TESTABILITY = YES;
				GCC_C_LANGUAGE_STANDARD = gnu11;
				GCC_DYNAMIC_NO_PIC = NO;
				GCC_NO_COMMON_BLOCKS = YES;
				GCC_OPTIMIZATION_LEVEL = 0;
				GCC_PREPROCESSOR_DEFINITIONS = (
					"DEBUG=1",
					"$(inherited)",
				);
				GCC_WARN_64_TO_32_BIT_CONVERSION = YES;
				GCC_WARN_ABOUT_RETURN_TYPE = YES_ERROR;
				GCC_WARN_UNDECLARED_SELECTOR = YES;
				GCC_WARN_UNINITIALIZED_AUTOS = YES_AGGRESSIVE;
				GCC_WARN_UNUSED_FUNCTION = YES;
				GCC_WARN_UNUSED_VARIABLE = YES;
				MACOSX_DEPLOYMENT_TARGET = 11.3;
				MTL_ENABLE_DEBUG_INFO = INCLUDE_SOURCE;
				MTL_FAST_MATH = YES;
				ONLY_ACTIVE_ARCH = YES;
				SDKROOT = macosx;
			};
			name = Debug;
		};
		C2EE660027F9FCB5004010C2 /* Release */ = {
			isa = XCBuildConfiguration;
			buildSettings = {
				ALWAYS_SEARCH_USER_PATHS = NO;
				CLANG_ANALYZER_NONNULL = YES;
				CLANG_ANALYZER_NUMBER_OBJECT_CONVERSION = YES_AGGRESSIVE;
				CLANG_CXX_LANGUAGE_STANDARD = "gnu++17";
				CLANG_CXX_LIBRARY = "libc++";
				CLANG_ENABLE_MODULES = YES;
				CLANG_ENABLE_OBJC_ARC = YES;
				CLANG_ENABLE_OBJC_WEAK = YES;
				CLANG_WARN_BLOCK_CAPTURE_AUTORELEASING = YES;
				CLANG_WARN_BOOL_CONVERSION = YES;
				CLANG_WARN_COMMA = YES;
				CLANG_WARN_CONSTANT_CONVERSION = YES;
				CLANG_WARN_DEPRECATED_OBJC_IMPLEMENTATIONS = YES;
				CLANG_WARN_DIRECT_OBJC_ISA_USAGE = YES_ERROR;
				CLANG_WARN_DOCUMENTATION_COMMENTS = YES;
				CLANG_WARN_EMPTY_BODY = YES;
				CLANG_WARN_ENUM_CONVERSION = YES;
				CLANG_WARN_INFINITE_RECURSION = YES;
				CLANG_WARN_INT_CONVERSION = YES;
				CLANG_WARN_NON_LITERAL_NULL_CONVERSION = YES;
				CLANG_WARN_OBJC_IMPLICIT_RETAIN_SELF = YES;
				CLANG_WARN_OBJC_LITERAL_CONVERSION = YES;
				CLANG_WARN_OBJC_ROOT_CLASS = YES_ERROR;
				CLANG_WARN_QUOTED_INCLUDE_IN_FRAMEWORK_HEADER = YES;
				CLANG_WARN_RANGE_LOOP_ANALYSIS = YES;
				CLANG_WARN_STRICT_PROTOTYPES = YES;
				CLANG_WARN_SUSPICIOUS_MOVE = YES;
				CLANG_WARN_UNGUARDED_AVAILABILITY = YES_AGGRESSIVE;
				CLANG_WARN_UNREACHABLE_CODE = YES;
				CLANG_WARN__DUPLICATE_METHOD_MATCH = YES;
				COPY_PHASE_STRIP = NO;
				DEBUG_INFORMATION_FORMAT = "dwarf-with-dsym";
				ENABLE_NS_ASSERTIONS = NO;
				ENABLE_STRICT_OBJC_MSGSEND = YES;
				GCC_C_LANGUAGE_STANDARD = gnu11;
				GCC_NO_COMMON_BLOCKS = YES;
				GCC_WARN_64_TO_32_BIT_CONVERSION = YES;
				GCC_WARN_ABOUT_RETURN_TYPE = YES_ERROR;
				GCC_WARN_UNDECLARED_SELECTOR = YES;
				GCC_WARN_UNINITIALIZED_AUTOS = YES_AGGRESSIVE;
				GCC_WARN_UNUSED_FUNCTION = YES;
				GCC_WARN_UNUSED_VARIABLE = YES;
				MACOSX_DEPLOYMENT_TARGET = 11.3;
				MTL_ENABLE_DEBUG_INFO = NO;
				MTL_FAST_MATH = YES;
				SDKROOT = macosx;
			};
			name = Release;
		};
		C2EE660227F9FCB5004010C2 /* Debug */ = {
			isa = XCBuildConfiguration;
			buildSettings = {
				CLANG_WARN_DOCUMENTATION_COMMENTS = NO;
				CODE_SIGN_STYLE = Automatic;
				HEADER_SEARCH_PATHS = "\"/opt/homebrew/include/\"";
				LIBRARY_SEARCH_PATHS = (
					"\"/opt/homebrew/Cellar/glfw/3.3.6/lib\"",
					"\"/opt/homebrew/Cellar/glew/2.2.0_1/lib\"",
					"\"/opt/homebrew/Cellar/glm/0.9.9.8/lib\"",
					"\"/opt/homebrew/Cellar/assimp/5.2.3/lib\"",
				);
				PRODUCT_NAME = "$(TARGET_NAME)";
				VALIDATE_WORKSPACE_SKIPPED_SDK_FRAMEWORKS = OpenGL;
			};
			name = Debug;
		};
		C2EE660327F9FCB5004010C2 /* Release */ = {
			isa = XCBuildConfiguration;
			buildSettings = {
				CLANG_WARN_DOCUMENTATION_COMMENTS = NO;
				CODE_SIGN_STYLE = Automatic;
				HEADER_SEARCH_PATHS = "\"/opt/homebrew/include/\"";
				LIBRARY_SEARCH_PATHS = (
					"\"/opt/homebrew/Cellar/glfw/3.3.6/lib\"",
					"\"/opt/homebrew/Cellar/glew/2.2.0_1/lib\"",
					"\"/opt/homebrew/Cellar/glm/0.9.9.8/lib\"",
					"\"/opt/homebrew/Cellar/assimp/5.2.3/lib\"",
				);
				PRODUCT_NAME = "$(TARGET_NAME)";
				VALIDATE_WORKSPACE_SKIPPED_SDK_FRAMEWORKS = OpenGL;
			};
			name = Release;
		};
/* End XCBuildConfiguration section */

/* Begin XCConfigurationList section */
		C2EE65F527F9FCB5004010C2 /* Build configuration list for PBXProject "Overcross" */ = {
			isa = XCConfigurationList;
			buildConfigurations = (
				C2EE65FF27F9FCB5004010C2 /* Debug */,
				C2EE660027F9FCB5004010C2 /* Release */,
			);
			defaultConfigurationIsVisible = 0;
			defaultConfigurationName = Release;
		};
		C2EE660127F9FCB5004010C2 /* Build configuration list for PBXNativeTarget "Overcross" */ = {
			isa = XCConfigurationList;
			buildConfigurations = (
				C2EE660227F9FCB5004010C2 /* Debug */,
				C2EE660327F9FCB5004010C2 /* Release */,
			);
			defaultConfigurationIsVisible = 0;
			defaultConfigurationName = Release;
		};
/* End XCConfigurationList section */
	};
	rootObject = C2EE65F227F9FCB5004010C2 /* Project object */;
}
