// !$*UTF8*$!
{
	archiveVersion = 1;
	classes = {
	};
	objectVersion = 55;
	objects = {

/* Begin PBXBuildFile section */
		12309CA5281A022500423625 /* Hitbox.cpp in Sources */ = {isa = PBXBuildFile; fileRef = 12309C9C281A022500423625 /* Hitbox.cpp */; };
		12309CA6281A022500423625 /* HitController.cpp in Sources */ = {isa = PBXBuildFile; fileRef = 12309C9D281A022500423625 /* HitController.cpp */; };
		12309CA7281A022500423625 /* ThousandBlade.cpp in Sources */ = {isa = PBXBuildFile; fileRef = 12309CA0281A022500423625 /* ThousandBlade.cpp */; };
		12309CA8281A022500423625 /* BaseMagic.cpp in Sources */ = {isa = PBXBuildFile; fileRef = 12309CA3281A022500423625 /* BaseMagic.cpp */; };
		12309CA9281A022500423625 /* StoneBlast.cpp in Sources */ = {isa = PBXBuildFile; fileRef = 12309CA4281A022500423625 /* StoneBlast.cpp */; };
		1265315F281CC04800A712E1 /* Projectile.cpp in Sources */ = {isa = PBXBuildFile; fileRef = 1265315E281CC04800A712E1 /* Projectile.cpp */; };
		12EA9AF1280FE68900541504 /* CharNode.cpp in Sources */ = {isa = PBXBuildFile; fileRef = 12EA9AEF280FE68900541504 /* CharNode.cpp */; };
		C294F8F027FCF9A6002B6550 /* main.cpp in Sources */ = {isa = PBXBuildFile; fileRef = C294F8E527FCF9A6002B6550 /* main.cpp */; };
		C294F8F527FCFB19002B6550 /* OpenGL.framework in Frameworks */ = {isa = PBXBuildFile; fileRef = C294F8F427FCFB19002B6550 /* OpenGL.framework */; };
		C294F8F727FCFB22002B6550 /* libglfw.3.3.dylib in Frameworks */ = {isa = PBXBuildFile; fileRef = C294F8F627FCFB22002B6550 /* libglfw.3.3.dylib */; };
		C294F8F927FCFB27002B6550 /* libGLEW.2.2.0.dylib in Frameworks */ = {isa = PBXBuildFile; fileRef = C294F8F827FCFB27002B6550 /* libGLEW.2.2.0.dylib */; };
		C294F8FB27FCFB2E002B6550 /* libassimp.5.2.0.dylib in Frameworks */ = {isa = PBXBuildFile; fileRef = C294F8FA27FCFB2E002B6550 /* libassimp.5.2.0.dylib */; };
		C2F7796028078726001A214D /* libfreetype.6.dylib in Frameworks */ = {isa = PBXBuildFile; fileRef = C2F7795F28078726001A214D /* libfreetype.6.dylib */; };
		E21F177E281CF5EC0099A81C /* FireBall.cpp in Sources */ = {isa = PBXBuildFile; fileRef = E21F177C281CF5EC0099A81C /* FireBall.cpp */; };
		E21F17D3281DCB260099A81C /* libsfml-audio.2.5.1.dylib in Frameworks */ = {isa = PBXBuildFile; fileRef = E21F17D1281DCB260099A81C /* libsfml-audio.2.5.1.dylib */; };
		E21F17D5281DCB260099A81C /* libsfml-system.2.5.1.dylib in Frameworks */ = {isa = PBXBuildFile; fileRef = E21F17D2281DCB260099A81C /* libsfml-system.2.5.1.dylib */; };
		E21F180C281DD41F0099A81C /* SpriteShader.cpp in Sources */ = {isa = PBXBuildFile; fileRef = E21F17DB281DD41F0099A81C /* SpriteShader.cpp */; };
		E21F180D281DD41F0099A81C /* Image.cpp in Sources */ = {isa = PBXBuildFile; fileRef = E21F17DC281DD41F0099A81C /* Image.cpp */; };
		E21F180E281DD41F0099A81C /* Texture.cpp in Sources */ = {isa = PBXBuildFile; fileRef = E21F17DD281DD41F0099A81C /* Texture.cpp */; };
		E21F180F281DD41F0099A81C /* Shader.cpp in Sources */ = {isa = PBXBuildFile; fileRef = E21F17DE281DD41F0099A81C /* Shader.cpp */; };
		E21F1810281DD41F0099A81C /* PBRShader.cpp in Sources */ = {isa = PBXBuildFile; fileRef = E21F17DF281DD41F0099A81C /* PBRShader.cpp */; };
		E21F1811281DD41F0099A81C /* ParticleShader.cpp in Sources */ = {isa = PBXBuildFile; fileRef = E21F17E0281DD41F0099A81C /* ParticleShader.cpp */; };
		E21F1812281DD41F0099A81C /* Input.cpp in Sources */ = {isa = PBXBuildFile; fileRef = E21F17E5281DD41F0099A81C /* Input.cpp */; };
		E21F1813281DD41F0099A81C /* FontLibrary.cpp in Sources */ = {isa = PBXBuildFile; fileRef = E21F17E6281DD41F0099A81C /* FontLibrary.cpp */; };
		E21F1814281DD41F0099A81C /* Font.cpp in Sources */ = {isa = PBXBuildFile; fileRef = E21F17E8281DD41F0099A81C /* Font.cpp */; };
		E21F1815281DD41F0099A81C /* Animation.cpp in Sources */ = {isa = PBXBuildFile; fileRef = E21F17EA281DD41F0099A81C /* Animation.cpp */; };
		E21F1816281DD41F0099A81C /* AudioBuffer.cpp in Sources */ = {isa = PBXBuildFile; fileRef = E21F17EC281DD41F0099A81C /* AudioBuffer.cpp */; };
		E21F1817281DD41F0099A81C /* Bone.cpp in Sources */ = {isa = PBXBuildFile; fileRef = E21F17F0281DD41F0099A81C /* Bone.cpp */; };
		E21F1818281DD41F0099A81C /* Animator.cpp in Sources */ = {isa = PBXBuildFile; fileRef = E21F17F2281DD41F0099A81C /* Animator.cpp */; };
		E21F1819281DD41F0099A81C /* Engine.cpp in Sources */ = {isa = PBXBuildFile; fileRef = E21F17F4281DD41F0099A81C /* Engine.cpp */; };
		E21F181A281DD41F0099A81C /* Geometry.cpp in Sources */ = {isa = PBXBuildFile; fileRef = E21F17F6281DD41F0099A81C /* Geometry.cpp */; };
		E21F181B281DD41F0099A81C /* Sprite.cpp in Sources */ = {isa = PBXBuildFile; fileRef = E21F17F7281DD41F0099A81C /* Sprite.cpp */; };
		E21F181C281DD41F0099A81C /* UnitCube.cpp in Sources */ = {isa = PBXBuildFile; fileRef = E21F17F8281DD41F0099A81C /* UnitCube.cpp */; };
		E21F181D281DD41F0099A81C /* Skybox.cpp in Sources */ = {isa = PBXBuildFile; fileRef = E21F17F9281DD41F0099A81C /* Skybox.cpp */; };
		E21F181E281DD41F0099A81C /* TextRenderer.cpp in Sources */ = {isa = PBXBuildFile; fileRef = E21F17FA281DD41F0099A81C /* TextRenderer.cpp */; };
		E21F181F281DD41F0099A81C /* ParticleRenderer.cpp in Sources */ = {isa = PBXBuildFile; fileRef = E21F17FC281DD41F0099A81C /* ParticleRenderer.cpp */; };
		E21F1820281DD41F0099A81C /* UINode.cpp in Sources */ = {isa = PBXBuildFile; fileRef = E21F17FE281DD41F0099A81C /* UINode.cpp */; };
		E21F1821281DD41F0099A81C /* Node.cpp in Sources */ = {isa = PBXBuildFile; fileRef = E21F17FF281DD41F0099A81C /* Node.cpp */; };
		E21F1822281DD41F0099A81C /* TextNode.cpp in Sources */ = {isa = PBXBuildFile; fileRef = E21F1800281DD41F0099A81C /* TextNode.cpp */; };
		E21F1823281DD41F0099A81C /* SpriteNode.cpp in Sources */ = {isa = PBXBuildFile; fileRef = E21F1802281DD41F0099A81C /* SpriteNode.cpp */; };
		E21F1824281DD41F0099A81C /* CameraNode.cpp in Sources */ = {isa = PBXBuildFile; fileRef = E21F1803281DD41F0099A81C /* CameraNode.cpp */; };
		E21F1825281DD41F0099A81C /* ParticleNode.cpp in Sources */ = {isa = PBXBuildFile; fileRef = E21F1804281DD41F0099A81C /* ParticleNode.cpp */; };
		E21F1826281DD41F0099A81C /* LightNode.cpp in Sources */ = {isa = PBXBuildFile; fileRef = E21F1805281DD41F0099A81C /* LightNode.cpp */; };
		E21F182B2821DF5B0099A81C /* LightningSpear.cpp in Sources */ = {isa = PBXBuildFile; fileRef = E21F18292821DF5B0099A81C /* LightningSpear.cpp */; };
		E21F182D2822F9FD0099A81C /* Particle3DNode.cpp in Sources */ = {isa = PBXBuildFile; fileRef = E21F182C2822F9FD0099A81C /* Particle3DNode.cpp */; };
		E21F182F2822FB2B0099A81C /* Particle3DShader.cpp in Sources */ = {isa = PBXBuildFile; fileRef = E21F182E2822FB2B0099A81C /* Particle3DShader.cpp */; };
		E21F18312822FBFE0099A81C /* Particle3DRenderer.cpp in Sources */ = {isa = PBXBuildFile; fileRef = E21F18302822FBFE0099A81C /* Particle3DRenderer.cpp */; };
		E267FD172829AF5200DD6757 /* AlphaShader.cpp in Sources */ = {isa = PBXBuildFile; fileRef = E267FD152829AF5200DD6757 /* AlphaShader.cpp */; };
		E2802086281315AF00A810E7 /* MapBoxObject.cpp in Sources */ = {isa = PBXBuildFile; fileRef = E2802084281315AF00A810E7 /* MapBoxObject.cpp */; };
		E2802089281315C000A810E7 /* MapSystemManager.cpp in Sources */ = {isa = PBXBuildFile; fileRef = E2802087281315C000A810E7 /* MapSystemManager.cpp */; };
/* End PBXBuildFile section */

/* Begin PBXCopyFilesBuildPhase section */
		C294F8BF27FCF903002B6550 /* CopyFiles */ = {
			isa = PBXCopyFilesBuildPhase;
			buildActionMask = 2147483647;
			dstPath = /usr/share/man/man1/;
			dstSubfolderSpec = 0;
			files = (
			);
			runOnlyForDeploymentPostprocessing = 1;
		};
/* End PBXCopyFilesBuildPhase section */

/* Begin PBXFileReference section */
		122788D6281CDADB001A9188 /* magics.hpp */ = {isa = PBXFileReference; fileEncoding = 4; lastKnownFileType = sourcecode.cpp.h; path = magics.hpp; sourceTree = "<group>"; };
		12309C9A281A022500423625 /* Hitbox.hpp */ = {isa = PBXFileReference; fileEncoding = 4; lastKnownFileType = sourcecode.cpp.h; path = Hitbox.hpp; sourceTree = "<group>"; };
		12309C9B281A022500423625 /* HitController.hpp */ = {isa = PBXFileReference; fileEncoding = 4; lastKnownFileType = sourcecode.cpp.h; path = HitController.hpp; sourceTree = "<group>"; };
		12309C9C281A022500423625 /* Hitbox.cpp */ = {isa = PBXFileReference; fileEncoding = 4; lastKnownFileType = sourcecode.cpp.cpp; path = Hitbox.cpp; sourceTree = "<group>"; };
		12309C9D281A022500423625 /* HitController.cpp */ = {isa = PBXFileReference; fileEncoding = 4; lastKnownFileType = sourcecode.cpp.cpp; path = HitController.cpp; sourceTree = "<group>"; };
		12309C9F281A022500423625 /* StoneBlast.hpp */ = {isa = PBXFileReference; fileEncoding = 4; lastKnownFileType = sourcecode.cpp.h; path = StoneBlast.hpp; sourceTree = "<group>"; };
		12309CA0281A022500423625 /* ThousandBlade.cpp */ = {isa = PBXFileReference; fileEncoding = 4; lastKnownFileType = sourcecode.cpp.cpp; path = ThousandBlade.cpp; sourceTree = "<group>"; };
		12309CA1281A022500423625 /* BaseMagic.hpp */ = {isa = PBXFileReference; fileEncoding = 4; lastKnownFileType = sourcecode.cpp.h; path = BaseMagic.hpp; sourceTree = "<group>"; };
		12309CA2281A022500423625 /* ThousandBlade.hpp */ = {isa = PBXFileReference; fileEncoding = 4; lastKnownFileType = sourcecode.cpp.h; path = ThousandBlade.hpp; sourceTree = "<group>"; };
		12309CA3281A022500423625 /* BaseMagic.cpp */ = {isa = PBXFileReference; fileEncoding = 4; lastKnownFileType = sourcecode.cpp.cpp; path = BaseMagic.cpp; sourceTree = "<group>"; };
		12309CA4281A022500423625 /* StoneBlast.cpp */ = {isa = PBXFileReference; fileEncoding = 4; lastKnownFileType = sourcecode.cpp.cpp; path = StoneBlast.cpp; sourceTree = "<group>"; };
		1265315D281CC04800A712E1 /* Projectile.hpp */ = {isa = PBXFileReference; fileEncoding = 4; lastKnownFileType = sourcecode.cpp.h; path = Projectile.hpp; sourceTree = "<group>"; };
		1265315E281CC04800A712E1 /* Projectile.cpp */ = {isa = PBXFileReference; fileEncoding = 4; lastKnownFileType = sourcecode.cpp.cpp; path = Projectile.cpp; sourceTree = "<group>"; };
		12653161281CC42D00A712E1 /* includes.hpp */ = {isa = PBXFileReference; fileEncoding = 4; lastKnownFileType = sourcecode.cpp.h; path = includes.hpp; sourceTree = "<group>"; };
		12EA9AEF280FE68900541504 /* CharNode.cpp */ = {isa = PBXFileReference; lastKnownFileType = sourcecode.cpp.cpp; path = CharNode.cpp; sourceTree = "<group>"; };
		12EA9AF0280FE68900541504 /* CharNode.hpp */ = {isa = PBXFileReference; lastKnownFileType = sourcecode.cpp.h; path = CharNode.hpp; sourceTree = "<group>"; };
		C294F8C127FCF903002B6550 /* KGLEngine */ = {isa = PBXFileReference; explicitFileType = "compiled.mach-o.executable"; includeInIndex = 0; path = KGLEngine; sourceTree = BUILT_PRODUCTS_DIR; };
		C294F8E527FCF9A6002B6550 /* main.cpp */ = {isa = PBXFileReference; fileEncoding = 4; lastKnownFileType = sourcecode.cpp.cpp; path = main.cpp; sourceTree = "<group>"; };
		C294F8F127FCFA37002B6550 /* Resources */ = {isa = PBXFileReference; lastKnownFileType = folder; path = Resources; sourceTree = "<group>"; };
		C294F8F427FCFB19002B6550 /* OpenGL.framework */ = {isa = PBXFileReference; lastKnownFileType = wrapper.framework; name = OpenGL.framework; path = System/Library/Frameworks/OpenGL.framework; sourceTree = SDKROOT; };
		C294F8F627FCFB22002B6550 /* libglfw.3.3.dylib */ = {isa = PBXFileReference; lastKnownFileType = "compiled.mach-o.dylib"; name = libglfw.3.3.dylib; path = ../../../../opt/homebrew/Cellar/glfw/3.3.6/lib/libglfw.3.3.dylib; sourceTree = "<group>"; };
		C294F8F827FCFB27002B6550 /* libGLEW.2.2.0.dylib */ = {isa = PBXFileReference; lastKnownFileType = "compiled.mach-o.dylib"; name = libGLEW.2.2.0.dylib; path = ../../../../opt/homebrew/Cellar/glew/2.2.0_1/lib/libGLEW.2.2.0.dylib; sourceTree = "<group>"; };
		C294F8FA27FCFB2E002B6550 /* libassimp.5.2.0.dylib */ = {isa = PBXFileReference; lastKnownFileType = "compiled.mach-o.dylib"; name = libassimp.5.2.0.dylib; path = ../../../../opt/homebrew/Cellar/assimp/5.2.3/lib/libassimp.5.2.0.dylib; sourceTree = "<group>"; };
		C2F7795F28078726001A214D /* libfreetype.6.dylib */ = {isa = PBXFileReference; lastKnownFileType = "compiled.mach-o.dylib"; name = libfreetype.6.dylib; path = ../../../../opt/homebrew/Cellar/freetype/2.12.0/lib/libfreetype.6.dylib; sourceTree = "<group>"; };
		E21F177C281CF5EC0099A81C /* FireBall.cpp */ = {isa = PBXFileReference; lastKnownFileType = sourcecode.cpp.cpp; path = FireBall.cpp; sourceTree = "<group>"; };
		E21F177D281CF5EC0099A81C /* FireBall.hpp */ = {isa = PBXFileReference; lastKnownFileType = sourcecode.cpp.h; path = FireBall.hpp; sourceTree = "<group>"; };
		E21F17D1281DCB260099A81C /* libsfml-audio.2.5.1.dylib */ = {isa = PBXFileReference; lastKnownFileType = "compiled.mach-o.dylib"; name = "libsfml-audio.2.5.1.dylib"; path = "../../../../../../../../../opt/homebrew/Cellar/sfml/2.5.1_1/lib/libsfml-audio.2.5.1.dylib"; sourceTree = "<group>"; };
		E21F17D2281DCB260099A81C /* libsfml-system.2.5.1.dylib */ = {isa = PBXFileReference; lastKnownFileType = "compiled.mach-o.dylib"; name = "libsfml-system.2.5.1.dylib"; path = "../../../../../../../../../opt/homebrew/Cellar/sfml/2.5.1_1/lib/libsfml-system.2.5.1.dylib"; sourceTree = "<group>"; };
		E21F17D9281DD41F0099A81C /* Engine.hpp */ = {isa = PBXFileReference; fileEncoding = 4; lastKnownFileType = sourcecode.cpp.h; path = Engine.hpp; sourceTree = "<group>"; };
		E21F17DB281DD41F0099A81C /* SpriteShader.cpp */ = {isa = PBXFileReference; fileEncoding = 4; lastKnownFileType = sourcecode.cpp.cpp; path = SpriteShader.cpp; sourceTree = "<group>"; };
		E21F17DC281DD41F0099A81C /* Image.cpp */ = {isa = PBXFileReference; fileEncoding = 4; lastKnownFileType = sourcecode.cpp.cpp; path = Image.cpp; sourceTree = "<group>"; };
		E21F17DD281DD41F0099A81C /* Texture.cpp */ = {isa = PBXFileReference; fileEncoding = 4; lastKnownFileType = sourcecode.cpp.cpp; path = Texture.cpp; sourceTree = "<group>"; };
		E21F17DE281DD41F0099A81C /* Shader.cpp */ = {isa = PBXFileReference; fileEncoding = 4; lastKnownFileType = sourcecode.cpp.cpp; path = Shader.cpp; sourceTree = "<group>"; };
		E21F17DF281DD41F0099A81C /* PBRShader.cpp */ = {isa = PBXFileReference; fileEncoding = 4; lastKnownFileType = sourcecode.cpp.cpp; path = PBRShader.cpp; sourceTree = "<group>"; };
		E21F17E0281DD41F0099A81C /* ParticleShader.cpp */ = {isa = PBXFileReference; fileEncoding = 4; lastKnownFileType = sourcecode.cpp.cpp; path = ParticleShader.cpp; sourceTree = "<group>"; };
		E21F17E1281DD41F0099A81C /* Texture.hpp */ = {isa = PBXFileReference; fileEncoding = 4; lastKnownFileType = sourcecode.cpp.h; path = Texture.hpp; sourceTree = "<group>"; };
		E21F17E2281DD41F0099A81C /* Shader.hpp */ = {isa = PBXFileReference; fileEncoding = 4; lastKnownFileType = sourcecode.cpp.h; path = Shader.hpp; sourceTree = "<group>"; };
		E21F17E3281DD41F0099A81C /* Image.hpp */ = {isa = PBXFileReference; fileEncoding = 4; lastKnownFileType = sourcecode.cpp.h; path = Image.hpp; sourceTree = "<group>"; };
		E21F17E5281DD41F0099A81C /* Input.cpp */ = {isa = PBXFileReference; fileEncoding = 4; lastKnownFileType = sourcecode.cpp.cpp; path = Input.cpp; sourceTree = "<group>"; };
		E21F17E6281DD41F0099A81C /* FontLibrary.cpp */ = {isa = PBXFileReference; fileEncoding = 4; lastKnownFileType = sourcecode.cpp.cpp; path = FontLibrary.cpp; sourceTree = "<group>"; };
		E21F17E7281DD41F0099A81C /* Animation.hpp */ = {isa = PBXFileReference; fileEncoding = 4; lastKnownFileType = sourcecode.cpp.h; path = Animation.hpp; sourceTree = "<group>"; };
		E21F17E8281DD41F0099A81C /* Font.cpp */ = {isa = PBXFileReference; fileEncoding = 4; lastKnownFileType = sourcecode.cpp.cpp; path = Font.cpp; sourceTree = "<group>"; };
		E21F17E9281DD41F0099A81C /* AudioBuffer.hpp */ = {isa = PBXFileReference; fileEncoding = 4; lastKnownFileType = sourcecode.cpp.h; path = AudioBuffer.hpp; sourceTree = "<group>"; };
		E21F17EA281DD41F0099A81C /* Animation.cpp */ = {isa = PBXFileReference; fileEncoding = 4; lastKnownFileType = sourcecode.cpp.cpp; path = Animation.cpp; sourceTree = "<group>"; };
		E21F17EB281DD41F0099A81C /* Font.hpp */ = {isa = PBXFileReference; fileEncoding = 4; lastKnownFileType = sourcecode.cpp.h; path = Font.hpp; sourceTree = "<group>"; };
		E21F17EC281DD41F0099A81C /* AudioBuffer.cpp */ = {isa = PBXFileReference; fileEncoding = 4; lastKnownFileType = sourcecode.cpp.cpp; path = AudioBuffer.cpp; sourceTree = "<group>"; };
		E21F17ED281DD41F0099A81C /* Input.hpp */ = {isa = PBXFileReference; fileEncoding = 4; lastKnownFileType = sourcecode.cpp.h; path = Input.hpp; sourceTree = "<group>"; };
		E21F17EE281DD41F0099A81C /* FontLibrary.hpp */ = {isa = PBXFileReference; fileEncoding = 4; lastKnownFileType = sourcecode.cpp.h; path = FontLibrary.hpp; sourceTree = "<group>"; };
		E21F17F0281DD41F0099A81C /* Bone.cpp */ = {isa = PBXFileReference; fileEncoding = 4; lastKnownFileType = sourcecode.cpp.cpp; path = Bone.cpp; sourceTree = "<group>"; };
		E21F17F1281DD41F0099A81C /* Animator.hpp */ = {isa = PBXFileReference; fileEncoding = 4; lastKnownFileType = sourcecode.cpp.h; path = Animator.hpp; sourceTree = "<group>"; };
		E21F17F2281DD41F0099A81C /* Animator.cpp */ = {isa = PBXFileReference; fileEncoding = 4; lastKnownFileType = sourcecode.cpp.cpp; path = Animator.cpp; sourceTree = "<group>"; };
		E21F17F3281DD41F0099A81C /* Bone.hpp */ = {isa = PBXFileReference; fileEncoding = 4; lastKnownFileType = sourcecode.cpp.h; path = Bone.hpp; sourceTree = "<group>"; };
		E21F17F4281DD41F0099A81C /* Engine.cpp */ = {isa = PBXFileReference; fileEncoding = 4; lastKnownFileType = sourcecode.cpp.cpp; path = Engine.cpp; sourceTree = "<group>"; };
		E21F17F6281DD41F0099A81C /* Geometry.cpp */ = {isa = PBXFileReference; fileEncoding = 4; lastKnownFileType = sourcecode.cpp.cpp; path = Geometry.cpp; sourceTree = "<group>"; };
		E21F17F7281DD41F0099A81C /* Sprite.cpp */ = {isa = PBXFileReference; fileEncoding = 4; lastKnownFileType = sourcecode.cpp.cpp; path = Sprite.cpp; sourceTree = "<group>"; };
		E21F17F8281DD41F0099A81C /* UnitCube.cpp */ = {isa = PBXFileReference; fileEncoding = 4; lastKnownFileType = sourcecode.cpp.cpp; path = UnitCube.cpp; sourceTree = "<group>"; };
		E21F17F9281DD41F0099A81C /* Skybox.cpp */ = {isa = PBXFileReference; fileEncoding = 4; lastKnownFileType = sourcecode.cpp.cpp; path = Skybox.cpp; sourceTree = "<group>"; };
		E21F17FA281DD41F0099A81C /* TextRenderer.cpp */ = {isa = PBXFileReference; fileEncoding = 4; lastKnownFileType = sourcecode.cpp.cpp; path = TextRenderer.cpp; sourceTree = "<group>"; };
		E21F17FB281DD41F0099A81C /* Geometry.hpp */ = {isa = PBXFileReference; fileEncoding = 4; lastKnownFileType = sourcecode.cpp.h; path = Geometry.hpp; sourceTree = "<group>"; };
		E21F17FC281DD41F0099A81C /* ParticleRenderer.cpp */ = {isa = PBXFileReference; fileEncoding = 4; lastKnownFileType = sourcecode.cpp.cpp; path = ParticleRenderer.cpp; sourceTree = "<group>"; };
		E21F17FE281DD41F0099A81C /* UINode.cpp */ = {isa = PBXFileReference; fileEncoding = 4; lastKnownFileType = sourcecode.cpp.cpp; path = UINode.cpp; sourceTree = "<group>"; };
		E21F17FF281DD41F0099A81C /* Node.cpp */ = {isa = PBXFileReference; fileEncoding = 4; lastKnownFileType = sourcecode.cpp.cpp; path = Node.cpp; sourceTree = "<group>"; };
		E21F1800281DD41F0099A81C /* TextNode.cpp */ = {isa = PBXFileReference; fileEncoding = 4; lastKnownFileType = sourcecode.cpp.cpp; path = TextNode.cpp; sourceTree = "<group>"; };
		E21F1801281DD41F0099A81C /* Node.hpp */ = {isa = PBXFileReference; fileEncoding = 4; lastKnownFileType = sourcecode.cpp.h; path = Node.hpp; sourceTree = "<group>"; };
		E21F1802281DD41F0099A81C /* SpriteNode.cpp */ = {isa = PBXFileReference; fileEncoding = 4; lastKnownFileType = sourcecode.cpp.cpp; path = SpriteNode.cpp; sourceTree = "<group>"; };
		E21F1803281DD41F0099A81C /* CameraNode.cpp */ = {isa = PBXFileReference; fileEncoding = 4; lastKnownFileType = sourcecode.cpp.cpp; path = CameraNode.cpp; sourceTree = "<group>"; };
		E21F1804281DD41F0099A81C /* ParticleNode.cpp */ = {isa = PBXFileReference; fileEncoding = 4; lastKnownFileType = sourcecode.cpp.cpp; path = ParticleNode.cpp; sourceTree = "<group>"; };
		E21F1805281DD41F0099A81C /* LightNode.cpp */ = {isa = PBXFileReference; fileEncoding = 4; lastKnownFileType = sourcecode.cpp.cpp; path = LightNode.cpp; sourceTree = "<group>"; };
		E21F1807281DD41F0099A81C /* keys.h */ = {isa = PBXFileReference; fileEncoding = 4; lastKnownFileType = sourcecode.c.h; path = keys.h; sourceTree = "<group>"; };
		E21F1808281DD41F0099A81C /* libraries.h */ = {isa = PBXFileReference; fileEncoding = 4; lastKnownFileType = sourcecode.c.h; path = libraries.h; sourceTree = "<group>"; };
		E21F1809281DD41F0099A81C /* stb_image.h */ = {isa = PBXFileReference; fileEncoding = 4; lastKnownFileType = sourcecode.c.h; path = stb_image.h; sourceTree = "<group>"; };
		E21F180A281DD41F0099A81C /* assimp_helper.h */ = {isa = PBXFileReference; fileEncoding = 4; lastKnownFileType = sourcecode.c.h; path = assimp_helper.h; sourceTree = "<group>"; };
		E21F180B281DD41F0099A81C /* glm_helper.h */ = {isa = PBXFileReference; fileEncoding = 4; lastKnownFileType = sourcecode.c.h; path = glm_helper.h; sourceTree = "<group>"; };
		E21F18292821DF5B0099A81C /* LightningSpear.cpp */ = {isa = PBXFileReference; lastKnownFileType = sourcecode.cpp.cpp; path = LightningSpear.cpp; sourceTree = "<group>"; };
		E21F182A2821DF5B0099A81C /* LightningSpear.hpp */ = {isa = PBXFileReference; lastKnownFileType = sourcecode.cpp.h; path = LightningSpear.hpp; sourceTree = "<group>"; };
		E21F182C2822F9FD0099A81C /* Particle3DNode.cpp */ = {isa = PBXFileReference; lastKnownFileType = sourcecode.cpp.cpp; path = Particle3DNode.cpp; sourceTree = "<group>"; };
		E21F182E2822FB2B0099A81C /* Particle3DShader.cpp */ = {isa = PBXFileReference; lastKnownFileType = sourcecode.cpp.cpp; path = Particle3DShader.cpp; sourceTree = "<group>"; };
		E21F18302822FBFE0099A81C /* Particle3DRenderer.cpp */ = {isa = PBXFileReference; lastKnownFileType = sourcecode.cpp.cpp; path = Particle3DRenderer.cpp; sourceTree = "<group>"; };
		E267FD0B2829AB5500DD6757 /* global.hpp */ = {isa = PBXFileReference; lastKnownFileType = sourcecode.cpp.h; path = global.hpp; sourceTree = "<group>"; };
		E267FD152829AF5200DD6757 /* AlphaShader.cpp */ = {isa = PBXFileReference; fileEncoding = 4; lastKnownFileType = sourcecode.cpp.cpp; path = AlphaShader.cpp; sourceTree = "<group>"; };
		E267FD162829AF5200DD6757 /* AlphaShader.hpp */ = {isa = PBXFileReference; fileEncoding = 4; lastKnownFileType = sourcecode.cpp.h; path = AlphaShader.hpp; sourceTree = "<group>"; };
		E2802084281315AF00A810E7 /* MapBoxObject.cpp */ = {isa = PBXFileReference; lastKnownFileType = sourcecode.cpp.cpp; path = MapBoxObject.cpp; sourceTree = "<group>"; };
		E2802085281315AF00A810E7 /* MapBoxObject.hpp */ = {isa = PBXFileReference; lastKnownFileType = sourcecode.cpp.h; path = MapBoxObject.hpp; sourceTree = "<group>"; };
		E2802087281315C000A810E7 /* MapSystemManager.cpp */ = {isa = PBXFileReference; lastKnownFileType = sourcecode.cpp.cpp; path = MapSystemManager.cpp; sourceTree = "<group>"; };
		E2802088281315C000A810E7 /* MapSystemManager.hpp */ = {isa = PBXFileReference; lastKnownFileType = sourcecode.cpp.h; path = MapSystemManager.hpp; sourceTree = "<group>"; };
/* End PBXFileReference section */

/* Begin PBXFrameworksBuildPhase section */
		C294F8BE27FCF903002B6550 /* Frameworks */ = {
			isa = PBXFrameworksBuildPhase;
			buildActionMask = 2147483647;
			files = (
				C294F8F527FCFB19002B6550 /* OpenGL.framework in Frameworks */,
				C294F8F727FCFB22002B6550 /* libglfw.3.3.dylib in Frameworks */,
				C294F8F927FCFB27002B6550 /* libGLEW.2.2.0.dylib in Frameworks */,
				E21F17D5281DCB260099A81C /* libsfml-system.2.5.1.dylib in Frameworks */,
				E21F17D3281DCB260099A81C /* libsfml-audio.2.5.1.dylib in Frameworks */,
				C294F8FB27FCFB2E002B6550 /* libassimp.5.2.0.dylib in Frameworks */,
				C2F7796028078726001A214D /* libfreetype.6.dylib in Frameworks */,
			);
			runOnlyForDeploymentPostprocessing = 0;
		};
/* End PBXFrameworksBuildPhase section */

/* Begin PBXGroup section */
		12309C99281A022500423625 /* Hitbox */ = {
			isa = PBXGroup;
			children = (
				12309C9A281A022500423625 /* Hitbox.hpp */,
				12309C9B281A022500423625 /* HitController.hpp */,
				12309C9C281A022500423625 /* Hitbox.cpp */,
				12309C9D281A022500423625 /* HitController.cpp */,
			);
			path = Hitbox;
			sourceTree = "<group>";
		};
		12309C9E281A022500423625 /* Magic */ = {
			isa = PBXGroup;
			children = (
				12309CA1281A022500423625 /* BaseMagic.hpp */,
				12309CA3281A022500423625 /* BaseMagic.cpp */,
				12309CA2281A022500423625 /* ThousandBlade.hpp */,
				12309CA0281A022500423625 /* ThousandBlade.cpp */,
				12309C9F281A022500423625 /* StoneBlast.hpp */,
				12309CA4281A022500423625 /* StoneBlast.cpp */,
				1265315D281CC04800A712E1 /* Projectile.hpp */,
				1265315E281CC04800A712E1 /* Projectile.cpp */,
				E21F177C281CF5EC0099A81C /* FireBall.cpp */,
				E21F177D281CF5EC0099A81C /* FireBall.hpp */,
				E21F18292821DF5B0099A81C /* LightningSpear.cpp */,
				E21F182A2821DF5B0099A81C /* LightningSpear.hpp */,
			);
			path = Magic;
			sourceTree = "<group>";
		};
		12EA9AF2280FE6B100541504 /* Game */ = {
			isa = PBXGroup;
			children = (
				E267FD142829AF5200DD6757 /* Shader */,
				122788D6281CDADB001A9188 /* magics.hpp */,
				12653161281CC42D00A712E1 /* includes.hpp */,
				E267FD0B2829AB5500DD6757 /* global.hpp */,
				12309C99281A022500423625 /* Hitbox */,
				12309C9E281A022500423625 /* Magic */,
				E28020832813159700A810E7 /* Map */,
				12EA9AF3280FE6C600541504 /* Character */,
			);
			path = Game;
			sourceTree = "<group>";
		};
		12EA9AF3280FE6C600541504 /* Character */ = {
			isa = PBXGroup;
			children = (
				12EA9AEF280FE68900541504 /* CharNode.cpp */,
				12EA9AF0280FE68900541504 /* CharNode.hpp */,
			);
			path = Character;
			sourceTree = "<group>";
		};
		C294F8B827FCF903002B6550 = {
			isa = PBXGroup;
			children = (
				C294F8C327FCF903002B6550 /* KGLEngine */,
				C294F8C227FCF903002B6550 /* Products */,
				C294F8F327FCFB19002B6550 /* Frameworks */,
			);
			sourceTree = "<group>";
		};
		C294F8C227FCF903002B6550 /* Products */ = {
			isa = PBXGroup;
			children = (
				C294F8C127FCF903002B6550 /* KGLEngine */,
			);
			name = Products;
			sourceTree = "<group>";
		};
		C294F8C327FCF903002B6550 /* KGLEngine */ = {
			isa = PBXGroup;
			children = (
				E21F17D8281DD41F0099A81C /* KGLEngine */,
				12EA9AF2280FE6B100541504 /* Game */,
				C294F8F127FCFA37002B6550 /* Resources */,
				C294F8E527FCF9A6002B6550 /* main.cpp */,
			);
			path = KGLEngine;
			sourceTree = "<group>";
		};
		C294F8F327FCFB19002B6550 /* Frameworks */ = {
			isa = PBXGroup;
			children = (
				E21F17D1281DCB260099A81C /* libsfml-audio.2.5.1.dylib */,
				E21F17D2281DCB260099A81C /* libsfml-system.2.5.1.dylib */,
				C2F7795F28078726001A214D /* libfreetype.6.dylib */,
				C294F8FA27FCFB2E002B6550 /* libassimp.5.2.0.dylib */,
				C294F8F827FCFB27002B6550 /* libGLEW.2.2.0.dylib */,
				C294F8F627FCFB22002B6550 /* libglfw.3.3.dylib */,
				C294F8F427FCFB19002B6550 /* OpenGL.framework */,
			);
			name = Frameworks;
			sourceTree = "<group>";
		};
		E21F17D8281DD41F0099A81C /* KGLEngine */ = {
			isa = PBXGroup;
			children = (
				E21F17D9281DD41F0099A81C /* Engine.hpp */,
				E21F17DA281DD41F0099A81C /* Shading */,
				E21F17E4281DD41F0099A81C /* System */,
				E21F17EF281DD41F0099A81C /* SkeletalAnimation */,
				E21F17F4281DD41F0099A81C /* Engine.cpp */,
				E21F17F5281DD41F0099A81C /* Geometry */,
				E21F17FD281DD41F0099A81C /* Node */,
				E21F1806281DD41F0099A81C /* Toolkit */,
			);
			path = KGLEngine;
			sourceTree = "<group>";
		};
		E21F17DA281DD41F0099A81C /* Shading */ = {
			isa = PBXGroup;
			children = (
				E21F17DB281DD41F0099A81C /* SpriteShader.cpp */,
				E21F17DC281DD41F0099A81C /* Image.cpp */,
				E21F17DD281DD41F0099A81C /* Texture.cpp */,
				E21F17DE281DD41F0099A81C /* Shader.cpp */,
				E21F17DF281DD41F0099A81C /* PBRShader.cpp */,
				E21F17E0281DD41F0099A81C /* ParticleShader.cpp */,
				E21F17E1281DD41F0099A81C /* Texture.hpp */,
				E21F17E2281DD41F0099A81C /* Shader.hpp */,
				E21F17E3281DD41F0099A81C /* Image.hpp */,
				E21F182E2822FB2B0099A81C /* Particle3DShader.cpp */,
			);
			path = Shading;
			sourceTree = "<group>";
		};
		E21F17E4281DD41F0099A81C /* System */ = {
			isa = PBXGroup;
			children = (
				E21F17E5281DD41F0099A81C /* Input.cpp */,
				E21F17E6281DD41F0099A81C /* FontLibrary.cpp */,
				E21F17E7281DD41F0099A81C /* Animation.hpp */,
				E21F17E8281DD41F0099A81C /* Font.cpp */,
				E21F17E9281DD41F0099A81C /* AudioBuffer.hpp */,
				E21F17EA281DD41F0099A81C /* Animation.cpp */,
				E21F17EB281DD41F0099A81C /* Font.hpp */,
				E21F17EC281DD41F0099A81C /* AudioBuffer.cpp */,
				E21F17ED281DD41F0099A81C /* Input.hpp */,
				E21F17EE281DD41F0099A81C /* FontLibrary.hpp */,
			);
			path = System;
			sourceTree = "<group>";
		};
		E21F17EF281DD41F0099A81C /* SkeletalAnimation */ = {
			isa = PBXGroup;
			children = (
				E21F17F0281DD41F0099A81C /* Bone.cpp */,
				E21F17F1281DD41F0099A81C /* Animator.hpp */,
				E21F17F2281DD41F0099A81C /* Animator.cpp */,
				E21F17F3281DD41F0099A81C /* Bone.hpp */,
			);
			path = SkeletalAnimation;
			sourceTree = "<group>";
		};
		E21F17F5281DD41F0099A81C /* Geometry */ = {
			isa = PBXGroup;
			children = (
				E21F17F6281DD41F0099A81C /* Geometry.cpp */,
				E21F17F7281DD41F0099A81C /* Sprite.cpp */,
				E21F17F8281DD41F0099A81C /* UnitCube.cpp */,
				E21F17F9281DD41F0099A81C /* Skybox.cpp */,
				E21F17FA281DD41F0099A81C /* TextRenderer.cpp */,
				E21F17FB281DD41F0099A81C /* Geometry.hpp */,
				E21F17FC281DD41F0099A81C /* ParticleRenderer.cpp */,
				E21F18302822FBFE0099A81C /* Particle3DRenderer.cpp */,
			);
			path = Geometry;
			sourceTree = "<group>";
		};
		E21F17FD281DD41F0099A81C /* Node */ = {
			isa = PBXGroup;
			children = (
				E21F17FE281DD41F0099A81C /* UINode.cpp */,
				E21F17FF281DD41F0099A81C /* Node.cpp */,
				E21F1800281DD41F0099A81C /* TextNode.cpp */,
				E21F1801281DD41F0099A81C /* Node.hpp */,
				E21F1802281DD41F0099A81C /* SpriteNode.cpp */,
				E21F1803281DD41F0099A81C /* CameraNode.cpp */,
				E21F1804281DD41F0099A81C /* ParticleNode.cpp */,
				E21F1805281DD41F0099A81C /* LightNode.cpp */,
				E21F182C2822F9FD0099A81C /* Particle3DNode.cpp */,
			);
			path = Node;
			sourceTree = "<group>";
		};
		E21F1806281DD41F0099A81C /* Toolkit */ = {
			isa = PBXGroup;
			children = (
				E21F1807281DD41F0099A81C /* keys.h */,
				E21F1808281DD41F0099A81C /* libraries.h */,
				E21F1809281DD41F0099A81C /* stb_image.h */,
				E21F180A281DD41F0099A81C /* assimp_helper.h */,
				E21F180B281DD41F0099A81C /* glm_helper.h */,
			);
			path = Toolkit;
			sourceTree = "<group>";
		};
		E267FD142829AF5200DD6757 /* Shader */ = {
			isa = PBXGroup;
			children = (
				E267FD152829AF5200DD6757 /* AlphaShader.cpp */,
				E267FD162829AF5200DD6757 /* AlphaShader.hpp */,
			);
			path = Shader;
			sourceTree = "<group>";
		};
		E28020832813159700A810E7 /* Map */ = {
			isa = PBXGroup;
			children = (
				E2802084281315AF00A810E7 /* MapBoxObject.cpp */,
				E2802085281315AF00A810E7 /* MapBoxObject.hpp */,
				E2802087281315C000A810E7 /* MapSystemManager.cpp */,
				E2802088281315C000A810E7 /* MapSystemManager.hpp */,
			);
			path = Map;
			sourceTree = "<group>";
		};
/* End PBXGroup section */

/* Begin PBXNativeTarget section */
		C294F8C027FCF903002B6550 /* KGLEngine */ = {
			isa = PBXNativeTarget;
			buildConfigurationList = C294F8C827FCF903002B6550 /* Build configuration list for PBXNativeTarget "KGLEngine" */;
			buildPhases = (
				C294F8F227FCFAFC002B6550 /* ShellScript */,
				C294F8BD27FCF903002B6550 /* Sources */,
				C294F8BE27FCF903002B6550 /* Frameworks */,
				C294F8BF27FCF903002B6550 /* CopyFiles */,
			);
			buildRules = (
			);
			dependencies = (
			);
			name = KGLEngine;
			productName = KGLEngine;
			productReference = C294F8C127FCF903002B6550 /* KGLEngine */;
			productType = "com.apple.product-type.tool";
		};
/* End PBXNativeTarget section */

/* Begin PBXProject section */
		C294F8B927FCF903002B6550 /* Project object */ = {
			isa = PBXProject;
			attributes = {
				BuildIndependentTargetsInParallel = 1;
				LastUpgradeCheck = 1300;
				TargetAttributes = {
					C294F8C027FCF903002B6550 = {
						CreatedOnToolsVersion = 13.0;
					};
				};
			};
			buildConfigurationList = C294F8BC27FCF903002B6550 /* Build configuration list for PBXProject "KGLEngine" */;
			compatibilityVersion = "Xcode 13.0";
			developmentRegion = en;
			hasScannedForEncodings = 0;
			knownRegions = (
				en,
				Base,
			);
			mainGroup = C294F8B827FCF903002B6550;
			productRefGroup = C294F8C227FCF903002B6550 /* Products */;
			projectDirPath = "";
			projectRoot = "";
			targets = (
				C294F8C027FCF903002B6550 /* KGLEngine */,
			);
		};
/* End PBXProject section */

/* Begin PBXShellScriptBuildPhase section */
		C294F8F227FCFAFC002B6550 /* ShellScript */ = {
			isa = PBXShellScriptBuildPhase;
			buildActionMask = 2147483647;
			files = (
			);
			inputFileListPaths = (
			);
			inputPaths = (
			);
			outputFileListPaths = (
			);
			outputPaths = (
			);
			runOnlyForDeploymentPostprocessing = 0;
			shellPath = /bin/sh;
			shellScript = "cp -R ${PROJECT_DIR}/KGLEngine/Resources ${BUILT_PRODUCTS_DIR}\n";
		};
/* End PBXShellScriptBuildPhase section */

/* Begin PBXSourcesBuildPhase section */
		C294F8BD27FCF903002B6550 /* Sources */ = {
			isa = PBXSourcesBuildPhase;
			buildActionMask = 2147483647;
			files = (
				E21F1818281DD41F0099A81C /* Animator.cpp in Sources */,
				E21F181D281DD41F0099A81C /* Skybox.cpp in Sources */,
				E21F181F281DD41F0099A81C /* ParticleRenderer.cpp in Sources */,
				C294F8F027FCF9A6002B6550 /* main.cpp in Sources */,
				E21F180E281DD41F0099A81C /* Texture.cpp in Sources */,
				E21F1811281DD41F0099A81C /* ParticleShader.cpp in Sources */,
				E21F180D281DD41F0099A81C /* Image.cpp in Sources */,
				E267FD172829AF5200DD6757 /* AlphaShader.cpp in Sources */,
				E21F181A281DD41F0099A81C /* Geometry.cpp in Sources */,
				E21F1814281DD41F0099A81C /* Font.cpp in Sources */,
				E21F1817281DD41F0099A81C /* Bone.cpp in Sources */,
				12309CA5281A022500423625 /* Hitbox.cpp in Sources */,
				E21F18312822FBFE0099A81C /* Particle3DRenderer.cpp in Sources */,
				E21F180F281DD41F0099A81C /* Shader.cpp in Sources */,
				E21F1819281DD41F0099A81C /* Engine.cpp in Sources */,
				E21F1812281DD41F0099A81C /* Input.cpp in Sources */,
				E21F1813281DD41F0099A81C /* FontLibrary.cpp in Sources */,
				E21F1821281DD41F0099A81C /* Node.cpp in Sources */,
				12EA9AF1280FE68900541504 /* CharNode.cpp in Sources */,
				12309CA8281A022500423625 /* BaseMagic.cpp in Sources */,
				E21F1824281DD41F0099A81C /* CameraNode.cpp in Sources */,
				12309CA6281A022500423625 /* HitController.cpp in Sources */,
				E21F182F2822FB2B0099A81C /* Particle3DShader.cpp in Sources */,
				E21F181C281DD41F0099A81C /* UnitCube.cpp in Sources */,
				E21F1822281DD41F0099A81C /* TextNode.cpp in Sources */,
				E2802089281315C000A810E7 /* MapSystemManager.cpp in Sources */,
				E21F181E281DD41F0099A81C /* TextRenderer.cpp in Sources */,
				E21F1810281DD41F0099A81C /* PBRShader.cpp in Sources */,
				E21F182B2821DF5B0099A81C /* LightningSpear.cpp in Sources */,
				1265315F281CC04800A712E1 /* Projectile.cpp in Sources */,
				E21F1826281DD41F0099A81C /* LightNode.cpp in Sources */,
				E21F1825281DD41F0099A81C /* ParticleNode.cpp in Sources */,
				E21F182D2822F9FD0099A81C /* Particle3DNode.cpp in Sources */,
				E21F180C281DD41F0099A81C /* SpriteShader.cpp in Sources */,
				12309CA9281A022500423625 /* StoneBlast.cpp in Sources */,
				E21F1815281DD41F0099A81C /* Animation.cpp in Sources */,
				E21F1816281DD41F0099A81C /* AudioBuffer.cpp in Sources */,
				E2802086281315AF00A810E7 /* MapBoxObject.cpp in Sources */,
				12309CA7281A022500423625 /* ThousandBlade.cpp in Sources */,
				E21F177E281CF5EC0099A81C /* FireBall.cpp in Sources */,
				E21F181B281DD41F0099A81C /* Sprite.cpp in Sources */,
				E21F1823281DD41F0099A81C /* SpriteNode.cpp in Sources */,
				E21F1820281DD41F0099A81C /* UINode.cpp in Sources */,
			);
			runOnlyForDeploymentPostprocessing = 0;
		};
/* End PBXSourcesBuildPhase section */

/* Begin XCBuildConfiguration section */
		C294F8C627FCF903002B6550 /* Debug */ = {
			isa = XCBuildConfiguration;
			buildSettings = {
				ALWAYS_SEARCH_USER_PATHS = NO;
				CLANG_ANALYZER_NONNULL = YES;
				CLANG_ANALYZER_NUMBER_OBJECT_CONVERSION = YES_AGGRESSIVE;
				CLANG_CXX_LANGUAGE_STANDARD = "gnu++17";
				CLANG_CXX_LIBRARY = "libc++";
				CLANG_ENABLE_MODULES = YES;
				CLANG_ENABLE_OBJC_ARC = YES;
				CLANG_ENABLE_OBJC_WEAK = YES;
				CLANG_WARN_BLOCK_CAPTURE_AUTORELEASING = YES;
				CLANG_WARN_BOOL_CONVERSION = YES;
				CLANG_WARN_COMMA = YES;
				CLANG_WARN_CONSTANT_CONVERSION = YES;
				CLANG_WARN_DEPRECATED_OBJC_IMPLEMENTATIONS = YES;
				CLANG_WARN_DIRECT_OBJC_ISA_USAGE = YES_ERROR;
				CLANG_WARN_DOCUMENTATION_COMMENTS = YES;
				CLANG_WARN_EMPTY_BODY = YES;
				CLANG_WARN_ENUM_CONVERSION = YES;
				CLANG_WARN_INFINITE_RECURSION = YES;
				CLANG_WARN_INT_CONVERSION = YES;
				CLANG_WARN_NON_LITERAL_NULL_CONVERSION = YES;
				CLANG_WARN_OBJC_IMPLICIT_RETAIN_SELF = YES;
				CLANG_WARN_OBJC_LITERAL_CONVERSION = YES;
				CLANG_WARN_OBJC_ROOT_CLASS = YES_ERROR;
				CLANG_WARN_QUOTED_INCLUDE_IN_FRAMEWORK_HEADER = YES;
				CLANG_WARN_RANGE_LOOP_ANALYSIS = YES;
				CLANG_WARN_STRICT_PROTOTYPES = YES;
				CLANG_WARN_SUSPICIOUS_MOVE = YES;
				CLANG_WARN_UNGUARDED_AVAILABILITY = YES_AGGRESSIVE;
				CLANG_WARN_UNREACHABLE_CODE = YES;
				CLANG_WARN__DUPLICATE_METHOD_MATCH = YES;
				COPY_PHASE_STRIP = NO;
				DEBUG_INFORMATION_FORMAT = dwarf;
				ENABLE_STRICT_OBJC_MSGSEND = YES;
				ENABLE_TESTABILITY = YES;
				GCC_C_LANGUAGE_STANDARD = gnu11;
				GCC_DYNAMIC_NO_PIC = NO;
				GCC_NO_COMMON_BLOCKS = YES;
				GCC_OPTIMIZATION_LEVEL = 0;
				GCC_PREPROCESSOR_DEFINITIONS = (
					"DEBUG=1",
					"$(inherited)",
				);
				GCC_WARN_64_TO_32_BIT_CONVERSION = YES;
				GCC_WARN_ABOUT_RETURN_TYPE = YES_ERROR;
				GCC_WARN_UNDECLARED_SELECTOR = YES;
				GCC_WARN_UNINITIALIZED_AUTOS = YES_AGGRESSIVE;
				GCC_WARN_UNUSED_FUNCTION = YES;
				GCC_WARN_UNUSED_VARIABLE = YES;
				MACOSX_DEPLOYMENT_TARGET = 11.3;
				MTL_ENABLE_DEBUG_INFO = INCLUDE_SOURCE;
				MTL_FAST_MATH = YES;
				ONLY_ACTIVE_ARCH = YES;
				SDKROOT = macosx;
			};
			name = Debug;
		};
		C294F8C727FCF903002B6550 /* Release */ = {
			isa = XCBuildConfiguration;
			buildSettings = {
				ALWAYS_SEARCH_USER_PATHS = NO;
				CLANG_ANALYZER_NONNULL = YES;
				CLANG_ANALYZER_NUMBER_OBJECT_CONVERSION = YES_AGGRESSIVE;
				CLANG_CXX_LANGUAGE_STANDARD = "gnu++17";
				CLANG_CXX_LIBRARY = "libc++";
				CLANG_ENABLE_MODULES = YES;
				CLANG_ENABLE_OBJC_ARC = YES;
				CLANG_ENABLE_OBJC_WEAK = YES;
				CLANG_WARN_BLOCK_CAPTURE_AUTORELEASING = YES;
				CLANG_WARN_BOOL_CONVERSION = YES;
				CLANG_WARN_COMMA = YES;
				CLANG_WARN_CONSTANT_CONVERSION = YES;
				CLANG_WARN_DEPRECATED_OBJC_IMPLEMENTATIONS = YES;
				CLANG_WARN_DIRECT_OBJC_ISA_USAGE = YES_ERROR;
				CLANG_WARN_DOCUMENTATION_COMMENTS = YES;
				CLANG_WARN_EMPTY_BODY = YES;
				CLANG_WARN_ENUM_CONVERSION = YES;
				CLANG_WARN_INFINITE_RECURSION = YES;
				CLANG_WARN_INT_CONVERSION = YES;
				CLANG_WARN_NON_LITERAL_NULL_CONVERSION = YES;
				CLANG_WARN_OBJC_IMPLICIT_RETAIN_SELF = YES;
				CLANG_WARN_OBJC_LITERAL_CONVERSION = YES;
				CLANG_WARN_OBJC_ROOT_CLASS = YES_ERROR;
				CLANG_WARN_QUOTED_INCLUDE_IN_FRAMEWORK_HEADER = YES;
				CLANG_WARN_RANGE_LOOP_ANALYSIS = YES;
				CLANG_WARN_STRICT_PROTOTYPES = YES;
				CLANG_WARN_SUSPICIOUS_MOVE = YES;
				CLANG_WARN_UNGUARDED_AVAILABILITY = YES_AGGRESSIVE;
				CLANG_WARN_UNREACHABLE_CODE = YES;
				CLANG_WARN__DUPLICATE_METHOD_MATCH = YES;
				COPY_PHASE_STRIP = NO;
				DEBUG_INFORMATION_FORMAT = "dwarf-with-dsym";
				ENABLE_NS_ASSERTIONS = NO;
				ENABLE_STRICT_OBJC_MSGSEND = YES;
				GCC_C_LANGUAGE_STANDARD = gnu11;
				GCC_NO_COMMON_BLOCKS = YES;
				GCC_WARN_64_TO_32_BIT_CONVERSION = YES;
				GCC_WARN_ABOUT_RETURN_TYPE = YES_ERROR;
				GCC_WARN_UNDECLARED_SELECTOR = YES;
				GCC_WARN_UNINITIALIZED_AUTOS = YES_AGGRESSIVE;
				GCC_WARN_UNUSED_FUNCTION = YES;
				GCC_WARN_UNUSED_VARIABLE = YES;
				MACOSX_DEPLOYMENT_TARGET = 11.3;
				MTL_ENABLE_DEBUG_INFO = NO;
				MTL_FAST_MATH = YES;
				SDKROOT = macosx;
			};
			name = Release;
		};
		C294F8C927FCF903002B6550 /* Debug */ = {
			isa = XCBuildConfiguration;
			buildSettings = {
				CLANG_WARN_DOCUMENTATION_COMMENTS = NO;
				CODE_SIGN_STYLE = Automatic;
				DEVELOPMENT_ASSET_PATHS = "";
				HEADER_SEARCH_PATHS = (
					/opt/homebrew/include/,
					/opt/homebrew/Cellar/freetype/2.12.0/include/freetype2,
				);
				LIBRARY_SEARCH_PATHS = (
					/opt/homebrew/Cellar/glfw/3.3.7/lib,
					/opt/homebrew/Cellar/glew/2.2.0_1/lib,
					/opt/homebrew/Cellar/glm/0.9.9.8/lib,
					/opt/homebrew/Cellar/assimp/5.2.3/lib,
					/opt/homebrew/Cellar/freetype/2.12.0/lib,
					/opt/homebrew/Cellar/sfml/2.5.1_1/lib,
				);
				MACOSX_DEPLOYMENT_TARGET = 12.0;
				PRODUCT_NAME = "$(TARGET_NAME)";
				VALIDATE_WORKSPACE_SKIPPED_SDK_FRAMEWORKS = OpenGL;
			};
			name = Debug;
		};
		C294F8CA27FCF903002B6550 /* Release */ = {
			isa = XCBuildConfiguration;
			buildSettings = {
				CLANG_WARN_DOCUMENTATION_COMMENTS = NO;
				CODE_SIGN_STYLE = Automatic;
				DEVELOPMENT_ASSET_PATHS = "";
				HEADER_SEARCH_PATHS = (
					/opt/homebrew/include/,
					/opt/homebrew/Cellar/freetype/2.12.0/include/freetype2,
				);
				LIBRARY_SEARCH_PATHS = (
					/opt/homebrew/Cellar/glfw/3.3.7/lib,
					/opt/homebrew/Cellar/glew/2.2.0_1/lib,
					/opt/homebrew/Cellar/glm/0.9.9.8/lib,
					/opt/homebrew/Cellar/assimp/5.2.3/lib,
					/opt/homebrew/Cellar/freetype/2.12.0/lib,
					/opt/homebrew/Cellar/sfml/2.5.1_1/lib,
				);
				MACOSX_DEPLOYMENT_TARGET = 12.0;
				PRODUCT_NAME = "$(TARGET_NAME)";
				VALIDATE_WORKSPACE_SKIPPED_SDK_FRAMEWORKS = OpenGL;
			};
			name = Release;
		};
/* End XCBuildConfiguration section */

/* Begin XCConfigurationList section */
		C294F8BC27FCF903002B6550 /* Build configuration list for PBXProject "KGLEngine" */ = {
			isa = XCConfigurationList;
			buildConfigurations = (
				C294F8C627FCF903002B6550 /* Debug */,
				C294F8C727FCF903002B6550 /* Release */,
			);
			defaultConfigurationIsVisible = 0;
			defaultConfigurationName = Release;
		};
		C294F8C827FCF903002B6550 /* Build configuration list for PBXNativeTarget "KGLEngine" */ = {
			isa = XCConfigurationList;
			buildConfigurations = (
				C294F8C927FCF903002B6550 /* Debug */,
				C294F8CA27FCF903002B6550 /* Release */,
			);
			defaultConfigurationIsVisible = 0;
			defaultConfigurationName = Release;
		};
/* End XCConfigurationList section */
	};
	rootObject = C294F8B927FCF903002B6550 /* Project object */;
}
