// !$*UTF8*$!
{
	archiveVersion = 1;
	classes = {
	};
	objectVersion = 55;
	objects = {

/* Begin PBXBuildFile section */
		12EA9AF1280FE68900541504 /* CharNode.cpp in Sources */ = {isa = PBXBuildFile; fileRef = 12EA9AEF280FE68900541504 /* CharNode.cpp */; };
		C294F8F027FCF9A6002B6550 /* main.cpp in Sources */ = {isa = PBXBuildFile; fileRef = C294F8E527FCF9A6002B6550 /* main.cpp */; };
		C294F8F527FCFB19002B6550 /* OpenGL.framework in Frameworks */ = {isa = PBXBuildFile; fileRef = C294F8F427FCFB19002B6550 /* OpenGL.framework */; };
		C294F8F727FCFB22002B6550 /* libglfw.3.3.dylib in Frameworks */ = {isa = PBXBuildFile; fileRef = C294F8F627FCFB22002B6550 /* libglfw.3.3.dylib */; };
		C294F8F927FCFB27002B6550 /* libGLEW.2.2.0.dylib in Frameworks */ = {isa = PBXBuildFile; fileRef = C294F8F827FCFB27002B6550 /* libGLEW.2.2.0.dylib */; };
		C294F8FB27FCFB2E002B6550 /* libassimp.5.2.0.dylib in Frameworks */ = {isa = PBXBuildFile; fileRef = C294F8FA27FCFB2E002B6550 /* libassimp.5.2.0.dylib */; };
		C2F7796028078726001A214D /* libfreetype.6.dylib in Frameworks */ = {isa = PBXBuildFile; fileRef = C2F7795F28078726001A214D /* libfreetype.6.dylib */; };
		E24BF734281754270044E868 /* ThousandBlade.cpp in Sources */ = {isa = PBXBuildFile; fileRef = E24BF72F281754270044E868 /* ThousandBlade.cpp */; };
		E24BF735281754270044E868 /* BaseMagic.cpp in Sources */ = {isa = PBXBuildFile; fileRef = E24BF732281754270044E868 /* BaseMagic.cpp */; };
		E24BF736281754270044E868 /* StoneBlast.cpp in Sources */ = {isa = PBXBuildFile; fileRef = E24BF733281754270044E868 /* StoneBlast.cpp */; };
		E24BF73C281754360044E868 /* Hitbox.cpp in Sources */ = {isa = PBXBuildFile; fileRef = E24BF73A281754360044E868 /* Hitbox.cpp */; };
		E24BF73D281754360044E868 /* HitController.cpp in Sources */ = {isa = PBXBuildFile; fileRef = E24BF73B281754360044E868 /* HitController.cpp */; };
		E24BF7BB28177FA00044E868 /* SpriteShader.cpp in Sources */ = {isa = PBXBuildFile; fileRef = E24BF78D28177FA00044E868 /* SpriteShader.cpp */; };
		E24BF7BC28177FA00044E868 /* Image.cpp in Sources */ = {isa = PBXBuildFile; fileRef = E24BF78E28177FA00044E868 /* Image.cpp */; };
		E24BF7BD28177FA00044E868 /* Texture.cpp in Sources */ = {isa = PBXBuildFile; fileRef = E24BF78F28177FA00044E868 /* Texture.cpp */; };
		E24BF7BE28177FA00044E868 /* Shader.cpp in Sources */ = {isa = PBXBuildFile; fileRef = E24BF79028177FA00044E868 /* Shader.cpp */; };
		E24BF7BF28177FA00044E868 /* PBRShader.cpp in Sources */ = {isa = PBXBuildFile; fileRef = E24BF79128177FA00044E868 /* PBRShader.cpp */; };
		E24BF7C028177FA00044E868 /* ParticleShader.cpp in Sources */ = {isa = PBXBuildFile; fileRef = E24BF79228177FA00044E868 /* ParticleShader.cpp */; };
		E24BF7C128177FA00044E868 /* Input.cpp in Sources */ = {isa = PBXBuildFile; fileRef = E24BF79728177FA00044E868 /* Input.cpp */; };
		E24BF7C228177FA00044E868 /* FontLibrary.cpp in Sources */ = {isa = PBXBuildFile; fileRef = E24BF79828177FA00044E868 /* FontLibrary.cpp */; };
		E24BF7C328177FA00044E868 /* Font.cpp in Sources */ = {isa = PBXBuildFile; fileRef = E24BF79A28177FA00044E868 /* Font.cpp */; };
		E24BF7C428177FA00044E868 /* Animation.cpp in Sources */ = {isa = PBXBuildFile; fileRef = E24BF79B28177FA00044E868 /* Animation.cpp */; };
		E24BF7C528177FA00044E868 /* Bone.cpp in Sources */ = {isa = PBXBuildFile; fileRef = E24BF7A028177FA00044E868 /* Bone.cpp */; };
		E24BF7C628177FA00044E868 /* Animator.cpp in Sources */ = {isa = PBXBuildFile; fileRef = E24BF7A228177FA00044E868 /* Animator.cpp */; };
		E24BF7C728177FA00044E868 /* Engine.cpp in Sources */ = {isa = PBXBuildFile; fileRef = E24BF7A428177FA00044E868 /* Engine.cpp */; };
		E24BF7C828177FA00044E868 /* Geometry.cpp in Sources */ = {isa = PBXBuildFile; fileRef = E24BF7A628177FA00044E868 /* Geometry.cpp */; };
		E24BF7C928177FA00044E868 /* Sprite.cpp in Sources */ = {isa = PBXBuildFile; fileRef = E24BF7A728177FA00044E868 /* Sprite.cpp */; };
		E24BF7CA28177FA00044E868 /* UnitCube.cpp in Sources */ = {isa = PBXBuildFile; fileRef = E24BF7A828177FA00044E868 /* UnitCube.cpp */; };
		E24BF7CB28177FA00044E868 /* Skybox.cpp in Sources */ = {isa = PBXBuildFile; fileRef = E24BF7A928177FA00044E868 /* Skybox.cpp */; };
		E24BF7CC28177FA00044E868 /* TextRenderer.cpp in Sources */ = {isa = PBXBuildFile; fileRef = E24BF7AA28177FA00044E868 /* TextRenderer.cpp */; };
		E24BF7CD28177FA00044E868 /* ParticleRenderer.cpp in Sources */ = {isa = PBXBuildFile; fileRef = E24BF7AC28177FA00044E868 /* ParticleRenderer.cpp */; };
		E24BF7CE28177FA00044E868 /* UINode.cpp in Sources */ = {isa = PBXBuildFile; fileRef = E24BF7AE28177FA00044E868 /* UINode.cpp */; };
		E24BF7CF28177FA00044E868 /* Node.cpp in Sources */ = {isa = PBXBuildFile; fileRef = E24BF7AF28177FA00044E868 /* Node.cpp */; };
		E24BF7D028177FA00044E868 /* TextNode.cpp in Sources */ = {isa = PBXBuildFile; fileRef = E24BF7B028177FA00044E868 /* TextNode.cpp */; };
		E24BF7D128177FA00044E868 /* SpriteNode.cpp in Sources */ = {isa = PBXBuildFile; fileRef = E24BF7B228177FA00044E868 /* SpriteNode.cpp */; };
		E24BF7D228177FA00044E868 /* CameraNode.cpp in Sources */ = {isa = PBXBuildFile; fileRef = E24BF7B328177FA00044E868 /* CameraNode.cpp */; };
		E24BF7D328177FA00044E868 /* ParticleNode.cpp in Sources */ = {isa = PBXBuildFile; fileRef = E24BF7B428177FA00044E868 /* ParticleNode.cpp */; };
		E24BF7D428177FA00044E868 /* LightNode.cpp in Sources */ = {isa = PBXBuildFile; fileRef = E24BF7B528177FA00044E868 /* LightNode.cpp */; };
		E24BF7D8281A29F80044E868 /* LightningMagic.cpp in Sources */ = {isa = PBXBuildFile; fileRef = E24BF7D6281A29F80044E868 /* LightningMagic.cpp */; };
		E2802086281315AF00A810E7 /* MapBoxObject.cpp in Sources */ = {isa = PBXBuildFile; fileRef = E2802084281315AF00A810E7 /* MapBoxObject.cpp */; };
		E2802089281315C000A810E7 /* MapSystemManager.cpp in Sources */ = {isa = PBXBuildFile; fileRef = E2802087281315C000A810E7 /* MapSystemManager.cpp */; };
/* End PBXBuildFile section */

/* Begin PBXCopyFilesBuildPhase section */
		C294F8BF27FCF903002B6550 /* CopyFiles */ = {
			isa = PBXCopyFilesBuildPhase;
			buildActionMask = 2147483647;
			dstPath = /usr/share/man/man1/;
			dstSubfolderSpec = 0;
			files = (
			);
			runOnlyForDeploymentPostprocessing = 1;
		};
/* End PBXCopyFilesBuildPhase section */

/* Begin PBXFileReference section */
		12EA9AEF280FE68900541504 /* CharNode.cpp */ = {isa = PBXFileReference; lastKnownFileType = sourcecode.cpp.cpp; path = CharNode.cpp; sourceTree = "<group>"; };
		12EA9AF0280FE68900541504 /* CharNode.hpp */ = {isa = PBXFileReference; lastKnownFileType = sourcecode.cpp.h; path = CharNode.hpp; sourceTree = "<group>"; };
		C294F8C127FCF903002B6550 /* KGLEngine */ = {isa = PBXFileReference; explicitFileType = "compiled.mach-o.executable"; includeInIndex = 0; path = KGLEngine; sourceTree = BUILT_PRODUCTS_DIR; };
		C294F8E527FCF9A6002B6550 /* main.cpp */ = {isa = PBXFileReference; fileEncoding = 4; lastKnownFileType = sourcecode.cpp.cpp; path = main.cpp; sourceTree = "<group>"; };
		C294F8F127FCFA37002B6550 /* Resources */ = {isa = PBXFileReference; lastKnownFileType = folder; path = Resources; sourceTree = "<group>"; };
		C294F8F427FCFB19002B6550 /* OpenGL.framework */ = {isa = PBXFileReference; lastKnownFileType = wrapper.framework; name = OpenGL.framework; path = System/Library/Frameworks/OpenGL.framework; sourceTree = SDKROOT; };
		C294F8F627FCFB22002B6550 /* libglfw.3.3.dylib */ = {isa = PBXFileReference; lastKnownFileType = "compiled.mach-o.dylib"; name = libglfw.3.3.dylib; path = ../../../../opt/homebrew/Cellar/glfw/3.3.6/lib/libglfw.3.3.dylib; sourceTree = "<group>"; };
		C294F8F827FCFB27002B6550 /* libGLEW.2.2.0.dylib */ = {isa = PBXFileReference; lastKnownFileType = "compiled.mach-o.dylib"; name = libGLEW.2.2.0.dylib; path = ../../../../opt/homebrew/Cellar/glew/2.2.0_1/lib/libGLEW.2.2.0.dylib; sourceTree = "<group>"; };
		C294F8FA27FCFB2E002B6550 /* libassimp.5.2.0.dylib */ = {isa = PBXFileReference; lastKnownFileType = "compiled.mach-o.dylib"; name = libassimp.5.2.0.dylib; path = ../../../../opt/homebrew/Cellar/assimp/5.2.3/lib/libassimp.5.2.0.dylib; sourceTree = "<group>"; };
		C2F7795F28078726001A214D /* libfreetype.6.dylib */ = {isa = PBXFileReference; lastKnownFileType = "compiled.mach-o.dylib"; name = libfreetype.6.dylib; path = ../../../../opt/homebrew/Cellar/freetype/2.12.0/lib/libfreetype.6.dylib; sourceTree = "<group>"; };
		E24BF72E281754270044E868 /* StoneBlast.hpp */ = {isa = PBXFileReference; fileEncoding = 4; lastKnownFileType = sourcecode.cpp.h; path = StoneBlast.hpp; sourceTree = "<group>"; };
		E24BF72F281754270044E868 /* ThousandBlade.cpp */ = {isa = PBXFileReference; fileEncoding = 4; lastKnownFileType = sourcecode.cpp.cpp; path = ThousandBlade.cpp; sourceTree = "<group>"; };
		E24BF730281754270044E868 /* BaseMagic.hpp */ = {isa = PBXFileReference; fileEncoding = 4; lastKnownFileType = sourcecode.cpp.h; path = BaseMagic.hpp; sourceTree = "<group>"; };
		E24BF731281754270044E868 /* ThousandBlade.hpp */ = {isa = PBXFileReference; fileEncoding = 4; lastKnownFileType = sourcecode.cpp.h; path = ThousandBlade.hpp; sourceTree = "<group>"; };
		E24BF732281754270044E868 /* BaseMagic.cpp */ = {isa = PBXFileReference; fileEncoding = 4; lastKnownFileType = sourcecode.cpp.cpp; path = BaseMagic.cpp; sourceTree = "<group>"; };
		E24BF733281754270044E868 /* StoneBlast.cpp */ = {isa = PBXFileReference; fileEncoding = 4; lastKnownFileType = sourcecode.cpp.cpp; path = StoneBlast.cpp; sourceTree = "<group>"; };
		E24BF738281754360044E868 /* Hitbox.hpp */ = {isa = PBXFileReference; fileEncoding = 4; lastKnownFileType = sourcecode.cpp.h; path = Hitbox.hpp; sourceTree = "<group>"; };
		E24BF739281754360044E868 /* HitController.hpp */ = {isa = PBXFileReference; fileEncoding = 4; lastKnownFileType = sourcecode.cpp.h; path = HitController.hpp; sourceTree = "<group>"; };
		E24BF73A281754360044E868 /* Hitbox.cpp */ = {isa = PBXFileReference; fileEncoding = 4; lastKnownFileType = sourcecode.cpp.cpp; path = Hitbox.cpp; sourceTree = "<group>"; };
		E24BF73B281754360044E868 /* HitController.cpp */ = {isa = PBXFileReference; fileEncoding = 4; lastKnownFileType = sourcecode.cpp.cpp; path = HitController.cpp; sourceTree = "<group>"; };
		E24BF78B28177FA00044E868 /* Engine.hpp */ = {isa = PBXFileReference; fileEncoding = 4; lastKnownFileType = sourcecode.cpp.h; path = Engine.hpp; sourceTree = "<group>"; };
		E24BF78D28177FA00044E868 /* SpriteShader.cpp */ = {isa = PBXFileReference; fileEncoding = 4; lastKnownFileType = sourcecode.cpp.cpp; path = SpriteShader.cpp; sourceTree = "<group>"; };
		E24BF78E28177FA00044E868 /* Image.cpp */ = {isa = PBXFileReference; fileEncoding = 4; lastKnownFileType = sourcecode.cpp.cpp; path = Image.cpp; sourceTree = "<group>"; };
		E24BF78F28177FA00044E868 /* Texture.cpp */ = {isa = PBXFileReference; fileEncoding = 4; lastKnownFileType = sourcecode.cpp.cpp; path = Texture.cpp; sourceTree = "<group>"; };
		E24BF79028177FA00044E868 /* Shader.cpp */ = {isa = PBXFileReference; fileEncoding = 4; lastKnownFileType = sourcecode.cpp.cpp; path = Shader.cpp; sourceTree = "<group>"; };
		E24BF79128177FA00044E868 /* PBRShader.cpp */ = {isa = PBXFileReference; fileEncoding = 4; lastKnownFileType = sourcecode.cpp.cpp; path = PBRShader.cpp; sourceTree = "<group>"; };
		E24BF79228177FA00044E868 /* ParticleShader.cpp */ = {isa = PBXFileReference; fileEncoding = 4; lastKnownFileType = sourcecode.cpp.cpp; path = ParticleShader.cpp; sourceTree = "<group>"; };
		E24BF79328177FA00044E868 /* Texture.hpp */ = {isa = PBXFileReference; fileEncoding = 4; lastKnownFileType = sourcecode.cpp.h; path = Texture.hpp; sourceTree = "<group>"; };
		E24BF79428177FA00044E868 /* Shader.hpp */ = {isa = PBXFileReference; fileEncoding = 4; lastKnownFileType = sourcecode.cpp.h; path = Shader.hpp; sourceTree = "<group>"; };
		E24BF79528177FA00044E868 /* Image.hpp */ = {isa = PBXFileReference; fileEncoding = 4; lastKnownFileType = sourcecode.cpp.h; path = Image.hpp; sourceTree = "<group>"; };
		E24BF79728177FA00044E868 /* Input.cpp */ = {isa = PBXFileReference; fileEncoding = 4; lastKnownFileType = sourcecode.cpp.cpp; path = Input.cpp; sourceTree = "<group>"; };
		E24BF79828177FA00044E868 /* FontLibrary.cpp */ = {isa = PBXFileReference; fileEncoding = 4; lastKnownFileType = sourcecode.cpp.cpp; path = FontLibrary.cpp; sourceTree = "<group>"; };
		E24BF79928177FA00044E868 /* Animation.hpp */ = {isa = PBXFileReference; fileEncoding = 4; lastKnownFileType = sourcecode.cpp.h; path = Animation.hpp; sourceTree = "<group>"; };
		E24BF79A28177FA00044E868 /* Font.cpp */ = {isa = PBXFileReference; fileEncoding = 4; lastKnownFileType = sourcecode.cpp.cpp; path = Font.cpp; sourceTree = "<group>"; };
		E24BF79B28177FA00044E868 /* Animation.cpp */ = {isa = PBXFileReference; fileEncoding = 4; lastKnownFileType = sourcecode.cpp.cpp; path = Animation.cpp; sourceTree = "<group>"; };
		E24BF79C28177FA00044E868 /* Font.hpp */ = {isa = PBXFileReference; fileEncoding = 4; lastKnownFileType = sourcecode.cpp.h; path = Font.hpp; sourceTree = "<group>"; };
		E24BF79D28177FA00044E868 /* Input.hpp */ = {isa = PBXFileReference; fileEncoding = 4; lastKnownFileType = sourcecode.cpp.h; path = Input.hpp; sourceTree = "<group>"; };
		E24BF79E28177FA00044E868 /* FontLibrary.hpp */ = {isa = PBXFileReference; fileEncoding = 4; lastKnownFileType = sourcecode.cpp.h; path = FontLibrary.hpp; sourceTree = "<group>"; };
		E24BF7A028177FA00044E868 /* Bone.cpp */ = {isa = PBXFileReference; fileEncoding = 4; lastKnownFileType = sourcecode.cpp.cpp; path = Bone.cpp; sourceTree = "<group>"; };
		E24BF7A128177FA00044E868 /* Animator.hpp */ = {isa = PBXFileReference; fileEncoding = 4; lastKnownFileType = sourcecode.cpp.h; path = Animator.hpp; sourceTree = "<group>"; };
		E24BF7A228177FA00044E868 /* Animator.cpp */ = {isa = PBXFileReference; fileEncoding = 4; lastKnownFileType = sourcecode.cpp.cpp; path = Animator.cpp; sourceTree = "<group>"; };
		E24BF7A328177FA00044E868 /* Bone.hpp */ = {isa = PBXFileReference; fileEncoding = 4; lastKnownFileType = sourcecode.cpp.h; path = Bone.hpp; sourceTree = "<group>"; };
		E24BF7A428177FA00044E868 /* Engine.cpp */ = {isa = PBXFileReference; fileEncoding = 4; lastKnownFileType = sourcecode.cpp.cpp; path = Engine.cpp; sourceTree = "<group>"; };
		E24BF7A628177FA00044E868 /* Geometry.cpp */ = {isa = PBXFileReference; fileEncoding = 4; lastKnownFileType = sourcecode.cpp.cpp; path = Geometry.cpp; sourceTree = "<group>"; };
		E24BF7A728177FA00044E868 /* Sprite.cpp */ = {isa = PBXFileReference; fileEncoding = 4; lastKnownFileType = sourcecode.cpp.cpp; path = Sprite.cpp; sourceTree = "<group>"; };
		E24BF7A828177FA00044E868 /* UnitCube.cpp */ = {isa = PBXFileReference; fileEncoding = 4; lastKnownFileType = sourcecode.cpp.cpp; path = UnitCube.cpp; sourceTree = "<group>"; };
		E24BF7A928177FA00044E868 /* Skybox.cpp */ = {isa = PBXFileReference; fileEncoding = 4; lastKnownFileType = sourcecode.cpp.cpp; path = Skybox.cpp; sourceTree = "<group>"; };
		E24BF7AA28177FA00044E868 /* TextRenderer.cpp */ = {isa = PBXFileReference; fileEncoding = 4; lastKnownFileType = sourcecode.cpp.cpp; path = TextRenderer.cpp; sourceTree = "<group>"; };
		E24BF7AB28177FA00044E868 /* Geometry.hpp */ = {isa = PBXFileReference; fileEncoding = 4; lastKnownFileType = sourcecode.cpp.h; path = Geometry.hpp; sourceTree = "<group>"; };
		E24BF7AC28177FA00044E868 /* ParticleRenderer.cpp */ = {isa = PBXFileReference; fileEncoding = 4; lastKnownFileType = sourcecode.cpp.cpp; path = ParticleRenderer.cpp; sourceTree = "<group>"; };
		E24BF7AE28177FA00044E868 /* UINode.cpp */ = {isa = PBXFileReference; fileEncoding = 4; lastKnownFileType = sourcecode.cpp.cpp; path = UINode.cpp; sourceTree = "<group>"; };
		E24BF7AF28177FA00044E868 /* Node.cpp */ = {isa = PBXFileReference; fileEncoding = 4; lastKnownFileType = sourcecode.cpp.cpp; path = Node.cpp; sourceTree = "<group>"; };
		E24BF7B028177FA00044E868 /* TextNode.cpp */ = {isa = PBXFileReference; fileEncoding = 4; lastKnownFileType = sourcecode.cpp.cpp; path = TextNode.cpp; sourceTree = "<group>"; };
		E24BF7B128177FA00044E868 /* Node.hpp */ = {isa = PBXFileReference; fileEncoding = 4; lastKnownFileType = sourcecode.cpp.h; path = Node.hpp; sourceTree = "<group>"; };
		E24BF7B228177FA00044E868 /* SpriteNode.cpp */ = {isa = PBXFileReference; fileEncoding = 4; lastKnownFileType = sourcecode.cpp.cpp; path = SpriteNode.cpp; sourceTree = "<group>"; };
		E24BF7B328177FA00044E868 /* CameraNode.cpp */ = {isa = PBXFileReference; fileEncoding = 4; lastKnownFileType = sourcecode.cpp.cpp; path = CameraNode.cpp; sourceTree = "<group>"; };
		E24BF7B428177FA00044E868 /* ParticleNode.cpp */ = {isa = PBXFileReference; fileEncoding = 4; lastKnownFileType = sourcecode.cpp.cpp; path = ParticleNode.cpp; sourceTree = "<group>"; };
		E24BF7B528177FA00044E868 /* LightNode.cpp */ = {isa = PBXFileReference; fileEncoding = 4; lastKnownFileType = sourcecode.cpp.cpp; path = LightNode.cpp; sourceTree = "<group>"; };
		E24BF7B728177FA00044E868 /* keys.h */ = {isa = PBXFileReference; fileEncoding = 4; lastKnownFileType = sourcecode.c.h; path = keys.h; sourceTree = "<group>"; };
		E24BF7B828177FA00044E868 /* libraries.h */ = {isa = PBXFileReference; fileEncoding = 4; lastKnownFileType = sourcecode.c.h; path = libraries.h; sourceTree = "<group>"; };
		E24BF7B928177FA00044E868 /* assimp_helper.h */ = {isa = PBXFileReference; fileEncoding = 4; lastKnownFileType = sourcecode.c.h; path = assimp_helper.h; sourceTree = "<group>"; };
		E24BF7BA28177FA00044E868 /* glm_helper.h */ = {isa = PBXFileReference; fileEncoding = 4; lastKnownFileType = sourcecode.c.h; path = glm_helper.h; sourceTree = "<group>"; };
		E24BF7D528177FFA0044E868 /* stb_image.h */ = {isa = PBXFileReference; fileEncoding = 4; lastKnownFileType = sourcecode.c.h; path = stb_image.h; sourceTree = "<group>"; };
		E24BF7D6281A29F80044E868 /* LightningMagic.cpp */ = {isa = PBXFileReference; lastKnownFileType = sourcecode.cpp.cpp; path = LightningMagic.cpp; sourceTree = "<group>"; };
		E24BF7D7281A29F80044E868 /* LightningMagic.hpp */ = {isa = PBXFileReference; lastKnownFileType = sourcecode.cpp.h; path = LightningMagic.hpp; sourceTree = "<group>"; };
		E2802084281315AF00A810E7 /* MapBoxObject.cpp */ = {isa = PBXFileReference; lastKnownFileType = sourcecode.cpp.cpp; path = MapBoxObject.cpp; sourceTree = "<group>"; };
		E2802085281315AF00A810E7 /* MapBoxObject.hpp */ = {isa = PBXFileReference; lastKnownFileType = sourcecode.cpp.h; path = MapBoxObject.hpp; sourceTree = "<group>"; };
		E2802087281315C000A810E7 /* MapSystemManager.cpp */ = {isa = PBXFileReference; lastKnownFileType = sourcecode.cpp.cpp; path = MapSystemManager.cpp; sourceTree = "<group>"; };
		E2802088281315C000A810E7 /* MapSystemManager.hpp */ = {isa = PBXFileReference; lastKnownFileType = sourcecode.cpp.h; path = MapSystemManager.hpp; sourceTree = "<group>"; };
/* End PBXFileReference section */

/* Begin PBXFrameworksBuildPhase section */
		C294F8BE27FCF903002B6550 /* Frameworks */ = {
			isa = PBXFrameworksBuildPhase;
			buildActionMask = 2147483647;
			files = (
				C294F8F527FCFB19002B6550 /* OpenGL.framework in Frameworks */,
				C294F8F727FCFB22002B6550 /* libglfw.3.3.dylib in Frameworks */,
				C294F8F927FCFB27002B6550 /* libGLEW.2.2.0.dylib in Frameworks */,
				C294F8FB27FCFB2E002B6550 /* libassimp.5.2.0.dylib in Frameworks */,
				C2F7796028078726001A214D /* libfreetype.6.dylib in Frameworks */,
			);
			runOnlyForDeploymentPostprocessing = 0;
		};
/* End PBXFrameworksBuildPhase section */

/* Begin PBXGroup section */
		12EA9AF2280FE6B100541504 /* Game */ = {
			isa = PBXGroup;
			children = (
				E24BF737281754360044E868 /* Hitbox */,
				E24BF72D281754270044E868 /* Magic */,
				E28020832813159700A810E7 /* Map */,
				12EA9AF3280FE6C600541504 /* Character */,
			);
			path = Game;
			sourceTree = "<group>";
		};
		12EA9AF3280FE6C600541504 /* Character */ = {
			isa = PBXGroup;
			children = (
				12EA9AEF280FE68900541504 /* CharNode.cpp */,
				12EA9AF0280FE68900541504 /* CharNode.hpp */,
			);
			path = Character;
			sourceTree = "<group>";
		};
		C294F8B827FCF903002B6550 = {
			isa = PBXGroup;
			children = (
				C294F8C327FCF903002B6550 /* KGLEngine */,
				C294F8C227FCF903002B6550 /* Products */,
				C294F8F327FCFB19002B6550 /* Frameworks */,
			);
			sourceTree = "<group>";
		};
		C294F8C227FCF903002B6550 /* Products */ = {
			isa = PBXGroup;
			children = (
				C294F8C127FCF903002B6550 /* KGLEngine */,
			);
			name = Products;
			sourceTree = "<group>";
		};
		C294F8C327FCF903002B6550 /* KGLEngine */ = {
			isa = PBXGroup;
			children = (
				E24BF78A28177FA00044E868 /* KGLEngine */,
				12EA9AF2280FE6B100541504 /* Game */,
				C294F8F127FCFA37002B6550 /* Resources */,
				C294F8E527FCF9A6002B6550 /* main.cpp */,
			);
			path = KGLEngine;
			sourceTree = "<group>";
		};
		C294F8F327FCFB19002B6550 /* Frameworks */ = {
			isa = PBXGroup;
			children = (
				C2F7795F28078726001A214D /* libfreetype.6.dylib */,
				C294F8FA27FCFB2E002B6550 /* libassimp.5.2.0.dylib */,
				C294F8F827FCFB27002B6550 /* libGLEW.2.2.0.dylib */,
				C294F8F627FCFB22002B6550 /* libglfw.3.3.dylib */,
				C294F8F427FCFB19002B6550 /* OpenGL.framework */,
			);
			name = Frameworks;
			sourceTree = "<group>";
		};
		E24BF72D281754270044E868 /* Magic */ = {
			isa = PBXGroup;
			children = (
				E24BF72E281754270044E868 /* StoneBlast.hpp */,
				E24BF72F281754270044E868 /* ThousandBlade.cpp */,
				E24BF730281754270044E868 /* BaseMagic.hpp */,
				E24BF731281754270044E868 /* ThousandBlade.hpp */,
				E24BF732281754270044E868 /* BaseMagic.cpp */,
				E24BF733281754270044E868 /* StoneBlast.cpp */,
				E24BF7D6281A29F80044E868 /* LightningMagic.cpp */,
				E24BF7D7281A29F80044E868 /* LightningMagic.hpp */,
			);
			path = Magic;
			sourceTree = "<group>";
		};
		E24BF737281754360044E868 /* Hitbox */ = {
			isa = PBXGroup;
			children = (
				E24BF738281754360044E868 /* Hitbox.hpp */,
				E24BF739281754360044E868 /* HitController.hpp */,
				E24BF73A281754360044E868 /* Hitbox.cpp */,
				E24BF73B281754360044E868 /* HitController.cpp */,
			);
			path = Hitbox;
			sourceTree = "<group>";
		};
		E24BF78A28177FA00044E868 /* KGLEngine */ = {
			isa = PBXGroup;
			children = (
				E24BF78B28177FA00044E868 /* Engine.hpp */,
				E24BF78C28177FA00044E868 /* Shading */,
				E24BF79628177FA00044E868 /* System */,
				E24BF79F28177FA00044E868 /* SkeletalAnimation */,
				E24BF7A428177FA00044E868 /* Engine.cpp */,
				E24BF7A528177FA00044E868 /* Geometry */,
				E24BF7AD28177FA00044E868 /* Node */,
				E24BF7B628177FA00044E868 /* Toolkit */,
			);
			name = KGLEngine;
			path = "../../../../../../../../Downloads/KGLEngine-main/KGLEngine/KGLEngine";
			sourceTree = "<group>";
		};
		E24BF78C28177FA00044E868 /* Shading */ = {
			isa = PBXGroup;
			children = (
				E24BF78D28177FA00044E868 /* SpriteShader.cpp */,
				E24BF78E28177FA00044E868 /* Image.cpp */,
				E24BF78F28177FA00044E868 /* Texture.cpp */,
				E24BF79028177FA00044E868 /* Shader.cpp */,
				E24BF79128177FA00044E868 /* PBRShader.cpp */,
				E24BF79228177FA00044E868 /* ParticleShader.cpp */,
				E24BF79328177FA00044E868 /* Texture.hpp */,
				E24BF79428177FA00044E868 /* Shader.hpp */,
				E24BF79528177FA00044E868 /* Image.hpp */,
			);
			path = Shading;
			sourceTree = "<group>";
		};
		E24BF79628177FA00044E868 /* System */ = {
			isa = PBXGroup;
			children = (
				E24BF79728177FA00044E868 /* Input.cpp */,
				E24BF79828177FA00044E868 /* FontLibrary.cpp */,
				E24BF79928177FA00044E868 /* Animation.hpp */,
				E24BF79A28177FA00044E868 /* Font.cpp */,
				E24BF79B28177FA00044E868 /* Animation.cpp */,
				E24BF79C28177FA00044E868 /* Font.hpp */,
				E24BF79D28177FA00044E868 /* Input.hpp */,
				E24BF79E28177FA00044E868 /* FontLibrary.hpp */,
			);
			path = System;
			sourceTree = "<group>";
		};
		E24BF79F28177FA00044E868 /* SkeletalAnimation */ = {
			isa = PBXGroup;
			children = (
				E24BF7A028177FA00044E868 /* Bone.cpp */,
				E24BF7A128177FA00044E868 /* Animator.hpp */,
				E24BF7A228177FA00044E868 /* Animator.cpp */,
				E24BF7A328177FA00044E868 /* Bone.hpp */,
			);
			path = SkeletalAnimation;
			sourceTree = "<group>";
		};
		E24BF7A528177FA00044E868 /* Geometry */ = {
			isa = PBXGroup;
			children = (
				E24BF7A628177FA00044E868 /* Geometry.cpp */,
				E24BF7A728177FA00044E868 /* Sprite.cpp */,
				E24BF7A828177FA00044E868 /* UnitCube.cpp */,
				E24BF7A928177FA00044E868 /* Skybox.cpp */,
				E24BF7AA28177FA00044E868 /* TextRenderer.cpp */,
				E24BF7AB28177FA00044E868 /* Geometry.hpp */,
				E24BF7AC28177FA00044E868 /* ParticleRenderer.cpp */,
			);
			path = Geometry;
			sourceTree = "<group>";
		};
		E24BF7AD28177FA00044E868 /* Node */ = {
			isa = PBXGroup;
			children = (
				E24BF7AE28177FA00044E868 /* UINode.cpp */,
				E24BF7AF28177FA00044E868 /* Node.cpp */,
				E24BF7B028177FA00044E868 /* TextNode.cpp */,
				E24BF7B128177FA00044E868 /* Node.hpp */,
				E24BF7B228177FA00044E868 /* SpriteNode.cpp */,
				E24BF7B328177FA00044E868 /* CameraNode.cpp */,
				E24BF7B428177FA00044E868 /* ParticleNode.cpp */,
				E24BF7B528177FA00044E868 /* LightNode.cpp */,
			);
			path = Node;
			sourceTree = "<group>";
		};
		E24BF7B628177FA00044E868 /* Toolkit */ = {
			isa = PBXGroup;
			children = (
				E24BF7D528177FFA0044E868 /* stb_image.h */,
				E24BF7B728177FA00044E868 /* keys.h */,
				E24BF7B828177FA00044E868 /* libraries.h */,
				E24BF7B928177FA00044E868 /* assimp_helper.h */,
				E24BF7BA28177FA00044E868 /* glm_helper.h */,
			);
			path = Toolkit;
			sourceTree = "<group>";
		};
		E28020832813159700A810E7 /* Map */ = {
			isa = PBXGroup;
			children = (
				E2802084281315AF00A810E7 /* MapBoxObject.cpp */,
				E2802085281315AF00A810E7 /* MapBoxObject.hpp */,
				E2802087281315C000A810E7 /* MapSystemManager.cpp */,
				E2802088281315C000A810E7 /* MapSystemManager.hpp */,
			);
			path = Map;
			sourceTree = "<group>";
		};
/* End PBXGroup section */

/* Begin PBXNativeTarget section */
		C294F8C027FCF903002B6550 /* KGLEngine */ = {
			isa = PBXNativeTarget;
			buildConfigurationList = C294F8C827FCF903002B6550 /* Build configuration list for PBXNativeTarget "KGLEngine" */;
			buildPhases = (
				C294F8F227FCFAFC002B6550 /* ShellScript */,
				C294F8BD27FCF903002B6550 /* Sources */,
				C294F8BE27FCF903002B6550 /* Frameworks */,
				C294F8BF27FCF903002B6550 /* CopyFiles */,
			);
			buildRules = (
			);
			dependencies = (
			);
			name = KGLEngine;
			productName = KGLEngine;
			productReference = C294F8C127FCF903002B6550 /* KGLEngine */;
			productType = "com.apple.product-type.tool";
		};
/* End PBXNativeTarget section */

/* Begin PBXProject section */
		C294F8B927FCF903002B6550 /* Project object */ = {
			isa = PBXProject;
			attributes = {
				BuildIndependentTargetsInParallel = 1;
				LastUpgradeCheck = 1300;
				TargetAttributes = {
					C294F8C027FCF903002B6550 = {
						CreatedOnToolsVersion = 13.0;
					};
				};
			};
			buildConfigurationList = C294F8BC27FCF903002B6550 /* Build configuration list for PBXProject "KGLEngine" */;
			compatibilityVersion = "Xcode 13.0";
			developmentRegion = en;
			hasScannedForEncodings = 0;
			knownRegions = (
				en,
				Base,
			);
			mainGroup = C294F8B827FCF903002B6550;
			productRefGroup = C294F8C227FCF903002B6550 /* Products */;
			projectDirPath = "";
			projectRoot = "";
			targets = (
				C294F8C027FCF903002B6550 /* KGLEngine */,
			);
		};
/* End PBXProject section */

/* Begin PBXShellScriptBuildPhase section */
		C294F8F227FCFAFC002B6550 /* ShellScript */ = {
			isa = PBXShellScriptBuildPhase;
			buildActionMask = 2147483647;
			files = (
			);
			inputFileListPaths = (
			);
			inputPaths = (
			);
			outputFileListPaths = (
			);
			outputPaths = (
			);
			runOnlyForDeploymentPostprocessing = 0;
			shellPath = /bin/sh;
			shellScript = "cp -R ${PROJECT_DIR}/KGLEngine/Resources ${BUILT_PRODUCTS_DIR}\n";
		};
/* End PBXShellScriptBuildPhase section */

/* Begin PBXSourcesBuildPhase section */
		C294F8BD27FCF903002B6550 /* Sources */ = {
			isa = PBXSourcesBuildPhase;
			buildActionMask = 2147483647;
			files = (
				E24BF7C328177FA00044E868 /* Font.cpp in Sources */,
				E24BF7BE28177FA00044E868 /* Shader.cpp in Sources */,
				E24BF7C928177FA00044E868 /* Sprite.cpp in Sources */,
				E24BF73D281754360044E868 /* HitController.cpp in Sources */,
				E24BF7D8281A29F80044E868 /* LightningMagic.cpp in Sources */,
				E24BF7BB28177FA00044E868 /* SpriteShader.cpp in Sources */,
				E24BF7BF28177FA00044E868 /* PBRShader.cpp in Sources */,
				C294F8F027FCF9A6002B6550 /* main.cpp in Sources */,
				12EA9AF1280FE68900541504 /* CharNode.cpp in Sources */,
				E24BF7C228177FA00044E868 /* FontLibrary.cpp in Sources */,
				E24BF7D228177FA00044E868 /* CameraNode.cpp in Sources */,
				E24BF7CF28177FA00044E868 /* Node.cpp in Sources */,
				E24BF736281754270044E868 /* StoneBlast.cpp in Sources */,
				E24BF7C628177FA00044E868 /* Animator.cpp in Sources */,
				E24BF7CE28177FA00044E868 /* UINode.cpp in Sources */,
				E24BF7CB28177FA00044E868 /* Skybox.cpp in Sources */,
				E24BF7C528177FA00044E868 /* Bone.cpp in Sources */,
				E24BF7C728177FA00044E868 /* Engine.cpp in Sources */,
				E2802089281315C000A810E7 /* MapSystemManager.cpp in Sources */,
				E24BF7D028177FA00044E868 /* TextNode.cpp in Sources */,
				E24BF7D428177FA00044E868 /* LightNode.cpp in Sources */,
				E24BF734281754270044E868 /* ThousandBlade.cpp in Sources */,
				E24BF7CD28177FA00044E868 /* ParticleRenderer.cpp in Sources */,
				E24BF7D328177FA00044E868 /* ParticleNode.cpp in Sources */,
				E24BF7CC28177FA00044E868 /* TextRenderer.cpp in Sources */,
				E24BF7C028177FA00044E868 /* ParticleShader.cpp in Sources */,
				E24BF7C128177FA00044E868 /* Input.cpp in Sources */,
				E2802086281315AF00A810E7 /* MapBoxObject.cpp in Sources */,
				E24BF7CA28177FA00044E868 /* UnitCube.cpp in Sources */,
				E24BF7BC28177FA00044E868 /* Image.cpp in Sources */,
				E24BF7C428177FA00044E868 /* Animation.cpp in Sources */,
				E24BF7BD28177FA00044E868 /* Texture.cpp in Sources */,
				E24BF7D128177FA00044E868 /* SpriteNode.cpp in Sources */,
				E24BF735281754270044E868 /* BaseMagic.cpp in Sources */,
				E24BF7C828177FA00044E868 /* Geometry.cpp in Sources */,
				E24BF73C281754360044E868 /* Hitbox.cpp in Sources */,
			);
			runOnlyForDeploymentPostprocessing = 0;
		};
/* End PBXSourcesBuildPhase section */

/* Begin XCBuildConfiguration section */
		C294F8C627FCF903002B6550 /* Debug */ = {
			isa = XCBuildConfiguration;
			buildSettings = {
				ALWAYS_SEARCH_USER_PATHS = NO;
				CLANG_ANALYZER_NONNULL = YES;
				CLANG_ANALYZER_NUMBER_OBJECT_CONVERSION = YES_AGGRESSIVE;
				CLANG_CXX_LANGUAGE_STANDARD = "gnu++17";
				CLANG_CXX_LIBRARY = "libc++";
				CLANG_ENABLE_MODULES = YES;
				CLANG_ENABLE_OBJC_ARC = YES;
				CLANG_ENABLE_OBJC_WEAK = YES;
				CLANG_WARN_BLOCK_CAPTURE_AUTORELEASING = YES;
				CLANG_WARN_BOOL_CONVERSION = YES;
				CLANG_WARN_COMMA = YES;
				CLANG_WARN_CONSTANT_CONVERSION = YES;
				CLANG_WARN_DEPRECATED_OBJC_IMPLEMENTATIONS = YES;
				CLANG_WARN_DIRECT_OBJC_ISA_USAGE = YES_ERROR;
				CLANG_WARN_DOCUMENTATION_COMMENTS = YES;
				CLANG_WARN_EMPTY_BODY = YES;
				CLANG_WARN_ENUM_CONVERSION = YES;
				CLANG_WARN_INFINITE_RECURSION = YES;
				CLANG_WARN_INT_CONVERSION = YES;
				CLANG_WARN_NON_LITERAL_NULL_CONVERSION = YES;
				CLANG_WARN_OBJC_IMPLICIT_RETAIN_SELF = YES;
				CLANG_WARN_OBJC_LITERAL_CONVERSION = YES;
				CLANG_WARN_OBJC_ROOT_CLASS = YES_ERROR;
				CLANG_WARN_QUOTED_INCLUDE_IN_FRAMEWORK_HEADER = YES;
				CLANG_WARN_RANGE_LOOP_ANALYSIS = YES;
				CLANG_WARN_STRICT_PROTOTYPES = YES;
				CLANG_WARN_SUSPICIOUS_MOVE = YES;
				CLANG_WARN_UNGUARDED_AVAILABILITY = YES_AGGRESSIVE;
				CLANG_WARN_UNREACHABLE_CODE = YES;
				CLANG_WARN__DUPLICATE_METHOD_MATCH = YES;
				COPY_PHASE_STRIP = NO;
				DEBUG_INFORMATION_FORMAT = dwarf;
				ENABLE_STRICT_OBJC_MSGSEND = YES;
				ENABLE_TESTABILITY = YES;
				GCC_C_LANGUAGE_STANDARD = gnu11;
				GCC_DYNAMIC_NO_PIC = NO;
				GCC_NO_COMMON_BLOCKS = YES;
				GCC_OPTIMIZATION_LEVEL = 0;
				GCC_PREPROCESSOR_DEFINITIONS = (
					"DEBUG=1",
					"$(inherited)",
				);
				GCC_WARN_64_TO_32_BIT_CONVERSION = YES;
				GCC_WARN_ABOUT_RETURN_TYPE = YES_ERROR;
				GCC_WARN_UNDECLARED_SELECTOR = YES;
				GCC_WARN_UNINITIALIZED_AUTOS = YES_AGGRESSIVE;
				GCC_WARN_UNUSED_FUNCTION = YES;
				GCC_WARN_UNUSED_VARIABLE = YES;
				MACOSX_DEPLOYMENT_TARGET = 11.3;
				MTL_ENABLE_DEBUG_INFO = INCLUDE_SOURCE;
				MTL_FAST_MATH = YES;
				ONLY_ACTIVE_ARCH = YES;
				SDKROOT = macosx;
			};
			name = Debug;
		};
		C294F8C727FCF903002B6550 /* Release */ = {
			isa = XCBuildConfiguration;
			buildSettings = {
				ALWAYS_SEARCH_USER_PATHS = NO;
				CLANG_ANALYZER_NONNULL = YES;
				CLANG_ANALYZER_NUMBER_OBJECT_CONVERSION = YES_AGGRESSIVE;
				CLANG_CXX_LANGUAGE_STANDARD = "gnu++17";
				CLANG_CXX_LIBRARY = "libc++";
				CLANG_ENABLE_MODULES = YES;
				CLANG_ENABLE_OBJC_ARC = YES;
				CLANG_ENABLE_OBJC_WEAK = YES;
				CLANG_WARN_BLOCK_CAPTURE_AUTORELEASING = YES;
				CLANG_WARN_BOOL_CONVERSION = YES;
				CLANG_WARN_COMMA = YES;
				CLANG_WARN_CONSTANT_CONVERSION = YES;
				CLANG_WARN_DEPRECATED_OBJC_IMPLEMENTATIONS = YES;
				CLANG_WARN_DIRECT_OBJC_ISA_USAGE = YES_ERROR;
				CLANG_WARN_DOCUMENTATION_COMMENTS = YES;
				CLANG_WARN_EMPTY_BODY = YES;
				CLANG_WARN_ENUM_CONVERSION = YES;
				CLANG_WARN_INFINITE_RECURSION = YES;
				CLANG_WARN_INT_CONVERSION = YES;
				CLANG_WARN_NON_LITERAL_NULL_CONVERSION = YES;
				CLANG_WARN_OBJC_IMPLICIT_RETAIN_SELF = YES;
				CLANG_WARN_OBJC_LITERAL_CONVERSION = YES;
				CLANG_WARN_OBJC_ROOT_CLASS = YES_ERROR;
				CLANG_WARN_QUOTED_INCLUDE_IN_FRAMEWORK_HEADER = YES;
				CLANG_WARN_RANGE_LOOP_ANALYSIS = YES;
				CLANG_WARN_STRICT_PROTOTYPES = YES;
				CLANG_WARN_SUSPICIOUS_MOVE = YES;
				CLANG_WARN_UNGUARDED_AVAILABILITY = YES_AGGRESSIVE;
				CLANG_WARN_UNREACHABLE_CODE = YES;
				CLANG_WARN__DUPLICATE_METHOD_MATCH = YES;
				COPY_PHASE_STRIP = NO;
				DEBUG_INFORMATION_FORMAT = "dwarf-with-dsym";
				ENABLE_NS_ASSERTIONS = NO;
				ENABLE_STRICT_OBJC_MSGSEND = YES;
				GCC_C_LANGUAGE_STANDARD = gnu11;
				GCC_NO_COMMON_BLOCKS = YES;
				GCC_WARN_64_TO_32_BIT_CONVERSION = YES;
				GCC_WARN_ABOUT_RETURN_TYPE = YES_ERROR;
				GCC_WARN_UNDECLARED_SELECTOR = YES;
				GCC_WARN_UNINITIALIZED_AUTOS = YES_AGGRESSIVE;
				GCC_WARN_UNUSED_FUNCTION = YES;
				GCC_WARN_UNUSED_VARIABLE = YES;
				MACOSX_DEPLOYMENT_TARGET = 11.3;
				MTL_ENABLE_DEBUG_INFO = NO;
				MTL_FAST_MATH = YES;
				SDKROOT = macosx;
			};
			name = Release;
		};
		C294F8C927FCF903002B6550 /* Debug */ = {
			isa = XCBuildConfiguration;
			buildSettings = {
				CLANG_WARN_DOCUMENTATION_COMMENTS = NO;
				CODE_SIGN_STYLE = Automatic;
				HEADER_SEARCH_PATHS = (
					/opt/homebrew/include/,
					/opt/homebrew/Cellar/freetype/2.12.0/include/freetype2,
				);
				LIBRARY_SEARCH_PATHS = (
					/opt/homebrew/Cellar/glfw/3.3.7/lib,
					/opt/homebrew/Cellar/glew/2.2.0_1/lib,
					/opt/homebrew/Cellar/glm/0.9.9.8/lib,
					/opt/homebrew/Cellar/assimp/5.2.3/lib,
					/opt/homebrew/Cellar/freetype/2.12.0/lib,
				);
				MACOSX_DEPLOYMENT_TARGET = 12.0;
				PRODUCT_NAME = "$(TARGET_NAME)";
				VALIDATE_WORKSPACE_SKIPPED_SDK_FRAMEWORKS = OpenGL;
			};
			name = Debug;
		};
		C294F8CA27FCF903002B6550 /* Release */ = {
			isa = XCBuildConfiguration;
			buildSettings = {
				CLANG_WARN_DOCUMENTATION_COMMENTS = NO;
				CODE_SIGN_STYLE = Automatic;
				HEADER_SEARCH_PATHS = (
					/opt/homebrew/include/,
					/opt/homebrew/Cellar/freetype/2.12.0/include/freetype2,
				);
				LIBRARY_SEARCH_PATHS = (
					/opt/homebrew/Cellar/glfw/3.3.7/lib,
					/opt/homebrew/Cellar/glew/2.2.0_1/lib,
					/opt/homebrew/Cellar/glm/0.9.9.8/lib,
					/opt/homebrew/Cellar/assimp/5.2.3/lib,
					/opt/homebrew/Cellar/freetype/2.12.0/lib,
				);
				MACOSX_DEPLOYMENT_TARGET = 12.0;
				PRODUCT_NAME = "$(TARGET_NAME)";
				VALIDATE_WORKSPACE_SKIPPED_SDK_FRAMEWORKS = OpenGL;
			};
			name = Release;
		};
/* End XCBuildConfiguration section */

/* Begin XCConfigurationList section */
		C294F8BC27FCF903002B6550 /* Build configuration list for PBXProject "KGLEngine" */ = {
			isa = XCConfigurationList;
			buildConfigurations = (
				C294F8C627FCF903002B6550 /* Debug */,
				C294F8C727FCF903002B6550 /* Release */,
			);
			defaultConfigurationIsVisible = 0;
			defaultConfigurationName = Release;
		};
		C294F8C827FCF903002B6550 /* Build configuration list for PBXNativeTarget "KGLEngine" */ = {
			isa = XCConfigurationList;
			buildConfigurations = (
				C294F8C927FCF903002B6550 /* Debug */,
				C294F8CA27FCF903002B6550 /* Release */,
			);
			defaultConfigurationIsVisible = 0;
			defaultConfigurationName = Release;
		};
/* End XCConfigurationList section */
	};
	rootObject = C294F8B927FCF903002B6550 /* Project object */;
}
